# THIS IS AN AUTOGENERATED FILE. DO NOT EDIT THIS FILE DIRECTLY.
# yarn lockfile v1


ernnavigation-api@^2.0.0:
  version "2.1.0"
  resolved "https://registry.yarnpkg.com/ernnavigation-api/-/ernnavigation-api-2.1.0.tgz#316c2e4fd3f6dfb8fed06ffa2c9323acf594a529"
  integrity sha512-tCWx4IgvsXtOohS0esmF9b/rSBDv7we7S2p8oTmImRRa3P5SyRO0LVpef90M91o9t3uZqgeTFOBNwjcBb3hwLA==
  dependencies:
    react-native-electrode-bridge "^1.5.27"

events@^1.1.1:
  version "1.1.1"
  resolved "https://registry.yarnpkg.com/events/-/events-1.1.1.tgz#9ebdb7635ad099c70dcc4c2a1f5004288e8bd924"
  integrity sha1-nr23Y1rQmccNzEwqH1AEKI6L2SQ=

react-native-electrode-bridge@^1.5.27:
  version "1.5.27"
  resolved "https://registry.yarnpkg.com/react-native-electrode-bridge/-/react-native-electrode-bridge-1.5.27.tgz#28396b2bf647252cd50437eec741fbb912ee0dea"
  integrity sha512-eYtg9PjnQBJN25EqgkkALjWAFaFuVQvhlRl3WiBt3nZPFQRAAv8aVFCh5t1Bbn7BiEVkDcw+vIUSWbTkUROVng==
  dependencies:
    events "^1.1.1"
    uuid "^3.0.0"

uuid@^3.0.0:
  version "3.3.3"
  resolved "https://registry.yarnpkg.com/uuid/-/uuid-3.3.3.tgz#4568f0216e78760ee1dbf3a4d2cf53e224112866"
  integrity sha512-pW0No1RGHgzlpHJO1nsVrHKpOEIxkGg1xB+v0ZmdNH5OAeAwzAVrCnI2/6Mtx+Uys6iaylxa+D3g4j63IKKjSQ==
