// !$*UTF8*$!
{
	archiveVersion = 1;
	classes = {
	};
	objectVersion = 46;
	objects = {

/* Begin PBXBuildFile section */
		0BD20B70C460496CACE62FEA /* ElectrodeBridgeTransceiver.m in Sources */ = {isa = PBXBuildFile; fileRef = F84B3FBAD9DE4106A6AE9E5C /* ElectrodeBridgeTransceiver.m */; };
		0D664964F95248EBBB6B39DD /* ElectrodeLogger.m in Sources */ = {isa = PBXBuildFile; fileRef = 7197F5C793AB4D929CCC1B6B /* ElectrodeLogger.m */; };
		0E174290A62D4F3F95656F91 /* ElectrodeBridgeMessage.h in Headers */ = {isa = PBXBuildFile; fileRef = 0D09C35FA2F54B03966CF3E1 /* ElectrodeBridgeMessage.h */; settings = {ATTRIBUTES = (Public, ); }; };
		0EA6F0D2F8394B208A8BCC22 /* ElectrodeBridgeRequest.h in Headers */ = {isa = PBXBuildFile; fileRef = 14E096016A4F475E8241EA3B /* ElectrodeBridgeRequest.h */; settings = {ATTRIBUTES = (Public, ); }; };
		10D7033A298D4967AF8E61B5 /* ElectrodeBridgeEvent.h in Headers */ = {isa = PBXBuildFile; fileRef = 0E24F70DA10D481382B94840 /* ElectrodeBridgeEvent.h */; settings = {ATTRIBUTES = (Public, ); }; };
		169707293D0A461BB60E394D /* EnNavigationEvents.swift in Sources */ = {isa = PBXBuildFile; fileRef = BD7BFB25C05943DC9646D580 /* EnNavigationEvents.swift */; };
		182AAE7188E84541958A5A5C /* Processor.swift in Sources */ = {isa = PBXBuildFile; fileRef = 9C6DC8419722428C838DB5E8 /* Processor.swift */; };
		18A2B17E783547AF833D782C /* ElectrodeBridgeTransceiver_Internal.h in Headers */ = {isa = PBXBuildFile; fileRef = A821439E2B1F4E0085975CCE /* ElectrodeBridgeTransceiver_Internal.h */; };
		1BD2C1EAA792423BA801EAEB /* libRCTAnimation.a in Frameworks */ = {isa = PBXBuildFile; fileRef = FDAED87B94744A4B9510B8DA /* libRCTAnimation.a */; };
		223A89461E89CDC70092741E /* MiniApp.jsbundle in Resources */ = {isa = PBXBuildFile; fileRef = 223A89451E89CDC70092741E /* MiniApp.jsbundle */; };
		22BF1FEB1E8DAAF800E7F500 /* assets in Resources */ = {isa = PBXBuildFile; fileRef = 22BF1FEA1E8DAAF800E7F500 /* assets */; };
		263C6E5C4CBA43BD90566AEA /* ElectrodeBridgeRequest.m in Sources */ = {isa = PBXBuildFile; fileRef = F4206C452F2440C8B45BDD0A /* ElectrodeBridgeRequest.m */; };
		28BD776632E547E9B96D6DFD /* ElectrodeObject.swift in Sources */ = {isa = PBXBuildFile; fileRef = A2526DF5D43C4BE38B30413D /* ElectrodeObject.swift */; };
		2C894048E5174CFDA6A3D948 /* ElectrodeLogger.h in Headers */ = {isa = PBXBuildFile; fileRef = 0AF6A17F4AA147D087C14572 /* ElectrodeLogger.h */; settings = {ATTRIBUTES = (Public, ); }; };
		301CB9021F33F3450048C58B /* NSBundle+frameworkBundle.m in Sources */ = {isa = PBXBuildFile; fileRef = 301CB9001F33F3450048C58B /* NSBundle+frameworkBundle.m */; };
		301CB9031F33F3450048C58B /* NSBundle+frameworkBundle.h in Headers */ = {isa = PBXBuildFile; fileRef = 301CB9011F33F3450048C58B /* NSBundle+frameworkBundle.h */; };
		304000E82098E1F000BF751C /* ElectrodePluginConfig.h in Headers */ = {isa = PBXBuildFile; fileRef = 304000E72098E1F000BF751C /* ElectrodePluginConfig.h */; settings = {ATTRIBUTES = (Public, ); }; };
		30F8CDEE1E67946E00413247 /* ElectrodeReactNative_Internal.h in Headers */ = {isa = PBXBuildFile; fileRef = 30F8CDED1E67946E00413247 /* ElectrodeReactNative_Internal.h */; };
		324D6DCA9AA94086AE1AA7C9 /* EnNavigationRequests.swift in Headers */ = {isa = PBXBuildFile; fileRef = F553DB55A5D145378D0DDAF3 /* EnNavigationRequests.swift */; settings = {ATTRIBUTES = (Public, ); }; };
		35CB2D5142AB41E082992F9D /* ElectrodeBridgeTransceiver.h in Headers */ = {isa = PBXBuildFile; fileRef = 186A09DDA88C45E5B6FBAB51 /* ElectrodeBridgeTransceiver.h */; };
		385B474E292C47D5A7BD89A7 /* libRCTLinking.a in Frameworks */ = {isa = PBXBuildFile; fileRef = 7448B7D266C24CA6AEBD1AEC /* libRCTLinking.a */; };
		3D883C1CF1CF43EAA74E6528 /* ElectrodeRequestHandlerProcessor.swift in Sources */ = {isa = PBXBuildFile; fileRef = BF486607738849EDA97977CB /* ElectrodeRequestHandlerProcessor.swift */; };
		41CCB8EFBAE949E59164C160 /* NavigationBar.swift in Headers */ = {isa = PBXBuildFile; fileRef = 6C2CA0C21ECC4E8BBDEC55F3 /* NavigationBar.swift */; settings = {ATTRIBUTES = (Public, ); }; };
		41F9F458898442AD9839AF96 /* NavigationBarButton.swift in Sources */ = {isa = PBXBuildFile; fileRef = 7B10A384B4794DD58F922B98 /* NavigationBarButton.swift */; };
		476FB72C6A894D2282EE2D40 /* ElectrodeBridgeProtocols.h in Headers */ = {isa = PBXBuildFile; fileRef = C2B13ED6AE8A4500A1B80E58 /* ElectrodeBridgeProtocols.h */; settings = {ATTRIBUTES = (Public, ); }; };
		485009ED1E2FF23C009B6610 /* ElectrodeContainer.framework in Frameworks */ = {isa = PBXBuildFile; fileRef = 485009E31E2FF23B009B6610 /* ElectrodeContainer.framework */; };
		485009F41E2FF23C009B6610 /* ElectrodeContainer.h in Headers */ = {isa = PBXBuildFile; fileRef = 485009E61E2FF23B009B6610 /* ElectrodeContainer.h */; settings = {ATTRIBUTES = (Public, ); }; };
		48500A981E2FF55B009B6610 /* ElectrodeReactNative.h in Headers */ = {isa = PBXBuildFile; fileRef = 48500A961E2FF55B009B6610 /* ElectrodeReactNative.h */; settings = {ATTRIBUTES = (Public, ); }; };
		48500A991E2FF55B009B6610 /* ElectrodeReactNative.m in Sources */ = {isa = PBXBuildFile; fileRef = 48500A971E2FF55B009B6610 /* ElectrodeReactNative.m */; };
		495A99FB1E5743BBA604997C /* ElectrodeRequestProcessor.swift in Sources */ = {isa = PBXBuildFile; fileRef = 5AB8BC489CB443ABB4CDFA63 /* ElectrodeRequestProcessor.swift */; };
		4C75A9D652074187A8F506E1 /* NavigationBarButton.swift in Headers */ = {isa = PBXBuildFile; fileRef = 7B10A384B4794DD58F922B98 /* NavigationBarButton.swift */; settings = {ATTRIBUTES = (Public, ); }; };
		4D4295B1465D4FD78F07C7F7 /* libRCTText.a in Frameworks */ = {isa = PBXBuildFile; fileRef = 5029CFAA8B024BBD8FEF0A63 /* libRCTText.a */; };
		5950B265BDE747B389644C8D /* libRCTActionSheet.a in Frameworks */ = {isa = PBXBuildFile; fileRef = A904D27AAEE14563ACF95A5D /* libRCTActionSheet.a */; };
		5971CF2C761D4B8D9E533A84 /* ElectrodeBridgeHolder.m in Sources */ = {isa = PBXBuildFile; fileRef = E9C77F20872A483886632BF5 /* ElectrodeBridgeHolder.m */; };
		5EA75002A95748AB92FBFDF7 /* ElectrodeBridgeResponse.h in Headers */ = {isa = PBXBuildFile; fileRef = 75981C1EF4634FA99F63B291 /* ElectrodeBridgeResponse.h */; };
		6C6DCB54A33D448C96C280A9 /* ElectrodeBridgeProtocols.m in Sources */ = {isa = PBXBuildFile; fileRef = 6FB4C261086D4350AEB85DE4 /* ElectrodeBridgeProtocols.m */; };
		6E46D937C6AB4FA8AF791E83 /* EnNavigationAPI.swift in Sources */ = {isa = PBXBuildFile; fileRef = 1F88DDF3830742338192EFC0 /* EnNavigationAPI.swift */; };
		71DFD838204448DC9AB53931 /* JavaScriptCore.framework in Frameworks */ = {isa = PBXBuildFile; fileRef = 64947A0169114303BF0D3E2E /* JavaScriptCore.framework */; };
		735160F0F9AD46E996D7ACDC /* EventListenerProcessor.swift in Sources */ = {isa = PBXBuildFile; fileRef = 66B106B9117144CB8A9BFE05 /* EventListenerProcessor.swift */; };
		76AD3183C121490D89BAE73E /* ElectrodeBridgeResponse.m in Sources */ = {isa = PBXBuildFile; fileRef = 425709C6B9654C639D80949B /* ElectrodeBridgeResponse.m */; };
		7D091C2C40D4421EABAC166D /* EnNavigationRequests.swift in Sources */ = {isa = PBXBuildFile; fileRef = F553DB55A5D145378D0DDAF3 /* EnNavigationRequests.swift */; };
		8192EA7F8E7F4FF987791DF4 /* libRCTSettings.a in Frameworks */ = {isa = PBXBuildFile; fileRef = DB4582CFDD1D480599729EC9 /* libRCTSettings.a */; };
		81F749E5AEEA4BD297DCA358 /* ElectrodeEventRegistrar.m in Sources */ = {isa = PBXBuildFile; fileRef = 94FDEF223BD84F819FB420E9 /* ElectrodeEventRegistrar.m */; };
		8AE6DFE696154BB4B109E5E4 /* libRCTNetwork.a in Frameworks */ = {isa = PBXBuildFile; fileRef = 9ABB29FD712749A398A58C9C /* libRCTNetwork.a */; };
		8DF9B1B4EB5F4B309F611583 /* libART.a in Frameworks */ = {isa = PBXBuildFile; fileRef = 14F209C8417F4DCC8E80344B /* libART.a */; };
		926E48D6130E453497F864F6 /* EnNavigationAPI.swift in Headers */ = {isa = PBXBuildFile; fileRef = 1F88DDF3830742338192EFC0 /* EnNavigationAPI.swift */; settings = {ATTRIBUTES = (Public, ); }; };
		93B5A1ADA1884038B788599B /* ErnNavRoute.swift in Headers */ = {isa = PBXBuildFile; fileRef = D92FCB34D8494E7093B339E2 /* ErnNavRoute.swift */; settings = {ATTRIBUTES = (Public, ); }; };
		967AE78A80944DAAAAC003B2 /* ElectrodeBridgeTransaction.h in Headers */ = {isa = PBXBuildFile; fileRef = 41B9BF680FD24B0188C9308B /* ElectrodeBridgeTransaction.h */; };
		968333D71E54E3470031C565 /* ElectrodeBridgeDelegate.h in Headers */ = {isa = PBXBuildFile; fileRef = 968333D51E54E3470031C565 /* ElectrodeBridgeDelegate.h */; };
		968333D81E54E3470031C565 /* ElectrodeBridgeDelegate.m in Sources */ = {isa = PBXBuildFile; fileRef = 968333D61E54E3470031C565 /* ElectrodeBridgeDelegate.m */; };
		973854917F95404BB648DA4E /* ElectrodeRequestDispatcher.m in Sources */ = {isa = PBXBuildFile; fileRef = E635623003154F1F8CA7A4B6 /* ElectrodeRequestDispatcher.m */; };
		9C21CC4423A03BC0000F902C /* ENCoreDelegate.swift in Sources */ = {isa = PBXBuildFile; fileRef = 9C21CC4223A03BC0000F902C /* ENCoreDelegate.swift */; };
		9C21CC4523A03BC0000F902C /* ENMiniAppDataProvider.swift in Sources */ = {isa = PBXBuildFile; fileRef = 9C21CC4323A03BC0000F902C /* ENMiniAppDataProvider.swift */; };
		9C21CC4C23A03BE4000F902C /* ENNavigationProtocol.swift in Sources */ = {isa = PBXBuildFile; fileRef = 9C21CC4623A03BE4000F902C /* ENNavigationProtocol.swift */; };
		9C21CC4D23A03BE4000F902C /* MiniAppNavViewController.swift in Sources */ = {isa = PBXBuildFile; fileRef = 9C21CC4723A03BE4000F902C /* MiniAppNavViewController.swift */; };
		9C21CC4E23A03BE4000F902C /* ENNavigationAPIImpl.swift in Sources */ = {isa = PBXBuildFile; fileRef = 9C21CC4823A03BE4000F902C /* ENNavigationAPIImpl.swift */; };
		9C21CC4F23A03BE4000F902C /* ENMiniAppNavDataProvider.swift in Sources */ = {isa = PBXBuildFile; fileRef = 9C21CC4923A03BE4000F902C /* ENMiniAppNavDataProvider.swift */; };
		9C21CC5023A03BE4000F902C /* ENBarButtonItem.swift in Sources */ = {isa = PBXBuildFile; fileRef = 9C21CC4A23A03BE4000F902C /* ENBarButtonItem.swift */; };
		9C21CC5123A03BE4000F902C /* ENNavigationDelegate.swift in Sources */ = {isa = PBXBuildFile; fileRef = 9C21CC4B23A03BE4000F902C /* ENNavigationDelegate.swift */; };
		9C21CC5723A03BF8000F902C /* EnNavigationApiRequestHandlerDelegate.swift in Sources */ = {isa = PBXBuildFile; fileRef = 9C21CC5223A03BF7000F902C /* EnNavigationApiRequestHandlerDelegate.swift */; };
		9C21CC5823A03BF8000F902C /* EnNavigationApiRequestHandlerProvider.swift in Sources */ = {isa = PBXBuildFile; fileRef = 9C21CC5323A03BF7000F902C /* EnNavigationApiRequestHandlerProvider.swift */; };
		9C21CC5923A03BF8000F902C /* EnNavigationApiController.swift in Sources */ = {isa = PBXBuildFile; fileRef = 9C21CC5423A03BF7000F902C /* EnNavigationApiController.swift */; };
		9C21CC5A23A03BF8000F902C /* RequestHandlerProvider.swift in Sources */ = {isa = PBXBuildFile; fileRef = 9C21CC5523A03BF7000F902C /* RequestHandlerProvider.swift */; };
		9C21CC5B23A03BF8000F902C /* RequestHandlerConfig.swift in Sources */ = {isa = PBXBuildFile; fileRef = 9C21CC5623A03BF8000F902C /* RequestHandlerConfig.swift */; };
		A953B5F7F99B42DAB353435A /* libReact.a in Frameworks */ = {isa = PBXBuildFile; fileRef = 0418CA545A0143619A1CC81B /* libReact.a */; };
		AB100133DB60409B9C36147B /* ElectrodeEventRegistrar.h in Headers */ = {isa = PBXBuildFile; fileRef = 8185396D5EB0455D8C68EF21 /* ElectrodeEventRegistrar.h */; };
		AB64CA9B15994C16926D7D9B /* ElectrodeReactNativeBridge.h in Headers */ = {isa = PBXBuildFile; fileRef = 50909C992B974D9687970EDC /* ElectrodeReactNativeBridge.h */; };
		B5774E5F4B34400A99D0D3F0 /* ElectrodeBridgeMessage.m in Sources */ = {isa = PBXBuildFile; fileRef = 17D22894BF464D9B8BB4A5A0 /* ElectrodeBridgeMessage.m */; };
		B78384C3E8504A92941B2A02 /* ElectrodeUtilities.swift in Sources */ = {isa = PBXBuildFile; fileRef = 73F01F8E2F4E4CAEA3738965 /* ElectrodeUtilities.swift */; };
		B7C9B05A27FA4C2D8B16850F /* ErnNavRoute.swift in Sources */ = {isa = PBXBuildFile; fileRef = D92FCB34D8494E7093B339E2 /* ErnNavRoute.swift */; };
		B8A2B74C6CAA4EB5890EDE85 /* ElectrodeRequestRegistrar.m in Sources */ = {isa = PBXBuildFile; fileRef = 0AF118AF5FB54CC4A0A0F7A9 /* ElectrodeRequestRegistrar.m */; };
		B986023999464560AA94AD1A /* ElectrodeBridgeHolder.h in Headers */ = {isa = PBXBuildFile; fileRef = F5C2BC421EC140E5BB2DCE00 /* ElectrodeBridgeHolder.h */; settings = {ATTRIBUTES = (Public, ); }; };
		BF25B86E24CD40EB8C1FF163 /* ElectrodeEventDispatcher.h in Headers */ = {isa = PBXBuildFile; fileRef = 16419D4D78D246609D68A42C /* ElectrodeEventDispatcher.h */; };
		C4F31B9D3EAD4B21A49A2A47 /* NavigationBar.swift in Sources */ = {isa = PBXBuildFile; fileRef = 6C2CA0C21ECC4E8BBDEC55F3 /* NavigationBar.swift */; };
		CB06C0551A6448D5B37D4586 /* ElectrodeBridgeFailureMessage.h in Headers */ = {isa = PBXBuildFile; fileRef = EF4FD6E36F2B4CD6B5DD4282 /* ElectrodeBridgeFailureMessage.h */; settings = {ATTRIBUTES = (Public, ); }; };
		CB57050172174B1CBA246E82 /* ElectrodeRequestDispatcher.h in Headers */ = {isa = PBXBuildFile; fileRef = 2E2329E7C13F41B48ABC57F1 /* ElectrodeRequestDispatcher.h */; };
		CB8B0E5A7E9C497C9099C58D /* libRCTCameraRoll.a in Frameworks */ = {isa = PBXBuildFile; fileRef = 2CF9B2E8042447C8A78056FB /* libRCTCameraRoll.a */; };
		CDDCDAC03016458BA7764F77 /* None.swift in Sources */ = {isa = PBXBuildFile; fileRef = 1B75EF7B28C448EA895344F8 /* None.swift */; };
		CEAE0EE421B24EBA8BED6FB9 /* EnNavigationEvents.swift in Headers */ = {isa = PBXBuildFile; fileRef = BD7BFB25C05943DC9646D580 /* EnNavigationEvents.swift */; settings = {ATTRIBUTES = (Public, ); }; };
		CF9DB83F070949918BB9C777 /* ElectrodeEventDispatcher.m in Sources */ = {isa = PBXBuildFile; fileRef = 69088044280544568271196E /* ElectrodeEventDispatcher.m */; };
		D4BDF295D4AF437391755031 /* ElectrodeBridgeFailureMessage.m in Sources */ = {isa = PBXBuildFile; fileRef = 7B8A13FEBFBB41AAACCB563A /* ElectrodeBridgeFailureMessage.m */; };
		D9D080C9861A48B5A14BED95 /* ElectrodeBridgeTransaction.m in Sources */ = {isa = PBXBuildFile; fileRef = 976BF00BAD464616A4EDB9FB /* ElectrodeBridgeTransaction.m */; };
		DA42DF5D233C1B0500046338 /* ElectrodeBundle.m in Sources */ = {isa = PBXBuildFile; fileRef = DA42DF59233C1B0500046338 /* ElectrodeBundle.m */; };
		DA42DF5E233C1B0500046338 /* ERNDevSettingsViewController.m in Sources */ = {isa = PBXBuildFile; fileRef = DA42DF5A233C1B0500046338 /* ERNDevSettingsViewController.m */; };
		DA42DF5F233C1B0500046338 /* ElectrodeBundle.h in Headers */ = {isa = PBXBuildFile; fileRef = DA42DF5B233C1B0500046338 /* ElectrodeBundle.h */; };
		DA42DF60233C1B0500046338 /* ERNDevSettingsViewController.h in Headers */ = {isa = PBXBuildFile; fileRef = DA42DF5C233C1B0500046338 /* ERNDevSettingsViewController.h */; };
		E233443AF4E84FC9A64764CE /* ElectrodeBridgeEvent.m in Sources */ = {isa = PBXBuildFile; fileRef = 5A0D0DDA01534441853F1EC3 /* ElectrodeBridgeEvent.m */; };
		E9A735C6D237423086A935CE /* ElectrodeRequestRegistrar.h in Headers */ = {isa = PBXBuildFile; fileRef = 022C78594267407FBA42B4E0 /* ElectrodeRequestRegistrar.h */; };
		EB2901B6D06B4D6BAD59A817 /* EventProcessor.swift in Sources */ = {isa = PBXBuildFile; fileRef = 0B14EE12EB3547B7AE6A3509 /* EventProcessor.swift */; };
		EDDE8C979B2D4834A541F616 /* Bridgeable.swift in Sources */ = {isa = PBXBuildFile; fileRef = 61CCB1C387164FA3839E6533 /* Bridgeable.swift */; };
		EE38055FFE894FDBBE39C5C9 /* libRCTVibration.a in Frameworks */ = {isa = PBXBuildFile; fileRef = 1C5CED02DC0549AA8C6DE70D /* libRCTVibration.a */; };
		F03AAE7F423D401081E9FBD9 /* libRCTWebSocket.a in Frameworks */ = {isa = PBXBuildFile; fileRef = DAFE626DEF054CFBBE52969A /* libRCTWebSocket.a */; };
		F97BE59D0ADB4824B6E533BD /* libRCTImage.a in Frameworks */ = {isa = PBXBuildFile; fileRef = C3E38EF742674F58B214F5E8 /* libRCTImage.a */; };
/* End PBXBuildFile section */

/* Begin PBXContainerItemProxy section */
		132D81726F5D483AB792427E /* PBXContainerItemProxy */ = {
			isa = PBXContainerItemProxy;
			containerPortal = CE84A965598E40EAB5255E50 /* RCTText.xcodeproj */;
			proxyType = 1;
			remoteGlobalIDString = 58B5119A1A9E6C1200147676;
			remoteInfo = RCTText;
		};
		2402B43B68C94022B169EBB5 /* PBXContainerItemProxy */ = {
			isa = PBXContainerItemProxy;
			containerPortal = C8C5ED41CD504D37BF6B3727 /* ART.xcodeproj */;
			proxyType = 1;
			remoteGlobalIDString = 0CF68AC01AF0540F00FF9E5C;
			remoteInfo = ART;
		};
		377C737C5D9F47DAA60D6F52 /* PBXContainerItemProxy */ = {
			isa = PBXContainerItemProxy;
			containerPortal = 0121717488804BA9984C9C60 /* RCTCameraRoll.xcodeproj */;
			proxyType = 2;
			remoteGlobalIDString = 58B5115D1A9E6B3D00147676;
			remoteInfo = RCTCameraRoll;
		};
		485009EE1E2FF23C009B6610 /* PBXContainerItemProxy */ = {
			isa = PBXContainerItemProxy;
			containerPortal = 485009DA1E2FF23B009B6610 /* Project object */;
			proxyType = 1;
			remoteGlobalIDString = 485009E21E2FF23B009B6610;
			remoteInfo = ElectrodeContainer;
		};
		4DD8D7EC332F4DBBAB8D55AF /* PBXContainerItemProxy */ = {
			isa = PBXContainerItemProxy;
			containerPortal = D75A5146BE794547838493F7 /* RCTLinking.xcodeproj */;
			proxyType = 2;
			remoteGlobalIDString = 134814201AA4EA6300B7C361;
			remoteInfo = RCTLinking;
		};
		57862D91F06E4B40A49B482C /* PBXContainerItemProxy */ = {
			isa = PBXContainerItemProxy;
			containerPortal = 82B1D043F5BF4396A43233C1 /* RCTAnimation.xcodeproj */;
			proxyType = 1;
			remoteGlobalIDString = 58B511DA1A9E6C8500147676;
			remoteInfo = RCTAnimation;
		};
		5EE3EE83DE0A40C3837124BC /* PBXContainerItemProxy */ = {
			isa = PBXContainerItemProxy;
			containerPortal = 1BA23CC2E4694E1AAC3518CE /* RCTWebSocket.xcodeproj */;
			proxyType = 2;
			remoteGlobalIDString = 3C86DF461ADF2C930047B81A;
			remoteInfo = RCTWebSocket;
		};
		72026704B0124D47A46AA1AB /* PBXContainerItemProxy */ = {
			isa = PBXContainerItemProxy;
			containerPortal = 3C8AD36C309E4FD49C37C7DC /* RCTVibration.xcodeproj */;
			proxyType = 1;
			remoteGlobalIDString = 832C817F1AAF6DEF007FA2F7;
			remoteInfo = RCTVibration;
		};
		727D79F2D07344719E4EECF7 /* PBXContainerItemProxy */ = {
			isa = PBXContainerItemProxy;
			containerPortal = 3C8AD36C309E4FD49C37C7DC /* RCTVibration.xcodeproj */;
			proxyType = 2;
			remoteGlobalIDString = 832C81801AAF6DEF007FA2F7;
			remoteInfo = RCTVibration;
		};
		73990A949BAC4B589F353715 /* PBXContainerItemProxy */ = {
			isa = PBXContainerItemProxy;
			containerPortal = D75A5146BE794547838493F7 /* RCTLinking.xcodeproj */;
			proxyType = 1;
			remoteGlobalIDString = 58B511DA1A9E6C8500147676;
			remoteInfo = RCTLinking;
		};
		8CE9EF5F51384542B23C2DC2 /* PBXContainerItemProxy */ = {
			isa = PBXContainerItemProxy;
			containerPortal = C8C5ED41CD504D37BF6B3727 /* ART.xcodeproj */;
			proxyType = 2;
			remoteGlobalIDString = 0CF68AC11AF0540F00FF9E5C;
			remoteInfo = ART;
		};
		91722509D7284C94AA34D1EC /* PBXContainerItemProxy */ = {
			isa = PBXContainerItemProxy;
			containerPortal = 921A0AD301DB4B29A0BB99A5 /* React.xcodeproj */;
			proxyType = 2;
			remoteGlobalIDString = 83CBBA2E1A601D0E00E9B192;
			remoteInfo = React;
		};
		9205B7D5F148460AADDBE3FD /* PBXContainerItemProxy */ = {
			isa = PBXContainerItemProxy;
			containerPortal = 1BA23CC2E4694E1AAC3518CE /* RCTWebSocket.xcodeproj */;
			proxyType = 1;
			remoteGlobalIDString = 3C86DF451ADF2C930047B81A;
			remoteInfo = RCTWebSocket;
		};
		930EE2E5456747AC91FFFB2D /* PBXContainerItemProxy */ = {
			isa = PBXContainerItemProxy;
			containerPortal = 847C07EB52AA44EEBFE914C1 /* RCTSettings.xcodeproj */;
			proxyType = 2;
			remoteGlobalIDString = 134814201AA4EA6300B7C361;
			remoteInfo = RCTSettings;
		};
		9A5DADAD4FC9480FA38D6981 /* PBXContainerItemProxy */ = {
			isa = PBXContainerItemProxy;
			containerPortal = 921A0AD301DB4B29A0BB99A5 /* React.xcodeproj */;
			proxyType = 1;
			remoteGlobalIDString = 83CBBA2D1A601D0E00E9B192;
			remoteInfo = React;
		};
		9C21CBFE23A03BA3000F902C /* PBXContainerItemProxy */ = {
			isa = PBXContainerItemProxy;
			containerPortal = C8C5ED41CD504D37BF6B3727 /* ART.xcodeproj */;
			proxyType = 2;
			remoteGlobalIDString = 323A12871E5F266B004975B8;
			remoteInfo = "ART-tvOS";
		};
		9C21CC0123A03BA3000F902C /* PBXContainerItemProxy */ = {
			isa = PBXContainerItemProxy;
			containerPortal = 82B1D043F5BF4396A43233C1 /* RCTAnimation.xcodeproj */;
			proxyType = 2;
			remoteGlobalIDString = 2D2A28201D9B03D100D4039D;
			remoteInfo = "RCTAnimation-tvOS";
		};
		9C21CC0423A03BA3000F902C /* PBXContainerItemProxy */ = {
			isa = PBXContainerItemProxy;
			containerPortal = 1439BC9C83E740B0BDA928BA /* RCTImage.xcodeproj */;
			proxyType = 2;
			remoteGlobalIDString = 2D2A283A1D9B042B00D4039D;
			remoteInfo = "RCTImage-tvOS";
		};
		9C21CC0723A03BA3000F902C /* PBXContainerItemProxy */ = {
			isa = PBXContainerItemProxy;
			containerPortal = D75A5146BE794547838493F7 /* RCTLinking.xcodeproj */;
			proxyType = 2;
			remoteGlobalIDString = 2D2A28471D9B043800D4039D;
			remoteInfo = "RCTLinking-tvOS";
		};
		9C21CC0A23A03BA3000F902C /* PBXContainerItemProxy */ = {
			isa = PBXContainerItemProxy;
			containerPortal = 1DBCCC052AED472E92383C81 /* RCTNetwork.xcodeproj */;
			proxyType = 2;
			remoteGlobalIDString = 2D2A28541D9B044C00D4039D;
			remoteInfo = "RCTNetwork-tvOS";
		};
		9C21CC0D23A03BA3000F902C /* PBXContainerItemProxy */ = {
			isa = PBXContainerItemProxy;
			containerPortal = 847C07EB52AA44EEBFE914C1 /* RCTSettings.xcodeproj */;
			proxyType = 2;
			remoteGlobalIDString = 2D2A28611D9B046600D4039D;
			remoteInfo = "RCTSettings-tvOS";
		};
		9C21CC1023A03BA3000F902C /* PBXContainerItemProxy */ = {
			isa = PBXContainerItemProxy;
			containerPortal = CE84A965598E40EAB5255E50 /* RCTText.xcodeproj */;
			proxyType = 2;
			remoteGlobalIDString = 2D2A287B1D9B048500D4039D;
			remoteInfo = "RCTText-tvOS";
		};
		9C21CC1323A03BA3000F902C /* PBXContainerItemProxy */ = {
			isa = PBXContainerItemProxy;
			containerPortal = 1BA23CC2E4694E1AAC3518CE /* RCTWebSocket.xcodeproj */;
			proxyType = 2;
			remoteGlobalIDString = 2D2A28881D9B049200D4039D;
			remoteInfo = "RCTWebSocket-tvOS";
		};
		9C21CC2423A03BA3000F902C /* PBXContainerItemProxy */ = {
			isa = PBXContainerItemProxy;
			containerPortal = 921A0AD301DB4B29A0BB99A5 /* React.xcodeproj */;
			proxyType = 2;
			remoteGlobalIDString = 2D2A28131D9B038B00D4039D;
			remoteInfo = "React-tvOS";
		};
		9C21CC2623A03BA3000F902C /* PBXContainerItemProxy */ = {
			isa = PBXContainerItemProxy;
			containerPortal = 921A0AD301DB4B29A0BB99A5 /* React.xcodeproj */;
			proxyType = 2;
			remoteGlobalIDString = 3D3C059A1DE3340900C268FA;
			remoteInfo = yoga;
		};
		9C21CC2823A03BA3000F902C /* PBXContainerItemProxy */ = {
			isa = PBXContainerItemProxy;
			containerPortal = 921A0AD301DB4B29A0BB99A5 /* React.xcodeproj */;
			proxyType = 2;
			remoteGlobalIDString = 3D3C06751DE3340C00C268FA;
			remoteInfo = "yoga-tvOS";
		};
		9C21CC2A23A03BA3000F902C /* PBXContainerItemProxy */ = {
			isa = PBXContainerItemProxy;
			containerPortal = 921A0AD301DB4B29A0BB99A5 /* React.xcodeproj */;
			proxyType = 2;
			remoteGlobalIDString = 3D3CD9251DE5FBEC00167DC4;
			remoteInfo = cxxreact;
		};
		9C21CC2C23A03BA3000F902C /* PBXContainerItemProxy */ = {
			isa = PBXContainerItemProxy;
			containerPortal = 921A0AD301DB4B29A0BB99A5 /* React.xcodeproj */;
			proxyType = 2;
			remoteGlobalIDString = 3D3CD9321DE5FBEE00167DC4;
			remoteInfo = "cxxreact-tvOS";
		};
		9C21CC2E23A03BA3000F902C /* PBXContainerItemProxy */ = {
			isa = PBXContainerItemProxy;
			containerPortal = 921A0AD301DB4B29A0BB99A5 /* React.xcodeproj */;
			proxyType = 2;
			remoteGlobalIDString = EBF21BDC1FC498900052F4D5;
			remoteInfo = jsinspector;
		};
		9C21CC3023A03BA3000F902C /* PBXContainerItemProxy */ = {
			isa = PBXContainerItemProxy;
			containerPortal = 921A0AD301DB4B29A0BB99A5 /* React.xcodeproj */;
			proxyType = 2;
			remoteGlobalIDString = EBF21BFA1FC4989A0052F4D5;
			remoteInfo = "jsinspector-tvOS";
		};
		9C21CC3223A03BA3000F902C /* PBXContainerItemProxy */ = {
			isa = PBXContainerItemProxy;
			containerPortal = 921A0AD301DB4B29A0BB99A5 /* React.xcodeproj */;
			proxyType = 2;
			remoteGlobalIDString = 139D7ECE1E25DB7D00323FB7;
			remoteInfo = "third-party";
		};
		9C21CC3423A03BA3000F902C /* PBXContainerItemProxy */ = {
			isa = PBXContainerItemProxy;
			containerPortal = 921A0AD301DB4B29A0BB99A5 /* React.xcodeproj */;
			proxyType = 2;
			remoteGlobalIDString = 3D383D3C1EBD27B6005632C8;
			remoteInfo = "third-party-tvOS";
		};
		9C21CC3623A03BA3000F902C /* PBXContainerItemProxy */ = {
			isa = PBXContainerItemProxy;
			containerPortal = 921A0AD301DB4B29A0BB99A5 /* React.xcodeproj */;
			proxyType = 2;
			remoteGlobalIDString = 139D7E881E25C6D100323FB7;
			remoteInfo = "double-conversion";
		};
		9C21CC3823A03BA3000F902C /* PBXContainerItemProxy */ = {
			isa = PBXContainerItemProxy;
			containerPortal = 921A0AD301DB4B29A0BB99A5 /* React.xcodeproj */;
			proxyType = 2;
			remoteGlobalIDString = 3D383D621EBD27B9005632C8;
			remoteInfo = "double-conversion-tvOS";
		};
		9C21CC3A23A03BA3000F902C /* PBXContainerItemProxy */ = {
			isa = PBXContainerItemProxy;
			containerPortal = 921A0AD301DB4B29A0BB99A5 /* React.xcodeproj */;
			proxyType = 2;
			remoteGlobalIDString = EDEBC6D6214B3E7000DD5AC8;
			remoteInfo = jsi;
		};
		9C21CC3C23A03BA3000F902C /* PBXContainerItemProxy */ = {
			isa = PBXContainerItemProxy;
			containerPortal = 921A0AD301DB4B29A0BB99A5 /* React.xcodeproj */;
			proxyType = 2;
			remoteGlobalIDString = EDEBC73B214B45A300DD5AC8;
			remoteInfo = jsiexecutor;
		};
		9C21CC3E23A03BA3000F902C /* PBXContainerItemProxy */ = {
			isa = PBXContainerItemProxy;
			containerPortal = 921A0AD301DB4B29A0BB99A5 /* React.xcodeproj */;
			proxyType = 2;
			remoteGlobalIDString = ED296FB6214C9A0900B7C4FE;
			remoteInfo = "jsi-tvOS";
		};
		9C21CC4023A03BA3000F902C /* PBXContainerItemProxy */ = {
			isa = PBXContainerItemProxy;
			containerPortal = 921A0AD301DB4B29A0BB99A5 /* React.xcodeproj */;
			proxyType = 2;
			remoteGlobalIDString = ED296FEE214C9CF800B7C4FE;
			remoteInfo = "jsiexecutor-tvOS";
		};
		A1D812241FE44A5DBED01D7B /* PBXContainerItemProxy */ = {
			isa = PBXContainerItemProxy;
			containerPortal = 1DBCCC052AED472E92383C81 /* RCTNetwork.xcodeproj */;
			proxyType = 1;
			remoteGlobalIDString = 58B511DA1A9E6C8500147676;
			remoteInfo = RCTNetwork;
		};
		A52865224CB844CF9D0296F7 /* PBXContainerItemProxy */ = {
			isa = PBXContainerItemProxy;
			containerPortal = 847C07EB52AA44EEBFE914C1 /* RCTSettings.xcodeproj */;
			proxyType = 1;
			remoteGlobalIDString = 58B511DA1A9E6C8500147676;
			remoteInfo = RCTSettings;
		};
		BE547DBE9BC1434B93CF725C /* PBXContainerItemProxy */ = {
			isa = PBXContainerItemProxy;
			containerPortal = 1439BC9C83E740B0BDA928BA /* RCTImage.xcodeproj */;
			proxyType = 1;
			remoteGlobalIDString = 58B5115C1A9E6B3D00147676;
			remoteInfo = RCTImage;
		};
		BF6D74E2A1F045949DB64E73 /* PBXContainerItemProxy */ = {
			isa = PBXContainerItemProxy;
			containerPortal = 82B1D043F5BF4396A43233C1 /* RCTAnimation.xcodeproj */;
			proxyType = 2;
			remoteGlobalIDString = 134814201AA4EA6300B7C361;
			remoteInfo = RCTAnimation;
		};
		C53686E81CAF45E6B860CF3F /* PBXContainerItemProxy */ = {
			isa = PBXContainerItemProxy;
			containerPortal = 1439BC9C83E740B0BDA928BA /* RCTImage.xcodeproj */;
			proxyType = 2;
			remoteGlobalIDString = 58B5115D1A9E6B3D00147676;
			remoteInfo = RCTImage;
		};
		D365E7A0C25948E6A81B2130 /* PBXContainerItemProxy */ = {
			isa = PBXContainerItemProxy;
			containerPortal = 1DBCCC052AED472E92383C81 /* RCTNetwork.xcodeproj */;
			proxyType = 2;
			remoteGlobalIDString = 58B511DB1A9E6C8500147676;
			remoteInfo = RCTNetwork;
		};
		DCBEBAAB297D4AE58E798B04 /* PBXContainerItemProxy */ = {
			isa = PBXContainerItemProxy;
			containerPortal = 0121717488804BA9984C9C60 /* RCTCameraRoll.xcodeproj */;
			proxyType = 1;
			remoteGlobalIDString = 58B5115C1A9E6B3D00147676;
			remoteInfo = RCTCameraRoll;
		};
		E07D84ADD89B45559C953EBB /* PBXContainerItemProxy */ = {
			isa = PBXContainerItemProxy;
			containerPortal = 6EEBCE40327F4FADB6C49610 /* RCTActionSheet.xcodeproj */;
			proxyType = 1;
			remoteGlobalIDString = 58B511DA1A9E6C8500147676;
			remoteInfo = RCTActionSheet;
		};
		E8FE188868F545E6AC9BE8C9 /* PBXContainerItemProxy */ = {
			isa = PBXContainerItemProxy;
			containerPortal = 6EEBCE40327F4FADB6C49610 /* RCTActionSheet.xcodeproj */;
			proxyType = 2;
			remoteGlobalIDString = 134814201AA4EA6300B7C361;
			remoteInfo = RCTActionSheet;
		};
		F77630A277A1450C904FC992 /* PBXContainerItemProxy */ = {
			isa = PBXContainerItemProxy;
			containerPortal = CE84A965598E40EAB5255E50 /* RCTText.xcodeproj */;
			proxyType = 2;
			remoteGlobalIDString = 58B5119B1A9E6C1200147676;
			remoteInfo = RCTText;
		};
/* End PBXContainerItemProxy section */

/* Begin PBXFileReference section */
		0121717488804BA9984C9C60 /* RCTCameraRoll.xcodeproj */ = {isa = PBXFileReference; explicitFileType = undefined; fileEncoding = 9; includeInIndex = 0; lastKnownFileType = "wrapper.pb-project"; name = RCTCameraRoll.xcodeproj; path = ReactNative/CameraRoll/RCTCameraRoll.xcodeproj; sourceTree = "<group>"; };
		022C78594267407FBA42B4E0 /* ElectrodeRequestRegistrar.h */ = {isa = PBXFileReference; explicitFileType = undefined; fileEncoding = 4; includeInIndex = 0; lastKnownFileType = sourcecode.c.h; name = ElectrodeRequestRegistrar.h; path = ElectrodeReactNativeBridge/ElectrodeRequestRegistrar.h; sourceTree = "<group>"; };
		0AF118AF5FB54CC4A0A0F7A9 /* ElectrodeRequestRegistrar.m */ = {isa = PBXFileReference; explicitFileType = undefined; fileEncoding = 4; includeInIndex = 0; lastKnownFileType = sourcecode.c.objc; name = ElectrodeRequestRegistrar.m; path = ElectrodeReactNativeBridge/ElectrodeRequestRegistrar.m; sourceTree = "<group>"; };
		0AF6A17F4AA147D087C14572 /* ElectrodeLogger.h */ = {isa = PBXFileReference; explicitFileType = undefined; fileEncoding = 4; includeInIndex = 0; lastKnownFileType = sourcecode.c.h; name = ElectrodeLogger.h; path = ElectrodeReactNativeBridge/ElectrodeLogger.h; sourceTree = "<group>"; };
		0B14EE12EB3547B7AE6A3509 /* EventProcessor.swift */ = {isa = PBXFileReference; explicitFileType = undefined; fileEncoding = 4; includeInIndex = 0; lastKnownFileType = sourcecode.swift; name = EventProcessor.swift; path = ElectrodeReactNativeBridge/EventProcessor.swift; sourceTree = "<group>"; };
		0D09C35FA2F54B03966CF3E1 /* ElectrodeBridgeMessage.h */ = {isa = PBXFileReference; explicitFileType = undefined; fileEncoding = 4; includeInIndex = 0; lastKnownFileType = sourcecode.c.h; name = ElectrodeBridgeMessage.h; path = ElectrodeReactNativeBridge/ElectrodeBridgeMessage.h; sourceTree = "<group>"; };
		0E24F70DA10D481382B94840 /* ElectrodeBridgeEvent.h */ = {isa = PBXFileReference; explicitFileType = undefined; fileEncoding = 4; includeInIndex = 0; lastKnownFileType = sourcecode.c.h; name = ElectrodeBridgeEvent.h; path = ElectrodeReactNativeBridge/ElectrodeBridgeEvent.h; sourceTree = "<group>"; };
		1439BC9C83E740B0BDA928BA /* RCTImage.xcodeproj */ = {isa = PBXFileReference; explicitFileType = undefined; fileEncoding = 9; includeInIndex = 0; lastKnownFileType = "wrapper.pb-project"; name = RCTImage.xcodeproj; path = ReactNative/Image/RCTImage.xcodeproj; sourceTree = "<group>"; };
		14E096016A4F475E8241EA3B /* ElectrodeBridgeRequest.h */ = {isa = PBXFileReference; explicitFileType = undefined; fileEncoding = 4; includeInIndex = 0; lastKnownFileType = sourcecode.c.h; name = ElectrodeBridgeRequest.h; path = ElectrodeReactNativeBridge/ElectrodeBridgeRequest.h; sourceTree = "<group>"; };
		16419D4D78D246609D68A42C /* ElectrodeEventDispatcher.h */ = {isa = PBXFileReference; explicitFileType = undefined; fileEncoding = 4; includeInIndex = 0; lastKnownFileType = sourcecode.c.h; name = ElectrodeEventDispatcher.h; path = ElectrodeReactNativeBridge/ElectrodeEventDispatcher.h; sourceTree = "<group>"; };
		17D22894BF464D9B8BB4A5A0 /* ElectrodeBridgeMessage.m */ = {isa = PBXFileReference; explicitFileType = undefined; fileEncoding = 4; includeInIndex = 0; lastKnownFileType = sourcecode.c.objc; name = ElectrodeBridgeMessage.m; path = ElectrodeReactNativeBridge/ElectrodeBridgeMessage.m; sourceTree = "<group>"; };
		186A09DDA88C45E5B6FBAB51 /* ElectrodeBridgeTransceiver.h */ = {isa = PBXFileReference; explicitFileType = undefined; fileEncoding = 4; includeInIndex = 0; lastKnownFileType = sourcecode.c.h; name = ElectrodeBridgeTransceiver.h; path = ElectrodeReactNativeBridge/ElectrodeBridgeTransceiver.h; sourceTree = "<group>"; };
		1B75EF7B28C448EA895344F8 /* None.swift */ = {isa = PBXFileReference; explicitFileType = undefined; fileEncoding = 4; includeInIndex = 0; lastKnownFileType = sourcecode.swift; name = None.swift; path = ElectrodeReactNativeBridge/None.swift; sourceTree = "<group>"; };
		1BA23CC2E4694E1AAC3518CE /* RCTWebSocket.xcodeproj */ = {isa = PBXFileReference; explicitFileType = undefined; fileEncoding = 9; includeInIndex = 0; lastKnownFileType = "wrapper.pb-project"; name = RCTWebSocket.xcodeproj; path = ReactNative/WebSocket/RCTWebSocket.xcodeproj; sourceTree = "<group>"; };
		1DBCCC052AED472E92383C81 /* RCTNetwork.xcodeproj */ = {isa = PBXFileReference; explicitFileType = undefined; fileEncoding = 9; includeInIndex = 0; lastKnownFileType = "wrapper.pb-project"; name = RCTNetwork.xcodeproj; path = ReactNative/Network/RCTNetwork.xcodeproj; sourceTree = "<group>"; };
		1F88DDF3830742338192EFC0 /* EnNavigationAPI.swift */ = {isa = PBXFileReference; explicitFileType = undefined; fileEncoding = 4; includeInIndex = 0; lastKnownFileType = sourcecode.swift; name = EnNavigationAPI.swift; path = APIs/EnNavigationAPI.swift; sourceTree = "<group>"; };
		223A89451E89CDC70092741E /* MiniApp.jsbundle */ = {isa = PBXFileReference; fileEncoding = 4; lastKnownFileType = text; path = MiniApp.jsbundle; sourceTree = "<group>"; };
		2265A4A11EB26943007D6C3D /* Info.plist */ = {isa = PBXFileReference; fileEncoding = 4; lastKnownFileType = text.plist.xml; path = Info.plist; sourceTree = "<group>"; };
		22BF1FEA1E8DAAF800E7F500 /* assets */ = {isa = PBXFileReference; lastKnownFileType = folder; path = assets; sourceTree = "<group>"; };
		22CB683D20C9C46A0031A349 /* Project-QADeployment.xcconfig */ = {isa = PBXFileReference; fileEncoding = 4; lastKnownFileType = text.xcconfig; path = "Project-QADeployment.xcconfig"; sourceTree = "<group>"; };
		22CB683E20C9C46A0031A349 /* Project-Release.xcconfig */ = {isa = PBXFileReference; fileEncoding = 4; lastKnownFileType = text.xcconfig; path = "Project-Release.xcconfig"; sourceTree = "<group>"; };
		22CB684020C9C46A0031A349 /* ElectrodeContainer-QADeployment.xcconfig */ = {isa = PBXFileReference; fileEncoding = 4; lastKnownFileType = text.xcconfig; path = "ElectrodeContainer-QADeployment.xcconfig"; sourceTree = "<group>"; };
		22CB684120C9C46A0031A349 /* ElectrodeContainer-Debug.xcconfig */ = {isa = PBXFileReference; fileEncoding = 4; lastKnownFileType = text.xcconfig; path = "ElectrodeContainer-Debug.xcconfig"; sourceTree = "<group>"; };
		22CB684220C9C46A0031A349 /* ElectrodeContainer-Release.xcconfig */ = {isa = PBXFileReference; fileEncoding = 4; lastKnownFileType = text.xcconfig; path = "ElectrodeContainer-Release.xcconfig"; sourceTree = "<group>"; };
		22CB684420C9C46A0031A349 /* ElectrodeContainerTests-Release.xcconfig */ = {isa = PBXFileReference; fileEncoding = 4; lastKnownFileType = text.xcconfig; path = "ElectrodeContainerTests-Release.xcconfig"; sourceTree = "<group>"; };
		22CB684620C9C46A0031A349 /* ElectrodeContainerTests-QADeployment.xcconfig */ = {isa = PBXFileReference; fileEncoding = 4; lastKnownFileType = text.xcconfig; path = "ElectrodeContainerTests-QADeployment.xcconfig"; sourceTree = "<group>"; };
		22CB684720C9C46A0031A349 /* Project-Debug.xcconfig */ = {isa = PBXFileReference; fileEncoding = 4; lastKnownFileType = text.xcconfig; path = "Project-Debug.xcconfig"; sourceTree = "<group>"; };
		22CB684820C9C46B0031A349 /* ElectrodeContainerTests-Debug.xcconfig */ = {isa = PBXFileReference; fileEncoding = 4; lastKnownFileType = text.xcconfig; path = "ElectrodeContainerTests-Debug.xcconfig"; sourceTree = "<group>"; };
		2E2329E7C13F41B48ABC57F1 /* ElectrodeRequestDispatcher.h */ = {isa = PBXFileReference; explicitFileType = undefined; fileEncoding = 4; includeInIndex = 0; lastKnownFileType = sourcecode.c.h; name = ElectrodeRequestDispatcher.h; path = ElectrodeReactNativeBridge/ElectrodeRequestDispatcher.h; sourceTree = "<group>"; };
		301CB9001F33F3450048C58B /* NSBundle+frameworkBundle.m */ = {isa = PBXFileReference; fileEncoding = 4; lastKnownFileType = sourcecode.c.objc; path = "NSBundle+frameworkBundle.m"; sourceTree = "<group>"; };
		301CB9011F33F3450048C58B /* NSBundle+frameworkBundle.h */ = {isa = PBXFileReference; fileEncoding = 4; lastKnownFileType = sourcecode.c.h; path = "NSBundle+frameworkBundle.h"; sourceTree = "<group>"; };
		304000E72098E1F000BF751C /* ElectrodePluginConfig.h */ = {isa = PBXFileReference; lastKnownFileType = sourcecode.c.h; path = ElectrodePluginConfig.h; sourceTree = "<group>"; };
		30F8CDED1E67946E00413247 /* ElectrodeReactNative_Internal.h */ = {isa = PBXFileReference; fileEncoding = 4; lastKnownFileType = sourcecode.c.h; path = ElectrodeReactNative_Internal.h; sourceTree = "<group>"; };
		3C8AD36C309E4FD49C37C7DC /* RCTVibration.xcodeproj */ = {isa = PBXFileReference; explicitFileType = undefined; fileEncoding = 9; includeInIndex = 0; lastKnownFileType = "wrapper.pb-project"; name = RCTVibration.xcodeproj; path = ReactNative/Vibration/RCTVibration.xcodeproj; sourceTree = "<group>"; };
		41B9BF680FD24B0188C9308B /* ElectrodeBridgeTransaction.h */ = {isa = PBXFileReference; explicitFileType = undefined; fileEncoding = 4; includeInIndex = 0; lastKnownFileType = sourcecode.c.h; name = ElectrodeBridgeTransaction.h; path = ElectrodeReactNativeBridge/ElectrodeBridgeTransaction.h; sourceTree = "<group>"; };
		425709C6B9654C639D80949B /* ElectrodeBridgeResponse.m */ = {isa = PBXFileReference; explicitFileType = undefined; fileEncoding = 4; includeInIndex = 0; lastKnownFileType = sourcecode.c.objc; name = ElectrodeBridgeResponse.m; path = ElectrodeReactNativeBridge/ElectrodeBridgeResponse.m; sourceTree = "<group>"; };
		485009E31E2FF23B009B6610 /* ElectrodeContainer.framework */ = {isa = PBXFileReference; explicitFileType = wrapper.framework; includeInIndex = 0; path = ElectrodeContainer.framework; sourceTree = BUILT_PRODUCTS_DIR; };
		485009E61E2FF23B009B6610 /* ElectrodeContainer.h */ = {isa = PBXFileReference; lastKnownFileType = sourcecode.c.h; path = ElectrodeContainer.h; sourceTree = "<group>"; };
		485009EC1E2FF23C009B6610 /* ElectrodeContainerTests.xctest */ = {isa = PBXFileReference; explicitFileType = wrapper.cfbundle; includeInIndex = 0; path = ElectrodeContainerTests.xctest; sourceTree = BUILT_PRODUCTS_DIR; };
		485009F31E2FF23C009B6610 /* Info.plist */ = {isa = PBXFileReference; lastKnownFileType = text.plist.xml; path = Info.plist; sourceTree = "<group>"; };
		48500A961E2FF55B009B6610 /* ElectrodeReactNative.h */ = {isa = PBXFileReference; fileEncoding = 4; lastKnownFileType = sourcecode.c.h; path = ElectrodeReactNative.h; sourceTree = "<group>"; };
		48500A971E2FF55B009B6610 /* ElectrodeReactNative.m */ = {isa = PBXFileReference; fileEncoding = 4; lastKnownFileType = sourcecode.c.objc; path = ElectrodeReactNative.m; sourceTree = "<group>"; wrapsLines = 0; };
		50909C992B974D9687970EDC /* ElectrodeReactNativeBridge.h */ = {isa = PBXFileReference; explicitFileType = undefined; fileEncoding = 4; includeInIndex = 0; lastKnownFileType = sourcecode.c.h; name = ElectrodeReactNativeBridge.h; path = ElectrodeReactNativeBridge/ElectrodeReactNativeBridge.h; sourceTree = "<group>"; };
		5A0D0DDA01534441853F1EC3 /* ElectrodeBridgeEvent.m */ = {isa = PBXFileReference; explicitFileType = undefined; fileEncoding = 4; includeInIndex = 0; lastKnownFileType = sourcecode.c.objc; name = ElectrodeBridgeEvent.m; path = ElectrodeReactNativeBridge/ElectrodeBridgeEvent.m; sourceTree = "<group>"; };
		5AB8BC489CB443ABB4CDFA63 /* ElectrodeRequestProcessor.swift */ = {isa = PBXFileReference; explicitFileType = undefined; fileEncoding = 4; includeInIndex = 0; lastKnownFileType = sourcecode.swift; name = ElectrodeRequestProcessor.swift; path = ElectrodeReactNativeBridge/ElectrodeRequestProcessor.swift; sourceTree = "<group>"; };
		61CCB1C387164FA3839E6533 /* Bridgeable.swift */ = {isa = PBXFileReference; explicitFileType = undefined; fileEncoding = 4; includeInIndex = 0; lastKnownFileType = sourcecode.swift; name = Bridgeable.swift; path = ElectrodeReactNativeBridge/Bridgeable.swift; sourceTree = "<group>"; };
		64947A0169114303BF0D3E2E /* JavaScriptCore.framework */ = {isa = PBXFileReference; explicitFileType = undefined; fileEncoding = 9; includeInIndex = 0; lastKnownFileType = wrapper.framework; name = JavaScriptCore.framework; path = /System/Library/Frameworks/JavaScriptCore.framework; sourceTree = "<group>"; };
		66B106B9117144CB8A9BFE05 /* EventListenerProcessor.swift */ = {isa = PBXFileReference; explicitFileType = undefined; fileEncoding = 4; includeInIndex = 0; lastKnownFileType = sourcecode.swift; name = EventListenerProcessor.swift; path = ElectrodeReactNativeBridge/EventListenerProcessor.swift; sourceTree = "<group>"; };
		69088044280544568271196E /* ElectrodeEventDispatcher.m */ = {isa = PBXFileReference; explicitFileType = undefined; fileEncoding = 4; includeInIndex = 0; lastKnownFileType = sourcecode.c.objc; name = ElectrodeEventDispatcher.m; path = ElectrodeReactNativeBridge/ElectrodeEventDispatcher.m; sourceTree = "<group>"; };
		6C2CA0C21ECC4E8BBDEC55F3 /* NavigationBar.swift */ = {isa = PBXFileReference; explicitFileType = undefined; fileEncoding = 4; includeInIndex = 0; lastKnownFileType = sourcecode.swift; name = NavigationBar.swift; path = APIs/NavigationBar.swift; sourceTree = "<group>"; };
		6EEBCE40327F4FADB6C49610 /* RCTActionSheet.xcodeproj */ = {isa = PBXFileReference; explicitFileType = undefined; fileEncoding = 9; includeInIndex = 0; lastKnownFileType = "wrapper.pb-project"; name = RCTActionSheet.xcodeproj; path = ReactNative/ActionSheetIOS/RCTActionSheet.xcodeproj; sourceTree = "<group>"; };
		6FB4C261086D4350AEB85DE4 /* ElectrodeBridgeProtocols.m */ = {isa = PBXFileReference; explicitFileType = undefined; fileEncoding = 4; includeInIndex = 0; lastKnownFileType = sourcecode.c.objc; name = ElectrodeBridgeProtocols.m; path = ElectrodeReactNativeBridge/ElectrodeBridgeProtocols.m; sourceTree = "<group>"; };
		7197F5C793AB4D929CCC1B6B /* ElectrodeLogger.m */ = {isa = PBXFileReference; explicitFileType = undefined; fileEncoding = 4; includeInIndex = 0; lastKnownFileType = sourcecode.c.objc; name = ElectrodeLogger.m; path = ElectrodeReactNativeBridge/ElectrodeLogger.m; sourceTree = "<group>"; };
		73F01F8E2F4E4CAEA3738965 /* ElectrodeUtilities.swift */ = {isa = PBXFileReference; explicitFileType = undefined; fileEncoding = 4; includeInIndex = 0; lastKnownFileType = sourcecode.swift; name = ElectrodeUtilities.swift; path = ElectrodeReactNativeBridge/ElectrodeUtilities.swift; sourceTree = "<group>"; };
		75981C1EF4634FA99F63B291 /* ElectrodeBridgeResponse.h */ = {isa = PBXFileReference; explicitFileType = undefined; fileEncoding = 4; includeInIndex = 0; lastKnownFileType = sourcecode.c.h; name = ElectrodeBridgeResponse.h; path = ElectrodeReactNativeBridge/ElectrodeBridgeResponse.h; sourceTree = "<group>"; };
		7B10A384B4794DD58F922B98 /* NavigationBarButton.swift */ = {isa = PBXFileReference; explicitFileType = undefined; fileEncoding = 4; includeInIndex = 0; lastKnownFileType = sourcecode.swift; name = NavigationBarButton.swift; path = APIs/NavigationBarButton.swift; sourceTree = "<group>"; };
		7B8A13FEBFBB41AAACCB563A /* ElectrodeBridgeFailureMessage.m */ = {isa = PBXFileReference; explicitFileType = undefined; fileEncoding = 4; includeInIndex = 0; lastKnownFileType = sourcecode.c.objc; name = ElectrodeBridgeFailureMessage.m; path = ElectrodeReactNativeBridge/ElectrodeBridgeFailureMessage.m; sourceTree = "<group>"; };
		8185396D5EB0455D8C68EF21 /* ElectrodeEventRegistrar.h */ = {isa = PBXFileReference; explicitFileType = undefined; fileEncoding = 4; includeInIndex = 0; lastKnownFileType = sourcecode.c.h; name = ElectrodeEventRegistrar.h; path = ElectrodeReactNativeBridge/ElectrodeEventRegistrar.h; sourceTree = "<group>"; };
		82B1D043F5BF4396A43233C1 /* RCTAnimation.xcodeproj */ = {isa = PBXFileReference; explicitFileType = undefined; fileEncoding = 9; includeInIndex = 0; lastKnownFileType = "wrapper.pb-project"; name = RCTAnimation.xcodeproj; path = ReactNative/NativeAnimation/RCTAnimation.xcodeproj; sourceTree = "<group>"; };
		847C07EB52AA44EEBFE914C1 /* RCTSettings.xcodeproj */ = {isa = PBXFileReference; explicitFileType = undefined; fileEncoding = 9; includeInIndex = 0; lastKnownFileType = "wrapper.pb-project"; name = RCTSettings.xcodeproj; path = ReactNative/Settings/RCTSettings.xcodeproj; sourceTree = "<group>"; };
		921A0AD301DB4B29A0BB99A5 /* React.xcodeproj */ = {isa = PBXFileReference; explicitFileType = undefined; fileEncoding = 9; includeInIndex = 0; lastKnownFileType = "wrapper.pb-project"; name = React.xcodeproj; path = ReactNative/React/React.xcodeproj; sourceTree = "<group>"; };
		94FDEF223BD84F819FB420E9 /* ElectrodeEventRegistrar.m */ = {isa = PBXFileReference; explicitFileType = undefined; fileEncoding = 4; includeInIndex = 0; lastKnownFileType = sourcecode.c.objc; name = ElectrodeEventRegistrar.m; path = ElectrodeReactNativeBridge/ElectrodeEventRegistrar.m; sourceTree = "<group>"; };
		968333D51E54E3470031C565 /* ElectrodeBridgeDelegate.h */ = {isa = PBXFileReference; fileEncoding = 4; lastKnownFileType = sourcecode.c.h; path = ElectrodeBridgeDelegate.h; sourceTree = "<group>"; };
		968333D61E54E3470031C565 /* ElectrodeBridgeDelegate.m */ = {isa = PBXFileReference; fileEncoding = 4; lastKnownFileType = sourcecode.c.objc; path = ElectrodeBridgeDelegate.m; sourceTree = "<group>"; };
		976BF00BAD464616A4EDB9FB /* ElectrodeBridgeTransaction.m */ = {isa = PBXFileReference; explicitFileType = undefined; fileEncoding = 4; includeInIndex = 0; lastKnownFileType = sourcecode.c.objc; name = ElectrodeBridgeTransaction.m; path = ElectrodeReactNativeBridge/ElectrodeBridgeTransaction.m; sourceTree = "<group>"; };
		9C21CC4223A03BC0000F902C /* ENCoreDelegate.swift */ = {isa = PBXFileReference; fileEncoding = 4; lastKnownFileType = sourcecode.swift; name = ENCoreDelegate.swift; path = ../../ElectrodeApiImpl/APIImpls/Core/ENCoreDelegate.swift; sourceTree = "<group>"; };
		9C21CC4323A03BC0000F902C /* ENMiniAppDataProvider.swift */ = {isa = PBXFileReference; fileEncoding = 4; lastKnownFileType = sourcecode.swift; name = ENMiniAppDataProvider.swift; path = ../../ElectrodeApiImpl/APIImpls/Core/ENMiniAppDataProvider.swift; sourceTree = "<group>"; };
		9C21CC4623A03BE4000F902C /* ENNavigationProtocol.swift */ = {isa = PBXFileReference; fileEncoding = 4; lastKnownFileType = sourcecode.swift; name = ENNavigationProtocol.swift; path = ../../ElectrodeApiImpl/APIImpls/Navigation/ENNavigationProtocol.swift; sourceTree = "<group>"; };
		9C21CC4723A03BE4000F902C /* MiniAppNavViewController.swift */ = {isa = PBXFileReference; fileEncoding = 4; lastKnownFileType = sourcecode.swift; name = MiniAppNavViewController.swift; path = ../../ElectrodeApiImpl/APIImpls/Navigation/MiniAppNavViewController.swift; sourceTree = "<group>"; };
		9C21CC4823A03BE4000F902C /* ENNavigationAPIImpl.swift */ = {isa = PBXFileReference; fileEncoding = 4; lastKnownFileType = sourcecode.swift; name = ENNavigationAPIImpl.swift; path = ../../ElectrodeApiImpl/APIImpls/Navigation/ENNavigationAPIImpl.swift; sourceTree = "<group>"; };
		9C21CC4923A03BE4000F902C /* ENMiniAppNavDataProvider.swift */ = {isa = PBXFileReference; fileEncoding = 4; lastKnownFileType = sourcecode.swift; name = ENMiniAppNavDataProvider.swift; path = ../../ElectrodeApiImpl/APIImpls/Navigation/ENMiniAppNavDataProvider.swift; sourceTree = "<group>"; };
		9C21CC4A23A03BE4000F902C /* ENBarButtonItem.swift */ = {isa = PBXFileReference; fileEncoding = 4; lastKnownFileType = sourcecode.swift; name = ENBarButtonItem.swift; path = ../../ElectrodeApiImpl/APIImpls/Navigation/ENBarButtonItem.swift; sourceTree = "<group>"; };
		9C21CC4B23A03BE4000F902C /* ENNavigationDelegate.swift */ = {isa = PBXFileReference; fileEncoding = 4; lastKnownFileType = sourcecode.swift; name = ENNavigationDelegate.swift; path = ../../ElectrodeApiImpl/APIImpls/Navigation/ENNavigationDelegate.swift; sourceTree = "<group>"; };
		9C21CC5223A03BF7000F902C /* EnNavigationApiRequestHandlerDelegate.swift */ = {isa = PBXFileReference; fileEncoding = 4; lastKnownFileType = sourcecode.swift; name = EnNavigationApiRequestHandlerDelegate.swift; path = ../../ElectrodeApiImpl/APIImpls/EnNavigationApiRequestHandlerDelegate.swift; sourceTree = "<group>"; };
		9C21CC5323A03BF7000F902C /* EnNavigationApiRequestHandlerProvider.swift */ = {isa = PBXFileReference; fileEncoding = 4; lastKnownFileType = sourcecode.swift; name = EnNavigationApiRequestHandlerProvider.swift; path = ../../ElectrodeApiImpl/APIImpls/EnNavigationApiRequestHandlerProvider.swift; sourceTree = "<group>"; };
		9C21CC5423A03BF7000F902C /* EnNavigationApiController.swift */ = {isa = PBXFileReference; fileEncoding = 4; lastKnownFileType = sourcecode.swift; name = EnNavigationApiController.swift; path = ../../ElectrodeApiImpl/APIImpls/EnNavigationApiController.swift; sourceTree = "<group>"; };
		9C21CC5523A03BF7000F902C /* RequestHandlerProvider.swift */ = {isa = PBXFileReference; fileEncoding = 4; lastKnownFileType = sourcecode.swift; name = RequestHandlerProvider.swift; path = ../../ElectrodeApiImpl/APIImpls/RequestHandlerProvider.swift; sourceTree = "<group>"; };
		9C21CC5623A03BF8000F902C /* RequestHandlerConfig.swift */ = {isa = PBXFileReference; fileEncoding = 4; lastKnownFileType = sourcecode.swift; name = RequestHandlerConfig.swift; path = ../../ElectrodeApiImpl/APIImpls/RequestHandlerConfig.swift; sourceTree = "<group>"; };
		9C6DC8419722428C838DB5E8 /* Processor.swift */ = {isa = PBXFileReference; explicitFileType = undefined; fileEncoding = 4; includeInIndex = 0; lastKnownFileType = sourcecode.swift; name = Processor.swift; path = ElectrodeReactNativeBridge/Processor.swift; sourceTree = "<group>"; };
		A2526DF5D43C4BE38B30413D /* ElectrodeObject.swift */ = {isa = PBXFileReference; explicitFileType = undefined; fileEncoding = 4; includeInIndex = 0; lastKnownFileType = sourcecode.swift; name = ElectrodeObject.swift; path = ElectrodeReactNativeBridge/ElectrodeObject.swift; sourceTree = "<group>"; };
		A821439E2B1F4E0085975CCE /* ElectrodeBridgeTransceiver_Internal.h */ = {isa = PBXFileReference; explicitFileType = undefined; fileEncoding = 4; includeInIndex = 0; lastKnownFileType = sourcecode.c.h; name = ElectrodeBridgeTransceiver_Internal.h; path = ElectrodeReactNativeBridge/ElectrodeBridgeTransceiver_Internal.h; sourceTree = "<group>"; };
		BD7BFB25C05943DC9646D580 /* EnNavigationEvents.swift */ = {isa = PBXFileReference; explicitFileType = undefined; fileEncoding = 4; includeInIndex = 0; lastKnownFileType = sourcecode.swift; name = EnNavigationEvents.swift; path = APIs/EnNavigationEvents.swift; sourceTree = "<group>"; };
		BF486607738849EDA97977CB /* ElectrodeRequestHandlerProcessor.swift */ = {isa = PBXFileReference; explicitFileType = undefined; fileEncoding = 4; includeInIndex = 0; lastKnownFileType = sourcecode.swift; name = ElectrodeRequestHandlerProcessor.swift; path = ElectrodeReactNativeBridge/ElectrodeRequestHandlerProcessor.swift; sourceTree = "<group>"; };
		C2B13ED6AE8A4500A1B80E58 /* ElectrodeBridgeProtocols.h */ = {isa = PBXFileReference; explicitFileType = undefined; fileEncoding = 4; includeInIndex = 0; lastKnownFileType = sourcecode.c.h; name = ElectrodeBridgeProtocols.h; path = ElectrodeReactNativeBridge/ElectrodeBridgeProtocols.h; sourceTree = "<group>"; };
		C8C5ED41CD504D37BF6B3727 /* ART.xcodeproj */ = {isa = PBXFileReference; explicitFileType = undefined; fileEncoding = 9; includeInIndex = 0; lastKnownFileType = "wrapper.pb-project"; name = ART.xcodeproj; path = ReactNative/ART/ART.xcodeproj; sourceTree = "<group>"; };
		CE84A965598E40EAB5255E50 /* RCTText.xcodeproj */ = {isa = PBXFileReference; explicitFileType = undefined; fileEncoding = 9; includeInIndex = 0; lastKnownFileType = "wrapper.pb-project"; name = RCTText.xcodeproj; path = ReactNative/Text/RCTText.xcodeproj; sourceTree = "<group>"; };
		D75A5146BE794547838493F7 /* RCTLinking.xcodeproj */ = {isa = PBXFileReference; explicitFileType = undefined; fileEncoding = 9; includeInIndex = 0; lastKnownFileType = "wrapper.pb-project"; name = RCTLinking.xcodeproj; path = ReactNative/LinkingIOS/RCTLinking.xcodeproj; sourceTree = "<group>"; };
		D92FCB34D8494E7093B339E2 /* ErnNavRoute.swift */ = {isa = PBXFileReference; explicitFileType = undefined; fileEncoding = 4; includeInIndex = 0; lastKnownFileType = sourcecode.swift; name = ErnNavRoute.swift; path = APIs/ErnNavRoute.swift; sourceTree = "<group>"; };
		DA42DF59233C1B0500046338 /* ElectrodeBundle.m */ = {isa = PBXFileReference; fileEncoding = 4; lastKnownFileType = sourcecode.c.objc; path = ElectrodeBundle.m; sourceTree = "<group>"; };
		DA42DF5A233C1B0500046338 /* ERNDevSettingsViewController.m */ = {isa = PBXFileReference; fileEncoding = 4; lastKnownFileType = sourcecode.c.objc; path = ERNDevSettingsViewController.m; sourceTree = "<group>"; };
		DA42DF5B233C1B0500046338 /* ElectrodeBundle.h */ = {isa = PBXFileReference; fileEncoding = 4; lastKnownFileType = sourcecode.c.h; path = ElectrodeBundle.h; sourceTree = "<group>"; };
		DA42DF5C233C1B0500046338 /* ERNDevSettingsViewController.h */ = {isa = PBXFileReference; fileEncoding = 4; lastKnownFileType = sourcecode.c.h; path = ERNDevSettingsViewController.h; sourceTree = "<group>"; };
		E635623003154F1F8CA7A4B6 /* ElectrodeRequestDispatcher.m */ = {isa = PBXFileReference; explicitFileType = undefined; fileEncoding = 4; includeInIndex = 0; lastKnownFileType = sourcecode.c.objc; name = ElectrodeRequestDispatcher.m; path = ElectrodeReactNativeBridge/ElectrodeRequestDispatcher.m; sourceTree = "<group>"; };
		E9C77F20872A483886632BF5 /* ElectrodeBridgeHolder.m */ = {isa = PBXFileReference; explicitFileType = undefined; fileEncoding = 4; includeInIndex = 0; lastKnownFileType = sourcecode.c.objc; name = ElectrodeBridgeHolder.m; path = ElectrodeReactNativeBridge/ElectrodeBridgeHolder.m; sourceTree = "<group>"; };
		EF4FD6E36F2B4CD6B5DD4282 /* ElectrodeBridgeFailureMessage.h */ = {isa = PBXFileReference; explicitFileType = undefined; fileEncoding = 4; includeInIndex = 0; lastKnownFileType = sourcecode.c.h; name = ElectrodeBridgeFailureMessage.h; path = ElectrodeReactNativeBridge/ElectrodeBridgeFailureMessage.h; sourceTree = "<group>"; };
		F4206C452F2440C8B45BDD0A /* ElectrodeBridgeRequest.m */ = {isa = PBXFileReference; explicitFileType = undefined; fileEncoding = 4; includeInIndex = 0; lastKnownFileType = sourcecode.c.objc; name = ElectrodeBridgeRequest.m; path = ElectrodeReactNativeBridge/ElectrodeBridgeRequest.m; sourceTree = "<group>"; };
		F553DB55A5D145378D0DDAF3 /* EnNavigationRequests.swift */ = {isa = PBXFileReference; explicitFileType = undefined; fileEncoding = 4; includeInIndex = 0; lastKnownFileType = sourcecode.swift; name = EnNavigationRequests.swift; path = APIs/EnNavigationRequests.swift; sourceTree = "<group>"; };
		F5C2BC421EC140E5BB2DCE00 /* ElectrodeBridgeHolder.h */ = {isa = PBXFileReference; explicitFileType = undefined; fileEncoding = 4; includeInIndex = 0; lastKnownFileType = sourcecode.c.h; name = ElectrodeBridgeHolder.h; path = ElectrodeReactNativeBridge/ElectrodeBridgeHolder.h; sourceTree = "<group>"; };
		F84B3FBAD9DE4106A6AE9E5C /* ElectrodeBridgeTransceiver.m */ = {isa = PBXFileReference; explicitFileType = undefined; fileEncoding = 4; includeInIndex = 0; lastKnownFileType = sourcecode.c.objc; name = ElectrodeBridgeTransceiver.m; path = ElectrodeReactNativeBridge/ElectrodeBridgeTransceiver.m; sourceTree = "<group>"; };
/* End PBXFileReference section */

/* Begin PBXFrameworksBuildPhase section */
		485009DF1E2FF23B009B6610 /* Frameworks */ = {
			isa = PBXFrameworksBuildPhase;
			buildActionMask = 2147483647;
			files = (
				A953B5F7F99B42DAB353435A /* libReact.a in Frameworks */,
				5950B265BDE747B389644C8D /* libRCTActionSheet.a in Frameworks */,
				F97BE59D0ADB4824B6E533BD /* libRCTImage.a in Frameworks */,
				1BD2C1EAA792423BA801EAEB /* libRCTAnimation.a in Frameworks */,
				4D4295B1465D4FD78F07C7F7 /* libRCTText.a in Frameworks */,
				F03AAE7F423D401081E9FBD9 /* libRCTWebSocket.a in Frameworks */,
				385B474E292C47D5A7BD89A7 /* libRCTLinking.a in Frameworks */,
				8AE6DFE696154BB4B109E5E4 /* libRCTNetwork.a in Frameworks */,
				8192EA7F8E7F4FF987791DF4 /* libRCTSettings.a in Frameworks */,
				EE38055FFE894FDBBE39C5C9 /* libRCTVibration.a in Frameworks */,
				CB8B0E5A7E9C497C9099C58D /* libRCTCameraRoll.a in Frameworks */,
				8DF9B1B4EB5F4B309F611583 /* libART.a in Frameworks */,
				71DFD838204448DC9AB53931 /* JavaScriptCore.framework in Frameworks */,
			);
			runOnlyForDeploymentPostprocessing = 0;
		};
		485009E91E2FF23C009B6610 /* Frameworks */ = {
			isa = PBXFrameworksBuildPhase;
			buildActionMask = 2147483647;
			files = (
				485009ED1E2FF23C009B6610 /* ElectrodeContainer.framework in Frameworks */,
			);
			runOnlyForDeploymentPostprocessing = 0;
		};
/* End PBXFrameworksBuildPhase section */

/* Begin PBXGroup section */
		0853159830904B7686F5BA86 /* Products */ = {
			isa = PBXGroup;
			children = (
				A904D27AAEE14563ACF95A5D /* libRCTActionSheet.a */,
			);
			name = Products;
			path = undefined;
			sourceTree = "<group>";
		};
		226325CE1E80594F00CD0B10 /* ReactNative */ = {
			isa = PBXGroup;
			children = (
				921A0AD301DB4B29A0BB99A5 /* React.xcodeproj */,
				6EEBCE40327F4FADB6C49610 /* RCTActionSheet.xcodeproj */,
				1439BC9C83E740B0BDA928BA /* RCTImage.xcodeproj */,
				82B1D043F5BF4396A43233C1 /* RCTAnimation.xcodeproj */,
				CE84A965598E40EAB5255E50 /* RCTText.xcodeproj */,
				1BA23CC2E4694E1AAC3518CE /* RCTWebSocket.xcodeproj */,
				D75A5146BE794547838493F7 /* RCTLinking.xcodeproj */,
				1DBCCC052AED472E92383C81 /* RCTNetwork.xcodeproj */,
				847C07EB52AA44EEBFE914C1 /* RCTSettings.xcodeproj */,
				3C8AD36C309E4FD49C37C7DC /* RCTVibration.xcodeproj */,
				0121717488804BA9984C9C60 /* RCTCameraRoll.xcodeproj */,
				C8C5ED41CD504D37BF6B3727 /* ART.xcodeproj */,
			);
			name = ReactNative;
			sourceTree = "<group>";
		};
		226336203A854249A6C96F30 /* Products */ = {
			isa = PBXGroup;
			children = (
				14F209C8417F4DCC8E80344B /* libART.a */,
				9C21CBFF23A03BA3000F902C /* libART-tvOS.a */,
			);
			name = Products;
			path = undefined;
			sourceTree = "<group>";
		};
		22C096A91EA0893F00E1486A /* APIs */ = {
			isa = PBXGroup;
			children = (
				1F88DDF3830742338192EFC0 /* EnNavigationAPI.swift */,
				BD7BFB25C05943DC9646D580 /* EnNavigationEvents.swift */,
				F553DB55A5D145378D0DDAF3 /* EnNavigationRequests.swift */,
				D92FCB34D8494E7093B339E2 /* ErnNavRoute.swift */,
				6C2CA0C21ECC4E8BBDEC55F3 /* NavigationBar.swift */,
				7B10A384B4794DD58F922B98 /* NavigationBarButton.swift */,
			);
			name = APIs;
			sourceTree = "<group>";
		};
		22CB67F120C9C44C0031A349 /* Config */ = {
			isa = PBXGroup;
			children = (
				22CB684120C9C46A0031A349 /* ElectrodeContainer-Debug.xcconfig */,
				22CB684020C9C46A0031A349 /* ElectrodeContainer-QADeployment.xcconfig */,
				22CB684220C9C46A0031A349 /* ElectrodeContainer-Release.xcconfig */,
				22CB684820C9C46B0031A349 /* ElectrodeContainerTests-Debug.xcconfig */,
				22CB684620C9C46A0031A349 /* ElectrodeContainerTests-QADeployment.xcconfig */,
				22CB684420C9C46A0031A349 /* ElectrodeContainerTests-Release.xcconfig */,
				22CB684720C9C46A0031A349 /* Project-Debug.xcconfig */,
				22CB683D20C9C46A0031A349 /* Project-QADeployment.xcconfig */,
				22CB683E20C9C46A0031A349 /* Project-Release.xcconfig */,
			);
			path = Config;
			sourceTree = "<group>";
		};
		22FD4D1E1E96ECBB00FC81DB /* ElectrodeReactNativeBridge */ = {
			isa = PBXGroup;
			children = (
				A2526DF5D43C4BE38B30413D /* ElectrodeObject.swift */,
				61CCB1C387164FA3839E6533 /* Bridgeable.swift */,
				BF486607738849EDA97977CB /* ElectrodeRequestHandlerProcessor.swift */,
				5AB8BC489CB443ABB4CDFA63 /* ElectrodeRequestProcessor.swift */,
				73F01F8E2F4E4CAEA3738965 /* ElectrodeUtilities.swift */,
				66B106B9117144CB8A9BFE05 /* EventListenerProcessor.swift */,
				0B14EE12EB3547B7AE6A3509 /* EventProcessor.swift */,
				9C6DC8419722428C838DB5E8 /* Processor.swift */,
				1B75EF7B28C448EA895344F8 /* None.swift */,
				5A0D0DDA01534441853F1EC3 /* ElectrodeBridgeEvent.m */,
				7B8A13FEBFBB41AAACCB563A /* ElectrodeBridgeFailureMessage.m */,
				E9C77F20872A483886632BF5 /* ElectrodeBridgeHolder.m */,
				17D22894BF464D9B8BB4A5A0 /* ElectrodeBridgeMessage.m */,
				6FB4C261086D4350AEB85DE4 /* ElectrodeBridgeProtocols.m */,
				F4206C452F2440C8B45BDD0A /* ElectrodeBridgeRequest.m */,
				425709C6B9654C639D80949B /* ElectrodeBridgeResponse.m */,
				976BF00BAD464616A4EDB9FB /* ElectrodeBridgeTransaction.m */,
				F84B3FBAD9DE4106A6AE9E5C /* ElectrodeBridgeTransceiver.m */,
				69088044280544568271196E /* ElectrodeEventDispatcher.m */,
				94FDEF223BD84F819FB420E9 /* ElectrodeEventRegistrar.m */,
				E635623003154F1F8CA7A4B6 /* ElectrodeRequestDispatcher.m */,
				0AF118AF5FB54CC4A0A0F7A9 /* ElectrodeRequestRegistrar.m */,
				7197F5C793AB4D929CCC1B6B /* ElectrodeLogger.m */,
				0E24F70DA10D481382B94840 /* ElectrodeBridgeEvent.h */,
				EF4FD6E36F2B4CD6B5DD4282 /* ElectrodeBridgeFailureMessage.h */,
				F5C2BC421EC140E5BB2DCE00 /* ElectrodeBridgeHolder.h */,
				0D09C35FA2F54B03966CF3E1 /* ElectrodeBridgeMessage.h */,
				C2B13ED6AE8A4500A1B80E58 /* ElectrodeBridgeProtocols.h */,
				14E096016A4F475E8241EA3B /* ElectrodeBridgeRequest.h */,
				41B9BF680FD24B0188C9308B /* ElectrodeBridgeTransaction.h */,
				186A09DDA88C45E5B6FBAB51 /* ElectrodeBridgeTransceiver.h */,
				A821439E2B1F4E0085975CCE /* ElectrodeBridgeTransceiver_Internal.h */,
				16419D4D78D246609D68A42C /* ElectrodeEventDispatcher.h */,
				8185396D5EB0455D8C68EF21 /* ElectrodeEventRegistrar.h */,
				2E2329E7C13F41B48ABC57F1 /* ElectrodeRequestDispatcher.h */,
				022C78594267407FBA42B4E0 /* ElectrodeRequestRegistrar.h */,
				50909C992B974D9687970EDC /* ElectrodeReactNativeBridge.h */,
				75981C1EF4634FA99F63B291 /* ElectrodeBridgeResponse.h */,
				0AF6A17F4AA147D087C14572 /* ElectrodeLogger.h */,
			);
			name = ElectrodeReactNativeBridge;
			sourceTree = "<group>";
		};
		2EF347536006434A9981C7D9 /* Products */ = {
			isa = PBXGroup;
			children = (
				9ABB29FD712749A398A58C9C /* libRCTNetwork.a */,
				9C21CC0B23A03BA3000F902C /* libRCTNetwork-tvOS.a */,
			);
			name = Products;
			path = undefined;
			sourceTree = "<group>";
		};
		301CBA4B1F342FB00048C58B /* Resources */ = {
			isa = PBXGroup;
			children = (
			);
			name = Resources;
			sourceTree = "<group>";
		};
		34BE2CBD5DA34687A23C4A72 /* Products */ = {
			isa = PBXGroup;
			children = (
				0418CA545A0143619A1CC81B /* libReact.a */,
				9C21CC2523A03BA3000F902C /* libReact.a */,
				9C21CC2723A03BA3000F902C /* libyoga.a */,
				9C21CC2923A03BA3000F902C /* libyoga.a */,
				9C21CC2B23A03BA3000F902C /* libcxxreact.a */,
				9C21CC2D23A03BA3000F902C /* libcxxreact.a */,
				9C21CC2F23A03BA3000F902C /* libjsinspector.a */,
				9C21CC3123A03BA3000F902C /* libjsinspector-tvOS.a */,
				9C21CC3323A03BA3000F902C /* libthird-party.a */,
				9C21CC3523A03BA3000F902C /* libthird-party.a */,
				9C21CC3723A03BA3000F902C /* libdouble-conversion.a */,
				9C21CC3923A03BA3000F902C /* libdouble-conversion.a */,
				9C21CC3B23A03BA3000F902C /* libjsi.a */,
				9C21CC3D23A03BA3000F902C /* libjsiexecutor.a */,
				9C21CC3F23A03BA3000F902C /* libjsi-tvOS.a */,
				9C21CC4123A03BA3000F902C /* libjsiexecutor-tvOS.a */,
			);
			name = Products;
			path = undefined;
			sourceTree = "<group>";
		};
		485009D91E2FF23B009B6610 = {
			isa = PBXGroup;
			children = (
				22CB67F120C9C44C0031A349 /* Config */,
				485009E51E2FF23B009B6610 /* ElectrodeContainer */,
				485009F01E2FF23C009B6610 /* ElectrodeContainerTests */,
				485009E41E2FF23B009B6610 /* Products */,
				485009FD1E2FF25D009B6610 /* Libraries */,
				48500AA71E2FFA14009B6610 /* Frameworks */,
			);
			sourceTree = "<group>";
		};
		485009E41E2FF23B009B6610 /* Products */ = {
			isa = PBXGroup;
			children = (
				485009E31E2FF23B009B6610 /* ElectrodeContainer.framework */,
				485009EC1E2FF23C009B6610 /* ElectrodeContainerTests.xctest */,
			);
			name = Products;
			sourceTree = "<group>";
		};
		485009E51E2FF23B009B6610 /* ElectrodeContainer */ = {
			isa = PBXGroup;
			children = (
				DA42DF58233C1B0500046338 /* DevAssist */,
				7F9A82FD1FB117530026F523 /* APIImpls */,
				301CBA4B1F342FB00048C58B /* Resources */,
				2265A4A11EB26943007D6C3D /* Info.plist */,
				22C096A91EA0893F00E1486A /* APIs */,
				22FD4D1E1E96ECBB00FC81DB /* ElectrodeReactNativeBridge */,
				968333D51E54E3470031C565 /* ElectrodeBridgeDelegate.h */,
				968333D61E54E3470031C565 /* ElectrodeBridgeDelegate.m */,
				485009E61E2FF23B009B6610 /* ElectrodeContainer.h */,
				48500A961E2FF55B009B6610 /* ElectrodeReactNative.h */,
				30F8CDED1E67946E00413247 /* ElectrodeReactNative_Internal.h */,
				48500A971E2FF55B009B6610 /* ElectrodeReactNative.m */,
				301CB9011F33F3450048C58B /* NSBundle+frameworkBundle.h */,
				301CB9001F33F3450048C58B /* NSBundle+frameworkBundle.m */,
				304000E72098E1F000BF751C /* ElectrodePluginConfig.h */,
			);
			path = ElectrodeContainer;
			sourceTree = "<group>";
		};
		485009F01E2FF23C009B6610 /* ElectrodeContainerTests */ = {
			isa = PBXGroup;
			children = (
				485009F31E2FF23C009B6610 /* Info.plist */,
			);
			path = ElectrodeContainerTests;
			sourceTree = "<group>";
		};
		485009FD1E2FF25D009B6610 /* Libraries */ = {
			isa = PBXGroup;
			children = (
				226325CE1E80594F00CD0B10 /* ReactNative */,
				9654B8921E5CCA1D00AFF607 /* MiniApp */,
			);
			name = Libraries;
			path = ElectrodeContainer/Libraries;
			sourceTree = "<group>";
		};
		48500AA71E2FFA14009B6610 /* Frameworks */ = {
			isa = PBXGroup;
			children = (
				64947A0169114303BF0D3E2E /* JavaScriptCore.framework */,
			);
			name = Frameworks;
			path = ElectrodeContainer/Frameworks;
			sourceTree = "<group>";
		};
		4EB0062EEAD546FCB378CB49 /* Products */ = {
			isa = PBXGroup;
			children = (
				2CF9B2E8042447C8A78056FB /* libRCTCameraRoll.a */,
			);
			name = Products;
			path = undefined;
			sourceTree = "<group>";
		};
		77602EF1708549B3AEA81865 /* Products */ = {
			isa = PBXGroup;
			children = (
				7448B7D266C24CA6AEBD1AEC /* libRCTLinking.a */,
				9C21CC0823A03BA3000F902C /* libRCTLinking-tvOS.a */,
			);
			name = Products;
			path = undefined;
			sourceTree = "<group>";
		};
		7F9A82FD1FB117530026F523 /* APIImpls */ = {
			isa = PBXGroup;
			children = (
				9C21CC5423A03BF7000F902C /* EnNavigationApiController.swift */,
				9C21CC5223A03BF7000F902C /* EnNavigationApiRequestHandlerDelegate.swift */,
				9C21CC5323A03BF7000F902C /* EnNavigationApiRequestHandlerProvider.swift */,
				9C21CC5623A03BF8000F902C /* RequestHandlerConfig.swift */,
				9C21CC5523A03BF7000F902C /* RequestHandlerProvider.swift */,
				9C21CC4A23A03BE4000F902C /* ENBarButtonItem.swift */,
				9C21CC4923A03BE4000F902C /* ENMiniAppNavDataProvider.swift */,
				9C21CC4823A03BE4000F902C /* ENNavigationAPIImpl.swift */,
				9C21CC4B23A03BE4000F902C /* ENNavigationDelegate.swift */,
				9C21CC4623A03BE4000F902C /* ENNavigationProtocol.swift */,
				9C21CC4723A03BE4000F902C /* MiniAppNavViewController.swift */,
				9C21CC4223A03BC0000F902C /* ENCoreDelegate.swift */,
				9C21CC4323A03BC0000F902C /* ENMiniAppDataProvider.swift */,
			);
			name = APIImpls;
			sourceTree = "<group>";
		};
		920B5309E09D4C59B7CD8F7A /* Products */ = {
			isa = PBXGroup;
			children = (
				C3E38EF742674F58B214F5E8 /* libRCTImage.a */,
				9C21CC0523A03BA3000F902C /* libRCTImage-tvOS.a */,
			);
			name = Products;
			path = undefined;
			sourceTree = "<group>";
		};
		9654B8921E5CCA1D00AFF607 /* MiniApp */ = {
			isa = PBXGroup;
			children = (
				22BF1FEA1E8DAAF800E7F500 /* assets */,
				223A89451E89CDC70092741E /* MiniApp.jsbundle */,
			);
			path = MiniApp;
			sourceTree = "<group>";
		};
		983D9F3C24AD41669E8AB31A /* Products */ = {
			isa = PBXGroup;
			children = (
				5029CFAA8B024BBD8FEF0A63 /* libRCTText.a */,
				9C21CC1123A03BA3000F902C /* libRCTText-tvOS.a */,
			);
			name = Products;
			path = undefined;
			sourceTree = "<group>";
		};
		C58FF2C4BACC4C1288E604A9 /* Products */ = {
			isa = PBXGroup;
			children = (
				1C5CED02DC0549AA8C6DE70D /* libRCTVibration.a */,
			);
			name = Products;
			path = undefined;
			sourceTree = "<group>";
		};
		D153E32B672A4B7786FD0502 /* Products */ = {
			isa = PBXGroup;
			children = (
				DAFE626DEF054CFBBE52969A /* libRCTWebSocket.a */,
				9C21CC1423A03BA3000F902C /* libRCTWebSocket-tvOS.a */,
			);
			name = Products;
			path = undefined;
			sourceTree = "<group>";
		};
		D9E9F119A90B436DBDDAE99E /* Products */ = {
			isa = PBXGroup;
			children = (
				FDAED87B94744A4B9510B8DA /* libRCTAnimation.a */,
				9C21CC0223A03BA3000F902C /* libRCTAnimation.a */,
			);
			name = Products;
			path = undefined;
			sourceTree = "<group>";
		};
		DA42DF58233C1B0500046338 /* DevAssist */ = {
			isa = PBXGroup;
			children = (
				DA42DF5C233C1B0500046338 /* ERNDevSettingsViewController.h */,
				DA42DF5A233C1B0500046338 /* ERNDevSettingsViewController.m */,
				DA42DF5B233C1B0500046338 /* ElectrodeBundle.h */,
				DA42DF59233C1B0500046338 /* ElectrodeBundle.m */,
			);
			path = DevAssist;
			sourceTree = "<group>";
		};
		FED637E879AA4641883E93D3 /* Products */ = {
			isa = PBXGroup;
			children = (
				DB4582CFDD1D480599729EC9 /* libRCTSettings.a */,
				9C21CC0E23A03BA3000F902C /* libRCTSettings-tvOS.a */,
			);
			name = Products;
			path = undefined;
			sourceTree = "<group>";
		};
/* End PBXGroup section */

/* Begin PBXHeadersBuildPhase section */
		485009E01E2FF23B009B6610 /* Headers */ = {
			isa = PBXHeadersBuildPhase;
			buildActionMask = 2147483647;
			files = (
				485009F41E2FF23C009B6610 /* ElectrodeContainer.h in Headers */,
				968333D71E54E3470031C565 /* ElectrodeBridgeDelegate.h in Headers */,
				301CB9031F33F3450048C58B /* NSBundle+frameworkBundle.h in Headers */,
				304000E82098E1F000BF751C /* ElectrodePluginConfig.h in Headers */,
				30F8CDEE1E67946E00413247 /* ElectrodeReactNative_Internal.h in Headers */,
				48500A981E2FF55B009B6610 /* ElectrodeReactNative.h in Headers */,
				DA42DF60233C1B0500046338 /* ERNDevSettingsViewController.h in Headers */,
				DA42DF5F233C1B0500046338 /* ElectrodeBundle.h in Headers */,
				926E48D6130E453497F864F6 /* EnNavigationAPI.swift in Headers */,
				CEAE0EE421B24EBA8BED6FB9 /* EnNavigationEvents.swift in Headers */,
				324D6DCA9AA94086AE1AA7C9 /* EnNavigationRequests.swift in Headers */,
				93B5A1ADA1884038B788599B /* ErnNavRoute.swift in Headers */,
				41CCB8EFBAE949E59164C160 /* NavigationBar.swift in Headers */,
				4C75A9D652074187A8F506E1 /* NavigationBarButton.swift in Headers */,
				10D7033A298D4967AF8E61B5 /* ElectrodeBridgeEvent.h in Headers */,
				CB06C0551A6448D5B37D4586 /* ElectrodeBridgeFailureMessage.h in Headers */,
				B986023999464560AA94AD1A /* ElectrodeBridgeHolder.h in Headers */,
				0E174290A62D4F3F95656F91 /* ElectrodeBridgeMessage.h in Headers */,
				476FB72C6A894D2282EE2D40 /* ElectrodeBridgeProtocols.h in Headers */,
				0EA6F0D2F8394B208A8BCC22 /* ElectrodeBridgeRequest.h in Headers */,
				967AE78A80944DAAAAC003B2 /* ElectrodeBridgeTransaction.h in Headers */,
				35CB2D5142AB41E082992F9D /* ElectrodeBridgeTransceiver.h in Headers */,
				18A2B17E783547AF833D782C /* ElectrodeBridgeTransceiver_Internal.h in Headers */,
				BF25B86E24CD40EB8C1FF163 /* ElectrodeEventDispatcher.h in Headers */,
				AB100133DB60409B9C36147B /* ElectrodeEventRegistrar.h in Headers */,
				CB57050172174B1CBA246E82 /* ElectrodeRequestDispatcher.h in Headers */,
				E9A735C6D237423086A935CE /* ElectrodeRequestRegistrar.h in Headers */,
				AB64CA9B15994C16926D7D9B /* ElectrodeReactNativeBridge.h in Headers */,
				5EA75002A95748AB92FBFDF7 /* ElectrodeBridgeResponse.h in Headers */,
				2C894048E5174CFDA6A3D948 /* ElectrodeLogger.h in Headers */,
			);
			runOnlyForDeploymentPostprocessing = 0;
		};
/* End PBXHeadersBuildPhase section */

/* Begin PBXNativeTarget section */
		485009E21E2FF23B009B6610 /* ElectrodeContainer */ = {
			isa = PBXNativeTarget;
			buildConfigurationList = 485009F71E2FF23C009B6610 /* Build configuration list for PBXNativeTarget "ElectrodeContainer" */;
			buildPhases = (
				485009DE1E2FF23B009B6610 /* Sources */,
				485009DF1E2FF23B009B6610 /* Frameworks */,
				485009E01E2FF23B009B6610 /* Headers */,
				485009E11E2FF23B009B6610 /* Resources */,
			);
			buildRules = (
			);
			dependencies = (
				36BAEE86C45A4100ACE64E94 /* PBXTargetDependency */,
				AE7DDEE631D14BB9A0F8EB0D /* PBXTargetDependency */,
				96C53148578C4030BC407171 /* PBXTargetDependency */,
				030C3C39345F43F3831FF671 /* PBXTargetDependency */,
				867D6F1C67794634B253C6ED /* PBXTargetDependency */,
				3E3BF001879D46798FDC45CD /* PBXTargetDependency */,
				00BE925928E24E03AC7F99FB /* PBXTargetDependency */,
				CBA091962F5047DA8CAD6EDA /* PBXTargetDependency */,
				678910DB7520425AADBBA6CD /* PBXTargetDependency */,
				C57AF07490A94D02A22F4AA3 /* PBXTargetDependency */,
				AE280279D8E942A2B77B3430 /* PBXTargetDependency */,
				A63ADDAC37D5453CB0A18DE4 /* PBXTargetDependency */,
			);
			name = ElectrodeContainer;
			productName = ElectrodeContainer;
			productReference = 485009E31E2FF23B009B6610 /* ElectrodeContainer.framework */;
			productType = "com.apple.product-type.framework";
		};
		485009EB1E2FF23C009B6610 /* ElectrodeContainerTests */ = {
			isa = PBXNativeTarget;
			buildConfigurationList = 485009FA1E2FF23C009B6610 /* Build configuration list for PBXNativeTarget "ElectrodeContainerTests" */;
			buildPhases = (
				485009E81E2FF23C009B6610 /* Sources */,
				485009E91E2FF23C009B6610 /* Frameworks */,
				485009EA1E2FF23C009B6610 /* Resources */,
			);
			buildRules = (
			);
			dependencies = (
				485009EF1E2FF23C009B6610 /* PBXTargetDependency */,
			);
			name = ElectrodeContainerTests;
			productName = ElectrodeContainerTests;
			productReference = 485009EC1E2FF23C009B6610 /* ElectrodeContainerTests.xctest */;
			productType = "com.apple.product-type.bundle.unit-test";
		};
/* End PBXNativeTarget section */

/* Begin PBXProject section */
		485009DA1E2FF23B009B6610 /* Project object */ = {
			isa = PBXProject;
			attributes = {
				LastUpgradeCheck = 920;
				ORGANIZATIONNAME = Walmart;
				TargetAttributes = {
					485009E21E2FF23B009B6610 = {
						CreatedOnToolsVersion = 8.2.1;
						ProvisioningStyle = Automatic;
					};
					485009EB1E2FF23C009B6610 = {
						CreatedOnToolsVersion = 8.2.1;
						DevelopmentTeam = DXZ5VF8836;
						ProvisioningStyle = Automatic;
					};
				};
			};
			buildConfigurationList = 485009DD1E2FF23B009B6610 /* Build configuration list for PBXProject "ElectrodeContainer" */;
			compatibilityVersion = "Xcode 3.2";
			developmentRegion = English;
			hasScannedForEncodings = 0;
			knownRegions = (
				English,
				en,
			);
			mainGroup = 485009D91E2FF23B009B6610;
			productRefGroup = 485009E41E2FF23B009B6610 /* Products */;
			projectDirPath = "";
			projectReferences = (
				{
					ProductGroup = 226336203A854249A6C96F30 /* Products */;
					ProjectRef = C8C5ED41CD504D37BF6B3727 /* ART.xcodeproj */;
				},
				{
					ProductGroup = 0853159830904B7686F5BA86 /* Products */;
					ProjectRef = 6EEBCE40327F4FADB6C49610 /* RCTActionSheet.xcodeproj */;
				},
				{
					ProductGroup = D9E9F119A90B436DBDDAE99E /* Products */;
					ProjectRef = 82B1D043F5BF4396A43233C1 /* RCTAnimation.xcodeproj */;
				},
				{
					ProductGroup = 4EB0062EEAD546FCB378CB49 /* Products */;
					ProjectRef = 0121717488804BA9984C9C60 /* RCTCameraRoll.xcodeproj */;
				},
				{
					ProductGroup = 920B5309E09D4C59B7CD8F7A /* Products */;
					ProjectRef = 1439BC9C83E740B0BDA928BA /* RCTImage.xcodeproj */;
				},
				{
					ProductGroup = 77602EF1708549B3AEA81865 /* Products */;
					ProjectRef = D75A5146BE794547838493F7 /* RCTLinking.xcodeproj */;
				},
				{
					ProductGroup = 2EF347536006434A9981C7D9 /* Products */;
					ProjectRef = 1DBCCC052AED472E92383C81 /* RCTNetwork.xcodeproj */;
				},
				{
					ProductGroup = FED637E879AA4641883E93D3 /* Products */;
					ProjectRef = 847C07EB52AA44EEBFE914C1 /* RCTSettings.xcodeproj */;
				},
				{
					ProductGroup = 983D9F3C24AD41669E8AB31A /* Products */;
					ProjectRef = CE84A965598E40EAB5255E50 /* RCTText.xcodeproj */;
				},
				{
					ProductGroup = C58FF2C4BACC4C1288E604A9 /* Products */;
					ProjectRef = 3C8AD36C309E4FD49C37C7DC /* RCTVibration.xcodeproj */;
				},
				{
					ProductGroup = D153E32B672A4B7786FD0502 /* Products */;
					ProjectRef = 1BA23CC2E4694E1AAC3518CE /* RCTWebSocket.xcodeproj */;
				},
				{
					ProductGroup = 34BE2CBD5DA34687A23C4A72 /* Products */;
					ProjectRef = 921A0AD301DB4B29A0BB99A5 /* React.xcodeproj */;
				},
			);
			projectRoot = "";
			targets = (
				485009E21E2FF23B009B6610 /* ElectrodeContainer */,
				485009EB1E2FF23C009B6610 /* ElectrodeContainerTests */,
			);
		};
/* End PBXProject section */

/* Begin PBXReferenceProxy section */
		0418CA545A0143619A1CC81B /* libReact.a */ = {
			isa = PBXReferenceProxy;
			fileType = archive.ar;
			path = libReact.a;
			remoteRef = 91722509D7284C94AA34D1EC /* PBXContainerItemProxy */;
			sourceTree = BUILT_PRODUCTS_DIR;
		};
		14F209C8417F4DCC8E80344B /* libART.a */ = {
			isa = PBXReferenceProxy;
			fileType = archive.ar;
			path = libART.a;
			remoteRef = 8CE9EF5F51384542B23C2DC2 /* PBXContainerItemProxy */;
			sourceTree = BUILT_PRODUCTS_DIR;
		};
		1C5CED02DC0549AA8C6DE70D /* libRCTVibration.a */ = {
			isa = PBXReferenceProxy;
			fileType = archive.ar;
			path = libRCTVibration.a;
			remoteRef = 727D79F2D07344719E4EECF7 /* PBXContainerItemProxy */;
			sourceTree = BUILT_PRODUCTS_DIR;
		};
		2CF9B2E8042447C8A78056FB /* libRCTCameraRoll.a */ = {
			isa = PBXReferenceProxy;
			fileType = archive.ar;
			path = libRCTCameraRoll.a;
			remoteRef = 377C737C5D9F47DAA60D6F52 /* PBXContainerItemProxy */;
			sourceTree = BUILT_PRODUCTS_DIR;
		};
		5029CFAA8B024BBD8FEF0A63 /* libRCTText.a */ = {
			isa = PBXReferenceProxy;
			fileType = archive.ar;
			path = libRCTText.a;
			remoteRef = F77630A277A1450C904FC992 /* PBXContainerItemProxy */;
			sourceTree = BUILT_PRODUCTS_DIR;
		};
		7448B7D266C24CA6AEBD1AEC /* libRCTLinking.a */ = {
			isa = PBXReferenceProxy;
			fileType = archive.ar;
			path = libRCTLinking.a;
			remoteRef = 4DD8D7EC332F4DBBAB8D55AF /* PBXContainerItemProxy */;
			sourceTree = BUILT_PRODUCTS_DIR;
		};
		9ABB29FD712749A398A58C9C /* libRCTNetwork.a */ = {
			isa = PBXReferenceProxy;
			fileType = archive.ar;
			path = libRCTNetwork.a;
			remoteRef = D365E7A0C25948E6A81B2130 /* PBXContainerItemProxy */;
			sourceTree = BUILT_PRODUCTS_DIR;
		};
		9C21CBFF23A03BA3000F902C /* libART-tvOS.a */ = {
			isa = PBXReferenceProxy;
			fileType = archive.ar;
			path = "libART-tvOS.a";
			remoteRef = 9C21CBFE23A03BA3000F902C /* PBXContainerItemProxy */;
			sourceTree = BUILT_PRODUCTS_DIR;
		};
		9C21CC0223A03BA3000F902C /* libRCTAnimation.a */ = {
			isa = PBXReferenceProxy;
			fileType = archive.ar;
			path = libRCTAnimation.a;
			remoteRef = 9C21CC0123A03BA3000F902C /* PBXContainerItemProxy */;
			sourceTree = BUILT_PRODUCTS_DIR;
		};
		9C21CC0523A03BA3000F902C /* libRCTImage-tvOS.a */ = {
			isa = PBXReferenceProxy;
			fileType = archive.ar;
			path = "libRCTImage-tvOS.a";
			remoteRef = 9C21CC0423A03BA3000F902C /* PBXContainerItemProxy */;
			sourceTree = BUILT_PRODUCTS_DIR;
		};
		9C21CC0823A03BA3000F902C /* libRCTLinking-tvOS.a */ = {
			isa = PBXReferenceProxy;
			fileType = archive.ar;
			path = "libRCTLinking-tvOS.a";
			remoteRef = 9C21CC0723A03BA3000F902C /* PBXContainerItemProxy */;
			sourceTree = BUILT_PRODUCTS_DIR;
		};
		9C21CC0B23A03BA3000F902C /* libRCTNetwork-tvOS.a */ = {
			isa = PBXReferenceProxy;
			fileType = archive.ar;
			path = "libRCTNetwork-tvOS.a";
			remoteRef = 9C21CC0A23A03BA3000F902C /* PBXContainerItemProxy */;
			sourceTree = BUILT_PRODUCTS_DIR;
		};
		9C21CC0E23A03BA3000F902C /* libRCTSettings-tvOS.a */ = {
			isa = PBXReferenceProxy;
			fileType = archive.ar;
			path = "libRCTSettings-tvOS.a";
			remoteRef = 9C21CC0D23A03BA3000F902C /* PBXContainerItemProxy */;
			sourceTree = BUILT_PRODUCTS_DIR;
		};
		9C21CC1123A03BA3000F902C /* libRCTText-tvOS.a */ = {
			isa = PBXReferenceProxy;
			fileType = archive.ar;
			path = "libRCTText-tvOS.a";
			remoteRef = 9C21CC1023A03BA3000F902C /* PBXContainerItemProxy */;
			sourceTree = BUILT_PRODUCTS_DIR;
		};
		9C21CC1423A03BA3000F902C /* libRCTWebSocket-tvOS.a */ = {
			isa = PBXReferenceProxy;
			fileType = archive.ar;
			path = "libRCTWebSocket-tvOS.a";
			remoteRef = 9C21CC1323A03BA3000F902C /* PBXContainerItemProxy */;
			sourceTree = BUILT_PRODUCTS_DIR;
		};
		9C21CC2523A03BA3000F902C /* libReact.a */ = {
			isa = PBXReferenceProxy;
			fileType = archive.ar;
			path = libReact.a;
			remoteRef = 9C21CC2423A03BA3000F902C /* PBXContainerItemProxy */;
			sourceTree = BUILT_PRODUCTS_DIR;
		};
		9C21CC2723A03BA3000F902C /* libyoga.a */ = {
			isa = PBXReferenceProxy;
			fileType = archive.ar;
			path = libyoga.a;
			remoteRef = 9C21CC2623A03BA3000F902C /* PBXContainerItemProxy */;
			sourceTree = BUILT_PRODUCTS_DIR;
		};
		9C21CC2923A03BA3000F902C /* libyoga.a */ = {
			isa = PBXReferenceProxy;
			fileType = archive.ar;
			path = libyoga.a;
			remoteRef = 9C21CC2823A03BA3000F902C /* PBXContainerItemProxy */;
			sourceTree = BUILT_PRODUCTS_DIR;
		};
		9C21CC2B23A03BA3000F902C /* libcxxreact.a */ = {
			isa = PBXReferenceProxy;
			fileType = archive.ar;
			path = libcxxreact.a;
			remoteRef = 9C21CC2A23A03BA3000F902C /* PBXContainerItemProxy */;
			sourceTree = BUILT_PRODUCTS_DIR;
		};
		9C21CC2D23A03BA3000F902C /* libcxxreact.a */ = {
			isa = PBXReferenceProxy;
			fileType = archive.ar;
			path = libcxxreact.a;
			remoteRef = 9C21CC2C23A03BA3000F902C /* PBXContainerItemProxy */;
			sourceTree = BUILT_PRODUCTS_DIR;
		};
		9C21CC2F23A03BA3000F902C /* libjsinspector.a */ = {
			isa = PBXReferenceProxy;
			fileType = archive.ar;
			path = libjsinspector.a;
			remoteRef = 9C21CC2E23A03BA3000F902C /* PBXContainerItemProxy */;
			sourceTree = BUILT_PRODUCTS_DIR;
		};
		9C21CC3123A03BA3000F902C /* libjsinspector-tvOS.a */ = {
			isa = PBXReferenceProxy;
			fileType = archive.ar;
			path = "libjsinspector-tvOS.a";
			remoteRef = 9C21CC3023A03BA3000F902C /* PBXContainerItemProxy */;
			sourceTree = BUILT_PRODUCTS_DIR;
		};
		9C21CC3323A03BA3000F902C /* libthird-party.a */ = {
			isa = PBXReferenceProxy;
			fileType = archive.ar;
			path = "libthird-party.a";
			remoteRef = 9C21CC3223A03BA3000F902C /* PBXContainerItemProxy */;
			sourceTree = BUILT_PRODUCTS_DIR;
		};
		9C21CC3523A03BA3000F902C /* libthird-party.a */ = {
			isa = PBXReferenceProxy;
			fileType = archive.ar;
			path = "libthird-party.a";
			remoteRef = 9C21CC3423A03BA3000F902C /* PBXContainerItemProxy */;
			sourceTree = BUILT_PRODUCTS_DIR;
		};
		9C21CC3723A03BA3000F902C /* libdouble-conversion.a */ = {
			isa = PBXReferenceProxy;
			fileType = archive.ar;
			path = "libdouble-conversion.a";
			remoteRef = 9C21CC3623A03BA3000F902C /* PBXContainerItemProxy */;
			sourceTree = BUILT_PRODUCTS_DIR;
		};
		9C21CC3923A03BA3000F902C /* libdouble-conversion.a */ = {
			isa = PBXReferenceProxy;
			fileType = archive.ar;
			path = "libdouble-conversion.a";
			remoteRef = 9C21CC3823A03BA3000F902C /* PBXContainerItemProxy */;
			sourceTree = BUILT_PRODUCTS_DIR;
		};
		9C21CC3B23A03BA3000F902C /* libjsi.a */ = {
			isa = PBXReferenceProxy;
			fileType = archive.ar;
			path = libjsi.a;
			remoteRef = 9C21CC3A23A03BA3000F902C /* PBXContainerItemProxy */;
			sourceTree = BUILT_PRODUCTS_DIR;
		};
		9C21CC3D23A03BA3000F902C /* libjsiexecutor.a */ = {
			isa = PBXReferenceProxy;
			fileType = archive.ar;
			path = libjsiexecutor.a;
			remoteRef = 9C21CC3C23A03BA3000F902C /* PBXContainerItemProxy */;
			sourceTree = BUILT_PRODUCTS_DIR;
		};
		9C21CC3F23A03BA3000F902C /* libjsi-tvOS.a */ = {
			isa = PBXReferenceProxy;
			fileType = archive.ar;
			path = "libjsi-tvOS.a";
			remoteRef = 9C21CC3E23A03BA3000F902C /* PBXContainerItemProxy */;
			sourceTree = BUILT_PRODUCTS_DIR;
		};
		9C21CC4123A03BA3000F902C /* libjsiexecutor-tvOS.a */ = {
			isa = PBXReferenceProxy;
			fileType = archive.ar;
			path = "libjsiexecutor-tvOS.a";
			remoteRef = 9C21CC4023A03BA3000F902C /* PBXContainerItemProxy */;
			sourceTree = BUILT_PRODUCTS_DIR;
		};
		A904D27AAEE14563ACF95A5D /* libRCTActionSheet.a */ = {
			isa = PBXReferenceProxy;
			fileType = archive.ar;
			path = libRCTActionSheet.a;
			remoteRef = E8FE188868F545E6AC9BE8C9 /* PBXContainerItemProxy */;
			sourceTree = BUILT_PRODUCTS_DIR;
		};
		C3E38EF742674F58B214F5E8 /* libRCTImage.a */ = {
			isa = PBXReferenceProxy;
			fileType = archive.ar;
			path = libRCTImage.a;
			remoteRef = C53686E81CAF45E6B860CF3F /* PBXContainerItemProxy */;
			sourceTree = BUILT_PRODUCTS_DIR;
		};
		DAFE626DEF054CFBBE52969A /* libRCTWebSocket.a */ = {
			isa = PBXReferenceProxy;
			fileType = archive.ar;
			path = libRCTWebSocket.a;
			remoteRef = 5EE3EE83DE0A40C3837124BC /* PBXContainerItemProxy */;
			sourceTree = BUILT_PRODUCTS_DIR;
		};
		DB4582CFDD1D480599729EC9 /* libRCTSettings.a */ = {
			isa = PBXReferenceProxy;
			fileType = archive.ar;
			path = libRCTSettings.a;
			remoteRef = 930EE2E5456747AC91FFFB2D /* PBXContainerItemProxy */;
			sourceTree = BUILT_PRODUCTS_DIR;
		};
		FDAED87B94744A4B9510B8DA /* libRCTAnimation.a */ = {
			isa = PBXReferenceProxy;
			fileType = archive.ar;
			path = libRCTAnimation.a;
			remoteRef = BF6D74E2A1F045949DB64E73 /* PBXContainerItemProxy */;
			sourceTree = BUILT_PRODUCTS_DIR;
		};
/* End PBXReferenceProxy section */

/* Begin PBXResourcesBuildPhase section */
		485009E11E2FF23B009B6610 /* Resources */ = {
			isa = PBXResourcesBuildPhase;
			buildActionMask = 2147483647;
			files = (
				22BF1FEB1E8DAAF800E7F500 /* assets in Resources */,
				223A89461E89CDC70092741E /* MiniApp.jsbundle in Resources */,
			);
			runOnlyForDeploymentPostprocessing = 0;
		};
		485009EA1E2FF23C009B6610 /* Resources */ = {
			isa = PBXResourcesBuildPhase;
			buildActionMask = 2147483647;
			files = (
			);
			runOnlyForDeploymentPostprocessing = 0;
		};
/* End PBXResourcesBuildPhase section */

/* Begin PBXSourcesBuildPhase section */
		485009DE1E2FF23B009B6610 /* Sources */ = {
			isa = PBXSourcesBuildPhase;
			buildActionMask = 2147483647;
			files = (
				48500A991E2FF55B009B6610 /* ElectrodeReactNative.m in Sources */,
				9C21CC5A23A03BF8000F902C /* RequestHandlerProvider.swift in Sources */,
				301CB9021F33F3450048C58B /* NSBundle+frameworkBundle.m in Sources */,
				968333D81E54E3470031C565 /* ElectrodeBridgeDelegate.m in Sources */,
				9C21CC5923A03BF8000F902C /* EnNavigationApiController.swift in Sources */,
				DA42DF5E233C1B0500046338 /* ERNDevSettingsViewController.m in Sources */,
				9C21CC5723A03BF8000F902C /* EnNavigationApiRequestHandlerDelegate.swift in Sources */,
				9C21CC5823A03BF8000F902C /* EnNavigationApiRequestHandlerProvider.swift in Sources */,
				9C21CC5B23A03BF8000F902C /* RequestHandlerConfig.swift in Sources */,
				DA42DF5D233C1B0500046338 /* ElectrodeBundle.m in Sources */,
				6E46D937C6AB4FA8AF791E83 /* EnNavigationAPI.swift in Sources */,
				169707293D0A461BB60E394D /* EnNavigationEvents.swift in Sources */,
				7D091C2C40D4421EABAC166D /* EnNavigationRequests.swift in Sources */,
				B7C9B05A27FA4C2D8B16850F /* ErnNavRoute.swift in Sources */,
				C4F31B9D3EAD4B21A49A2A47 /* NavigationBar.swift in Sources */,
				41F9F458898442AD9839AF96 /* NavigationBarButton.swift in Sources */,
				28BD776632E547E9B96D6DFD /* ElectrodeObject.swift in Sources */,
				9C21CC4523A03BC0000F902C /* ENMiniAppDataProvider.swift in Sources */,
				EDDE8C979B2D4834A541F616 /* Bridgeable.swift in Sources */,
				3D883C1CF1CF43EAA74E6528 /* ElectrodeRequestHandlerProcessor.swift in Sources */,
				495A99FB1E5743BBA604997C /* ElectrodeRequestProcessor.swift in Sources */,
				B78384C3E8504A92941B2A02 /* ElectrodeUtilities.swift in Sources */,
				735160F0F9AD46E996D7ACDC /* EventListenerProcessor.swift in Sources */,
				9C21CC4E23A03BE4000F902C /* ENNavigationAPIImpl.swift in Sources */,
				EB2901B6D06B4D6BAD59A817 /* EventProcessor.swift in Sources */,
				182AAE7188E84541958A5A5C /* Processor.swift in Sources */,
				CDDCDAC03016458BA7764F77 /* None.swift in Sources */,
				9C21CC4C23A03BE4000F902C /* ENNavigationProtocol.swift in Sources */,
				E233443AF4E84FC9A64764CE /* ElectrodeBridgeEvent.m in Sources */,
				D4BDF295D4AF437391755031 /* ElectrodeBridgeFailureMessage.m in Sources */,
				9C21CC5123A03BE4000F902C /* ENNavigationDelegate.swift in Sources */,
				5971CF2C761D4B8D9E533A84 /* ElectrodeBridgeHolder.m in Sources */,
				B5774E5F4B34400A99D0D3F0 /* ElectrodeBridgeMessage.m in Sources */,
				6C6DCB54A33D448C96C280A9 /* ElectrodeBridgeProtocols.m in Sources */,
				263C6E5C4CBA43BD90566AEA /* ElectrodeBridgeRequest.m in Sources */,
				76AD3183C121490D89BAE73E /* ElectrodeBridgeResponse.m in Sources */,
				D9D080C9861A48B5A14BED95 /* ElectrodeBridgeTransaction.m in Sources */,
				0BD20B70C460496CACE62FEA /* ElectrodeBridgeTransceiver.m in Sources */,
				9C21CC5023A03BE4000F902C /* ENBarButtonItem.swift in Sources */,
				CF9DB83F070949918BB9C777 /* ElectrodeEventDispatcher.m in Sources */,
				81F749E5AEEA4BD297DCA358 /* ElectrodeEventRegistrar.m in Sources */,
				9C21CC4D23A03BE4000F902C /* MiniAppNavViewController.swift in Sources */,
				973854917F95404BB648DA4E /* ElectrodeRequestDispatcher.m in Sources */,
				9C21CC4F23A03BE4000F902C /* ENMiniAppNavDataProvider.swift in Sources */,
				B8A2B74C6CAA4EB5890EDE85 /* ElectrodeRequestRegistrar.m in Sources */,
				9C21CC4423A03BC0000F902C /* ENCoreDelegate.swift in Sources */,
				0D664964F95248EBBB6B39DD /* ElectrodeLogger.m in Sources */,
			);
			runOnlyForDeploymentPostprocessing = 0;
		};
		485009E81E2FF23C009B6610 /* Sources */ = {
			isa = PBXSourcesBuildPhase;
			buildActionMask = 2147483647;
			files = (
			);
			runOnlyForDeploymentPostprocessing = 0;
		};
/* End PBXSourcesBuildPhase section */

/* Begin PBXTargetDependency section */
		00BE925928E24E03AC7F99FB /* PBXTargetDependency */ = {
			isa = PBXTargetDependency;
			name = RCTLinking;
			targetProxy = 73990A949BAC4B589F353715 /* PBXContainerItemProxy */;
		};
		030C3C39345F43F3831FF671 /* PBXTargetDependency */ = {
			isa = PBXTargetDependency;
			name = RCTAnimation;
			targetProxy = 57862D91F06E4B40A49B482C /* PBXContainerItemProxy */;
		};
		36BAEE86C45A4100ACE64E94 /* PBXTargetDependency */ = {
			isa = PBXTargetDependency;
			name = React;
			targetProxy = 9A5DADAD4FC9480FA38D6981 /* PBXContainerItemProxy */;
		};
		3E3BF001879D46798FDC45CD /* PBXTargetDependency */ = {
			isa = PBXTargetDependency;
			name = RCTWebSocket;
			targetProxy = 9205B7D5F148460AADDBE3FD /* PBXContainerItemProxy */;
		};
		485009EF1E2FF23C009B6610 /* PBXTargetDependency */ = {
			isa = PBXTargetDependency;
			target = 485009E21E2FF23B009B6610 /* ElectrodeContainer */;
			targetProxy = 485009EE1E2FF23C009B6610 /* PBXContainerItemProxy */;
		};
		678910DB7520425AADBBA6CD /* PBXTargetDependency */ = {
			isa = PBXTargetDependency;
			name = RCTSettings;
			targetProxy = A52865224CB844CF9D0296F7 /* PBXContainerItemProxy */;
		};
		867D6F1C67794634B253C6ED /* PBXTargetDependency */ = {
			isa = PBXTargetDependency;
			name = RCTText;
			targetProxy = 132D81726F5D483AB792427E /* PBXContainerItemProxy */;
		};
		96C53148578C4030BC407171 /* PBXTargetDependency */ = {
			isa = PBXTargetDependency;
			name = RCTImage;
			targetProxy = BE547DBE9BC1434B93CF725C /* PBXContainerItemProxy */;
		};
		A63ADDAC37D5453CB0A18DE4 /* PBXTargetDependency */ = {
			isa = PBXTargetDependency;
			name = ART;
			targetProxy = 2402B43B68C94022B169EBB5 /* PBXContainerItemProxy */;
		};
		AE280279D8E942A2B77B3430 /* PBXTargetDependency */ = {
			isa = PBXTargetDependency;
			name = RCTCameraRoll;
			targetProxy = DCBEBAAB297D4AE58E798B04 /* PBXContainerItemProxy */;
		};
		AE7DDEE631D14BB9A0F8EB0D /* PBXTargetDependency */ = {
			isa = PBXTargetDependency;
			name = RCTActionSheet;
			targetProxy = E07D84ADD89B45559C953EBB /* PBXContainerItemProxy */;
		};
		C57AF07490A94D02A22F4AA3 /* PBXTargetDependency */ = {
			isa = PBXTargetDependency;
			name = RCTVibration;
			targetProxy = 72026704B0124D47A46AA1AB /* PBXContainerItemProxy */;
		};
		CBA091962F5047DA8CAD6EDA /* PBXTargetDependency */ = {
			isa = PBXTargetDependency;
			name = RCTNetwork;
			targetProxy = A1D812241FE44A5DBED01D7B /* PBXContainerItemProxy */;
		};
/* End PBXTargetDependency section */

/* Begin XCBuildConfiguration section */
		303268E41EA8139700A41A8F /* QADeployment */ = {
			isa = XCBuildConfiguration;
			baseConfigurationReference = 22CB683D20C9C46A0031A349 /* Project-QADeployment.xcconfig */;
			buildSettings = {
			};
			name = QADeployment;
		};
		303268E51EA8139700A41A8F /* QADeployment */ = {
			isa = XCBuildConfiguration;
			baseConfigurationReference = 22CB684020C9C46A0031A349 /* ElectrodeContainer-QADeployment.xcconfig */;
			buildSettings = {
			};
			name = QADeployment;
		};
		303268E61EA8139700A41A8F /* QADeployment */ = {
			isa = XCBuildConfiguration;
			baseConfigurationReference = 22CB684620C9C46A0031A349 /* ElectrodeContainerTests-QADeployment.xcconfig */;
			buildSettings = {
			};
			name = QADeployment;
		};
		485009F51E2FF23C009B6610 /* Debug */ = {
			isa = XCBuildConfiguration;
			baseConfigurationReference = 22CB684720C9C46A0031A349 /* Project-Debug.xcconfig */;
			buildSettings = {
			};
			name = Debug;
		};
		485009F61E2FF23C009B6610 /* Release */ = {
			isa = XCBuildConfiguration;
			baseConfigurationReference = 22CB683E20C9C46A0031A349 /* Project-Release.xcconfig */;
			buildSettings = {
			};
			name = Release;
		};
		485009F81E2FF23C009B6610 /* Debug */ = {
			isa = XCBuildConfiguration;
			baseConfigurationReference = 22CB684120C9C46A0031A349 /* ElectrodeContainer-Debug.xcconfig */;
			buildSettings = {
			};
			name = Debug;
		};
		485009F91E2FF23C009B6610 /* Release */ = {
			isa = XCBuildConfiguration;
			baseConfigurationReference = 22CB684220C9C46A0031A349 /* ElectrodeContainer-Release.xcconfig */;
			buildSettings = {
			};
			name = Release;
		};
		485009FB1E2FF23C009B6610 /* Debug */ = {
			isa = XCBuildConfiguration;
			baseConfigurationReference = 22CB684820C9C46B0031A349 /* ElectrodeContainerTests-Debug.xcconfig */;
			buildSettings = {
			};
			name = Debug;
		};
		485009FC1E2FF23C009B6610 /* Release */ = {
			isa = XCBuildConfiguration;
			baseConfigurationReference = 22CB684420C9C46A0031A349 /* ElectrodeContainerTests-Release.xcconfig */;
			buildSettings = {
			};
			name = Release;
		};
/* End XCBuildConfiguration section */

/* Begin XCConfigurationList section */
		485009DD1E2FF23B009B6610 /* Build configuration list for PBXProject "ElectrodeContainer" */ = {
			isa = XCConfigurationList;
			buildConfigurations = (
				485009F51E2FF23C009B6610 /* Debug */,
				303268E41EA8139700A41A8F /* QADeployment */,
				485009F61E2FF23C009B6610 /* Release */,
			);
			defaultConfigurationIsVisible = 0;
			defaultConfigurationName = Release;
		};
		485009F71E2FF23C009B6610 /* Build configuration list for PBXNativeTarget "ElectrodeContainer" */ = {
			isa = XCConfigurationList;
			buildConfigurations = (
				485009F81E2FF23C009B6610 /* Debug */,
				303268E51EA8139700A41A8F /* QADeployment */,
				485009F91E2FF23C009B6610 /* Release */,
			);
			defaultConfigurationIsVisible = 0;
			defaultConfigurationName = Release;
		};
		485009FA1E2FF23C009B6610 /* Build configuration list for PBXNativeTarget "ElectrodeContainerTests" */ = {
			isa = XCConfigurationList;
			buildConfigurations = (
				485009FB1E2FF23C009B6610 /* Debug */,
				303268E61EA8139700A41A8F /* QADeployment */,
				485009FC1E2FF23C009B6610 /* Release */,
			);
			defaultConfigurationIsVisible = 0;
			defaultConfigurationName = Release;
		};
/* End XCConfigurationList section */
	};
	rootObject = 485009DA1E2FF23B009B6610 /* Project object */;
}
