// !$*UTF8*$!
{
	archiveVersion = 1;
	classes = {
	};
	objectVersion = 46;
	objects = {
/* Begin PBXBuildFile section */
		2265A4A21EB26943007D6C3D /* Info.plist in Resources */ = {isa = PBXBuildFile; fileRef = 2265A4A11EB26943007D6C3D /* Info.plist */; };
		30B77DD61E66518E00EF3A78 /* ElectrodeBridgeDelegateTests.m in Sources */ = {isa = PBXBuildFile; fileRef = 30B77DD51E66518E00EF3A78 /* ElectrodeBridgeDelegateTests.m */; };
		30F8CDE41E677D7C00413247 /* ElectrodeReactNativeTests.m in Sources */ = {isa = PBXBuildFile; fileRef = 30F8CDE31E677D7C00413247 /* ElectrodeReactNativeTests.m */; };
		30F8CDEE1E67946E00413247 /* ElectrodeReactNative_Internal.h in Headers */ = {isa = PBXBuildFile; fileRef = 30F8CDED1E67946E00413247 /* ElectrodeReactNative_Internal.h */; };
		485009ED1E2FF23C009B6610 /* ElectrodeApiImpl.framework in Frameworks */ = {isa = PBXBuildFile; fileRef = 485009E31E2FF23B009B6610 /* ElectrodeApiImpl.framework */; };
		485009F21E2FF23C009B6610 /* ElectrodeApiImplTests.m in Sources */ = {isa = PBXBuildFile; fileRef = 485009F11E2FF23C009B6610 /* ElectrodeApiImplTests.m */; };
		485009F41E2FF23C009B6610 /* ElectrodeApiImpl.h in Headers */ = {isa = PBXBuildFile; fileRef = 485009E61E2FF23B009B6610 /* ElectrodeApiImpl.h */; settings = {ATTRIBUTES = (Public, ); }; };
		48500A981E2FF55B009B6610 /* ElectrodeReactNative.h in Headers */ = {isa = PBXBuildFile; fileRef = 48500A961E2FF55B009B6610 /* ElectrodeReactNative.h */; settings = {ATTRIBUTES = (Public, ); }; };
		48500A991E2FF55B009B6610 /* ElectrodeReactNative.m in Sources */ = {isa = PBXBuildFile; fileRef = 48500A971E2FF55B009B6610 /* ElectrodeReactNative.m */; };
		968333D71E54E3470031C565 /* ElectrodeBridgeDelegate.h in Headers */ = {isa = PBXBuildFile; fileRef = 968333D51E54E3470031C565 /* ElectrodeBridgeDelegate.h */; settings = {ATTRIBUTES = (Public, ); }; };
		968333D81E54E3470031C565 /* ElectrodeBridgeDelegate.m in Sources */ = {isa = PBXBuildFile; fileRef = 968333D61E54E3470031C565 /* ElectrodeBridgeDelegate.m */; };
		282B6DE7BA6F46BEAC077A3F /* ElectrodeObject.swift in Sources */ = {isa = PBXBuildFile; fileRef = 9B9CDF302A6F402BAA1C64B8 /* ElectrodeObject.swift */; };
		19D5B253E15845F0A6E5C488 /* Bridgeable.swift in Sources */ = {isa = PBXBuildFile; fileRef = B7B521BC338C4A718A78D2CD /* Bridgeable.swift */; };
		DE003AAB53EF4D17A484F758 /* ElectrodeRequestHandlerProcessor.swift in Sources */ = {isa = PBXBuildFile; fileRef = E45A102400304E44878826B0 /* ElectrodeRequestHandlerProcessor.swift */; };
		176E96F1646E48C39B1F88E8 /* ElectrodeRequestProcessor.swift in Sources */ = {isa = PBXBuildFile; fileRef = AD22F041FE514EA795BC4F41 /* ElectrodeRequestProcessor.swift */; };
		04DC8CB9932B4BA19315174E /* ElectrodeUtilities.swift in Sources */ = {isa = PBXBuildFile; fileRef = 429312E62A614E91947153B8 /* ElectrodeUtilities.swift */; };
		73E0ECE294984EB4AEA54BE6 /* EventListenerProcessor.swift in Sources */ = {isa = PBXBuildFile; fileRef = 9D1E07F22585484A90ABA5DF /* EventListenerProcessor.swift */; };
		942016D7779F4C89A4322981 /* EventProcessor.swift in Sources */ = {isa = PBXBuildFile; fileRef = A9BDF6434BD54464B115BDB0 /* EventProcessor.swift */; };
		49398F13519C493BAB5B79AF /* Processor.swift in Sources */ = {isa = PBXBuildFile; fileRef = 0BF9698C5300415AB6DC4C1A /* Processor.swift */; };
		82CBA81827F6428C840A8210 /* None.swift in Sources */ = {isa = PBXBuildFile; fileRef = B43743A2FDAF4E3FBE10FC85 /* None.swift */; };
		96984CA17C8F4B5B962D5E78 /* ElectrodeBridgeEvent.m in Sources */ = {isa = PBXBuildFile; fileRef = 29D3261F09C547F6BD9D4396 /* ElectrodeBridgeEvent.m */; };
		A19374775C014A0F8683C6CA /* ElectrodeBridgeFailureMessage.m in Sources */ = {isa = PBXBuildFile; fileRef = 587E06927BD94C62B27DDF87 /* ElectrodeBridgeFailureMessage.m */; };
		BF52814728494B9E98C29C91 /* ElectrodeBridgeHolder.m in Sources */ = {isa = PBXBuildFile; fileRef = 476BC8707028478AA16BF6BB /* ElectrodeBridgeHolder.m */; };
		9F4AC1E541174C50ADCEFCEB /* ElectrodeBridgeMessage.m in Sources */ = {isa = PBXBuildFile; fileRef = 70E0CB5ABF4F4C46812B4AF6 /* ElectrodeBridgeMessage.m */; };
		0FB5E87D2DB147EBB7E0983E /* ElectrodeBridgeProtocols.m in Sources */ = {isa = PBXBuildFile; fileRef = D96C31FB926646DB99C1532F /* ElectrodeBridgeProtocols.m */; };
		B2258421ED2444539E556FF0 /* ElectrodeBridgeRequest.m in Sources */ = {isa = PBXBuildFile; fileRef = 0B1D54B8C4D84F1E903D4149 /* ElectrodeBridgeRequest.m */; };
		90B43D950CE4449F8D5EBCC0 /* ElectrodeBridgeResponse.m in Sources */ = {isa = PBXBuildFile; fileRef = 2A9B82C974FC4769922D6176 /* ElectrodeBridgeResponse.m */; };
		EBB0028E49894B3FB02477F5 /* ElectrodeBridgeTransaction.m in Sources */ = {isa = PBXBuildFile; fileRef = C728B905F4AE46A0A4AF6BA8 /* ElectrodeBridgeTransaction.m */; };
		ECDE16A287D54A1084F18C6D /* ElectrodeBridgeTransceiver.m in Sources */ = {isa = PBXBuildFile; fileRef = 6205CB3C80444400969D7235 /* ElectrodeBridgeTransceiver.m */; };
		9BFAAF0D806E4673A258C0B9 /* ElectrodeEventDispatcher.m in Sources */ = {isa = PBXBuildFile; fileRef = A42C3BAE516F4161973E1430 /* ElectrodeEventDispatcher.m */; };
		2F9F84860374403FAA55B2B8 /* ElectrodeEventRegistrar.m in Sources */ = {isa = PBXBuildFile; fileRef = 58AA342E4189473C9BEDC7E4 /* ElectrodeEventRegistrar.m */; };
		FE12A775F7414BD89A4C7D6A /* ElectrodeRequestDispatcher.m in Sources */ = {isa = PBXBuildFile; fileRef = 9260CDC874A7448A8402E5A5 /* ElectrodeRequestDispatcher.m */; };
		DAE29EB0AD5741A3A792C070 /* ElectrodeRequestRegistrar.m in Sources */ = {isa = PBXBuildFile; fileRef = 7B494D5E25CB4A7ABD67CA80 /* ElectrodeRequestRegistrar.m */; };
		83F82BD6AE7A4F00A4B81174 /* ElectrodeLogger.m in Sources */ = {isa = PBXBuildFile; fileRef = 44426E72964F44E29B3D51F2 /* ElectrodeLogger.m */; };
		EE1CB07447C24FDE93A6BA19 /* ElectrodeBridgeEvent.h in Headers */ = {isa = PBXBuildFile; fileRef = B283C2C2541F44AAB339DC1E /* ElectrodeBridgeEvent.h */; settings = {ATTRIBUTES = (Public, ); }; };
		672467578A794FECA4B3859D /* ElectrodeBridgeFailureMessage.h in Headers */ = {isa = PBXBuildFile; fileRef = 80610BCF60A2462DA9C767CC /* ElectrodeBridgeFailureMessage.h */; settings = {ATTRIBUTES = (Public, ); }; };
		CDCDFD7AE896459492E33852 /* ElectrodeBridgeHolder.h in Headers */ = {isa = PBXBuildFile; fileRef = C89B217CD7E1415EA423E7FE /* ElectrodeBridgeHolder.h */; settings = {ATTRIBUTES = (Public, ); }; };
		608EB536E1B449CD86A426F7 /* ElectrodeBridgeMessage.h in Headers */ = {isa = PBXBuildFile; fileRef = 8ADEF28A1F884237AEB0FB6B /* ElectrodeBridgeMessage.h */; settings = {ATTRIBUTES = (Public, ); }; };
		ADDE5B7E15A3431787627DAA /* ElectrodeBridgeProtocols.h in Headers */ = {isa = PBXBuildFile; fileRef = FBDA29FF99334856B1A8B646 /* ElectrodeBridgeProtocols.h */; settings = {ATTRIBUTES = (Public, ); }; };
		002F1B034F184853AF3433FD /* ElectrodeBridgeRequest.h in Headers */ = {isa = PBXBuildFile; fileRef = EDFCB023E5754FA083F0BF91 /* ElectrodeBridgeRequest.h */; settings = {ATTRIBUTES = (Public, ); }; };
		D47BFD543C1F4D589F2CFF93 /* ElectrodeBridgeTransaction.h in Headers */ = {isa = PBXBuildFile; fileRef = 74D47731680049F883EA24B5 /* ElectrodeBridgeTransaction.h */; };
		CE70B057DD6C4D9A947E1C80 /* ElectrodeBridgeTransceiver.h in Headers */ = {isa = PBXBuildFile; fileRef = CF3FD68FABB44816A76F7019 /* ElectrodeBridgeTransceiver.h */; };
		09FBB8CDBF29476287761321 /* ElectrodeBridgeTransceiver_Internal.h in Headers */ = {isa = PBXBuildFile; fileRef = 8F2C2511CA664237AF8290E3 /* ElectrodeBridgeTransceiver_Internal.h */; };
		29AD1099AF644C739D76A6EA /* ElectrodeEventDispatcher.h in Headers */ = {isa = PBXBuildFile; fileRef = 73F694A96C97411EA284BDB8 /* ElectrodeEventDispatcher.h */; };
		4F333A4DD04A4990AEA5A8A3 /* ElectrodeEventRegistrar.h in Headers */ = {isa = PBXBuildFile; fileRef = B15C2BCF18F64BD295C3547A /* ElectrodeEventRegistrar.h */; };
		F323F118AE3041A1B29F0DAE /* ElectrodeRequestDispatcher.h in Headers */ = {isa = PBXBuildFile; fileRef = 8628867FDC2E46F8A0853A50 /* ElectrodeRequestDispatcher.h */; };
		C57A543E851A4FFE986560CC /* ElectrodeRequestRegistrar.h in Headers */ = {isa = PBXBuildFile; fileRef = D6C39D1774274C83ABD9066A /* ElectrodeRequestRegistrar.h */; };
		25211685C4864C8989B8D79B /* ElectrodeReactNativeBridge.h in Headers */ = {isa = PBXBuildFile; fileRef = 6D8EFE42F68A43359F037637 /* ElectrodeReactNativeBridge.h */; };
		F71B68579EC74D6DBE9816AA /* ElectrodeBridgeResponse.h in Headers */ = {isa = PBXBuildFile; fileRef = 97A42CC309DC46C9AC7FE0D8 /* ElectrodeBridgeResponse.h */; };
		9466B073746C4D04AB6E5B78 /* ElectrodeLogger.h in Headers */ = {isa = PBXBuildFile; fileRef = 3CC7472B406944F9BC7A1D68 /* ElectrodeLogger.h */; settings = {ATTRIBUTES = (Public, ); }; };
		4B1373DBF0754021B0AC2EBF /* EnNavigationAPI.swift in Sources */ = {isa = PBXBuildFile; fileRef = 6A308E5646A048709BCFFF1C /* EnNavigationAPI.swift */; };
		3FCAA3A9AF1C472FBAE80E12 /* EnNavigationEvents.swift in Sources */ = {isa = PBXBuildFile; fileRef = 8D037FFD9A1745DE80EDA6BA /* EnNavigationEvents.swift */; };
		1C4FA7F05F2C4A3B906D0C18 /* EnNavigationRequests.swift in Sources */ = {isa = PBXBuildFile; fileRef = 55CED0A3715E4B0ABDE0E638 /* EnNavigationRequests.swift */; };
		A0C79EEFD18C4F4A8B10B15D /* ErnRoute.swift in Sources */ = {isa = PBXBuildFile; fileRef = E39697F3BCBC4F96AB010024 /* ErnRoute.swift */; };
		F6F4AE66C6434F38A14186A5 /* NavigationBar.swift in Sources */ = {isa = PBXBuildFile; fileRef = 768D5061DB09414BB0D9907D /* NavigationBar.swift */; };
		EF9CA10D4BF84B9AB46ADC28 /* NavigationBarButton.swift in Sources */ = {isa = PBXBuildFile; fileRef = E9AC10D0764248FBA3CA54B8 /* NavigationBarButton.swift */; };
		5B0CEE5D3C9A4062811B499D /* EnNavigationAPI.swift in Headers */ = {isa = PBXBuildFile; fileRef = 6A308E5646A048709BCFFF1C /* EnNavigationAPI.swift */; settings = {ATTRIBUTES = (Public, ); }; };
		3502E9A81A8F470C804ABBE1 /* EnNavigationEvents.swift in Headers */ = {isa = PBXBuildFile; fileRef = 8D037FFD9A1745DE80EDA6BA /* EnNavigationEvents.swift */; settings = {ATTRIBUTES = (Public, ); }; };
		A8C9BE1EE369436A9E10C28C /* EnNavigationRequests.swift in Headers */ = {isa = PBXBuildFile; fileRef = 55CED0A3715E4B0ABDE0E638 /* EnNavigationRequests.swift */; settings = {ATTRIBUTES = (Public, ); }; };
		2402A5C9D58A433191C62375 /* ErnRoute.swift in Headers */ = {isa = PBXBuildFile; fileRef = E39697F3BCBC4F96AB010024 /* ErnRoute.swift */; settings = {ATTRIBUTES = (Public, ); }; };
		45EE6FFEC039456D8FB608A4 /* NavigationBar.swift in Headers */ = {isa = PBXBuildFile; fileRef = 768D5061DB09414BB0D9907D /* NavigationBar.swift */; settings = {ATTRIBUTES = (Public, ); }; };
		F772B01C73944C40A9B2AA85 /* NavigationBarButton.swift in Headers */ = {isa = PBXBuildFile; fileRef = E9AC10D0764248FBA3CA54B8 /* NavigationBarButton.swift */; settings = {ATTRIBUTES = (Public, ); }; };
		AC13F81E1B514ADD9008CF90 /* libReact.a in Frameworks */ = {isa = PBXBuildFile; fileRef = DDF77449FB9E47208DD4D5E1 /* libReact.a */; };
		BDFA015DD7094E6389BCE716 /* libRCTActionSheet.a in Frameworks */ = {isa = PBXBuildFile; fileRef = F3E874E126B2460EA7CEF283 /* libRCTActionSheet.a */; };
		871E55295A104F35B5D096CE /* libRCTImage.a in Frameworks */ = {isa = PBXBuildFile; fileRef = A001387F2E5C4F87844F2656 /* libRCTImage.a */; };
		EAE1DD7F8A65480AABB98BBF /* libRCTAnimation.a in Frameworks */ = {isa = PBXBuildFile; fileRef = 1AF7988E2ED041EBA836FF71 /* libRCTAnimation.a */; };
		02B553C942E84CC2A8560B04 /* libRCTText.a in Frameworks */ = {isa = PBXBuildFile; fileRef = 97E645886E1441EF98AFE2EB /* libRCTText.a */; };
		8363B5AE3AD74E189AFDE51C /* libRCTWebSocket.a in Frameworks */ = {isa = PBXBuildFile; fileRef = CCFD9D6DCE5D4CECBB7931A6 /* libRCTWebSocket.a */; };
		12630916984444BD91371DF1 /* libRCTGeolocation.a in Frameworks */ = {isa = PBXBuildFile; fileRef = B3A4324E42B74D7299394A60 /* libRCTGeolocation.a */; };
		F6C341F0CA1844DBA5E6025C /* libRCTLinking.a in Frameworks */ = {isa = PBXBuildFile; fileRef = 403C6791A45D4A62849CFD63 /* libRCTLinking.a */; };
		FCC123A3B53C4C71915BDC06 /* libRCTNetwork.a in Frameworks */ = {isa = PBXBuildFile; fileRef = 1E28BE6655524F9DB4D3A2A6 /* libRCTNetwork.a */; };
		EF5F0875CC0747DE85EF378A /* libRCTSettings.a in Frameworks */ = {isa = PBXBuildFile; fileRef = 2DBC04D0AF2B44B395C5694D /* libRCTSettings.a */; };
		354FC775B58D45F2BA22CAD1 /* libRCTVibration.a in Frameworks */ = {isa = PBXBuildFile; fileRef = 24345EA1CF9C4208B877F68C /* libRCTVibration.a */; };
		5ECD5A5793E144C5A58B8357 /* libRCTCameraRoll.a in Frameworks */ = {isa = PBXBuildFile; fileRef = 9A6363F7D7314F089C23F19E /* libRCTCameraRoll.a */; };
		7E90EAA0A29D499AA1087CD9 /* libART.a in Frameworks */ = {isa = PBXBuildFile; fileRef = C03B177714D44DB194969F68 /* libART.a */; };
		84C4883DD1A64AC2B6EFB718 /* JavaScriptCore.framework in Frameworks */ = {isa = PBXBuildFile; fileRef = 03C44F5D8BCC4C55831DF944 /* JavaScriptCore.framework */; };
		1A4E09BFED0644DAA0BE7C64 /* RequestHandlerConfig.swift in Sources */ = {isa = PBXBuildFile; fileRef = BC9E0BE8382B4D0185DA6062 /* RequestHandlerConfig.swift */; };
		6D10D5630CE745A19EF4003B /* RequestHandlerProvider.swift in Sources */ = {isa = PBXBuildFile; fileRef = 7A07A298E30C41E4BB11DF0B /* RequestHandlerProvider.swift */; };
		EEB16C45456548D38737A487 /* EnNavigationApiController.swift in Sources */ = {isa = PBXBuildFile; fileRef = 5B09B8A922134B309568EEDC /* EnNavigationApiController.swift */; };
		67F0ED6E9A604CDCAD6ED2C1 /* EnNavigationApiRequestHandlerDelegate.swift in Sources */ = {isa = PBXBuildFile; fileRef = 7E33527FD1734F2698B18F9B /* EnNavigationApiRequestHandlerDelegate.swift */; };
/* End PBXBuildFile section */

/* Begin PBXContainerItemProxy section */
		485009EE1E2FF23C009B6610 /* PBXContainerItemProxy */ = {
			isa = PBXContainerItemProxy;
			containerPortal = 485009DA1E2FF23B009B6610 /* Project object */;
			proxyType = 1;
			remoteGlobalIDString = 485009E21E2FF23B009B6610;
			remoteInfo = ElectrodeApiImpl;
		};
		4C3FCF88B0634F4F9E6A22E3 /* PBXContainerItemProxy */ = {
			isa = PBXContainerItemProxy;
			containerPortal = D6DFD4C4C1BE43EF91BE2794 /* React.xcodeproj */;
			proxyType = 1;
			remoteGlobalIDString = AC13F81E1B514ADD9008CF90;
			remoteInfo = React;
		};
		F42B2824A6894382A0706C86 /* PBXContainerItemProxy */ = {
			isa = PBXContainerItemProxy;
			containerPortal = D6DFD4C4C1BE43EF91BE2794 /* React.xcodeproj */;
			proxyType = 2;
			remoteGlobalIDString = 83CBBA2E1A601D0E00E9B192;
			remoteInfo = React;
		};
		C3309B10D67F4E63BCB51C53 /* PBXContainerItemProxy */ = {
			isa = PBXContainerItemProxy;
			containerPortal = E76F105E0F364ADAB1289B81 /* RCTActionSheet.xcodeproj */;
			proxyType = 1;
			remoteGlobalIDString = BDFA015DD7094E6389BCE716;
			remoteInfo = RCTActionSheet;
		};
		16612BEBEFAD4964BF149D1C /* PBXContainerItemProxy */ = {
			isa = PBXContainerItemProxy;
			containerPortal = E76F105E0F364ADAB1289B81 /* RCTActionSheet.xcodeproj */;
			proxyType = 2;
			remoteGlobalIDString = 134814201AA4EA6300B7C361;
			remoteInfo = RCTActionSheet;
		};
		C160CD2D8F704A40AC267BE1 /* PBXContainerItemProxy */ = {
			isa = PBXContainerItemProxy;
			containerPortal = 4B398C5EBF134C42BD6D4464 /* RCTImage.xcodeproj */;
			proxyType = 1;
			remoteGlobalIDString = 871E55295A104F35B5D096CE;
			remoteInfo = RCTImage;
		};
		211DADD5A7034F46B2AEBD4F /* PBXContainerItemProxy */ = {
			isa = PBXContainerItemProxy;
			containerPortal = 4B398C5EBF134C42BD6D4464 /* RCTImage.xcodeproj */;
			proxyType = 2;
			remoteGlobalIDString = 58B5115D1A9E6B3D00147676;
			remoteInfo = RCTImage;
		};
		959838D6640A4C2CA57AA0CA /* PBXContainerItemProxy */ = {
			isa = PBXContainerItemProxy;
			containerPortal = 1A3463155D32491FBB2D2368 /* RCTAnimation.xcodeproj */;
			proxyType = 1;
			remoteGlobalIDString = EAE1DD7F8A65480AABB98BBF;
			remoteInfo = RCTAnimation;
		};
		22FC1C0BABEE43B7AC6CA322 /* PBXContainerItemProxy */ = {
			isa = PBXContainerItemProxy;
			containerPortal = 1A3463155D32491FBB2D2368 /* RCTAnimation.xcodeproj */;
			proxyType = 2;
			remoteGlobalIDString = 134814201AA4EA6300B7C361;
			remoteInfo = RCTAnimation;
		};
		E4478DA1FFBA4FBEA791E512 /* PBXContainerItemProxy */ = {
			isa = PBXContainerItemProxy;
			containerPortal = 4DB123D304664570804D4BB0 /* RCTText.xcodeproj */;
			proxyType = 1;
			remoteGlobalIDString = 02B553C942E84CC2A8560B04;
			remoteInfo = RCTText;
		};
		608D34BB99264191ACDA99B6 /* PBXContainerItemProxy */ = {
			isa = PBXContainerItemProxy;
			containerPortal = 4DB123D304664570804D4BB0 /* RCTText.xcodeproj */;
			proxyType = 2;
			remoteGlobalIDString = 58B5119B1A9E6C1200147676;
			remoteInfo = RCTText;
		};
		637BA2D783F047FC89892284 /* PBXContainerItemProxy */ = {
			isa = PBXContainerItemProxy;
			containerPortal = A45F7FD967BA467888224381 /* RCTWebSocket.xcodeproj */;
			proxyType = 1;
			remoteGlobalIDString = 8363B5AE3AD74E189AFDE51C;
			remoteInfo = RCTWebSocket;
		};
		274C0A11DCBE48E3B61DD839 /* PBXContainerItemProxy */ = {
			isa = PBXContainerItemProxy;
			containerPortal = A45F7FD967BA467888224381 /* RCTWebSocket.xcodeproj */;
			proxyType = 2;
			remoteGlobalIDString = 3C86DF461ADF2C930047B81A;
			remoteInfo = RCTWebSocket;
		};
		15628E64F0E64B6CB4E5E9E6 /* PBXContainerItemProxy */ = {
			isa = PBXContainerItemProxy;
			containerPortal = 5800753F8F334933A745F4E7 /* RCTGeolocation.xcodeproj */;
			proxyType = 1;
			remoteGlobalIDString = 12630916984444BD91371DF1;
			remoteInfo = RCTGeolocation;
		};
		11A5163B47FC403CAFFF3AE5 /* PBXContainerItemProxy */ = {
			isa = PBXContainerItemProxy;
			containerPortal = 5800753F8F334933A745F4E7 /* RCTGeolocation.xcodeproj */;
			proxyType = 2;
			remoteGlobalIDString = 134814201AA4EA6300B7C361;
			remoteInfo = RCTGeolocation;
		};
		298EC61486DF48888DF12D10 /* PBXContainerItemProxy */ = {
			isa = PBXContainerItemProxy;
			containerPortal = 64B8E0F266164E01B749365A /* RCTLinking.xcodeproj */;
			proxyType = 1;
			remoteGlobalIDString = F6C341F0CA1844DBA5E6025C;
			remoteInfo = RCTLinking;
		};
		80AFD372C02647C1A87550BA /* PBXContainerItemProxy */ = {
			isa = PBXContainerItemProxy;
			containerPortal = 64B8E0F266164E01B749365A /* RCTLinking.xcodeproj */;
			proxyType = 2;
			remoteGlobalIDString = 134814201AA4EA6300B7C361;
			remoteInfo = RCTLinking;
		};
		171F758740254DA08606BE15 /* PBXContainerItemProxy */ = {
			isa = PBXContainerItemProxy;
			containerPortal = 9FA6A419CAE24164B6A95DBF /* RCTNetwork.xcodeproj */;
			proxyType = 1;
			remoteGlobalIDString = FCC123A3B53C4C71915BDC06;
			remoteInfo = RCTNetwork;
		};
		F749EF1BAF19476DB6A6EFBC /* PBXContainerItemProxy */ = {
			isa = PBXContainerItemProxy;
			containerPortal = 9FA6A419CAE24164B6A95DBF /* RCTNetwork.xcodeproj */;
			proxyType = 2;
			remoteGlobalIDString = 58B511DB1A9E6C8500147676;
			remoteInfo = RCTNetwork;
		};
		7642841F91CE4DA08CFA5FBF /* PBXContainerItemProxy */ = {
			isa = PBXContainerItemProxy;
			containerPortal = A8AF839BB9BE4C2895FF160C /* RCTSettings.xcodeproj */;
			proxyType = 1;
			remoteGlobalIDString = EF5F0875CC0747DE85EF378A;
			remoteInfo = RCTSettings;
		};
		8216BF6882314224807EEDAF /* PBXContainerItemProxy */ = {
			isa = PBXContainerItemProxy;
			containerPortal = A8AF839BB9BE4C2895FF160C /* RCTSettings.xcodeproj */;
			proxyType = 2;
			remoteGlobalIDString = 134814201AA4EA6300B7C361;
			remoteInfo = RCTSettings;
		};
		57DA716558A5450CB0C8E3D4 /* PBXContainerItemProxy */ = {
			isa = PBXContainerItemProxy;
			containerPortal = B73341D42A7D479C821332C6 /* RCTVibration.xcodeproj */;
			proxyType = 1;
			remoteGlobalIDString = 354FC775B58D45F2BA22CAD1;
			remoteInfo = RCTVibration;
		};
		FF12947A9AD740ED8CD35568 /* PBXContainerItemProxy */ = {
			isa = PBXContainerItemProxy;
			containerPortal = B73341D42A7D479C821332C6 /* RCTVibration.xcodeproj */;
			proxyType = 2;
			remoteGlobalIDString = 832C81801AAF6DEF007FA2F7;
			remoteInfo = RCTVibration;
		};
		79443CBCA2EA4313962CAF3B /* PBXContainerItemProxy */ = {
			isa = PBXContainerItemProxy;
			containerPortal = 8846461107FE425EAA991D82 /* RCTCameraRoll.xcodeproj */;
			proxyType = 1;
			remoteGlobalIDString = 5ECD5A5793E144C5A58B8357;
			remoteInfo = RCTCameraRoll;
		};
		F236AF40C1FE4936BFABE8A1 /* PBXContainerItemProxy */ = {
			isa = PBXContainerItemProxy;
			containerPortal = 8846461107FE425EAA991D82 /* RCTCameraRoll.xcodeproj */;
			proxyType = 2;
			remoteGlobalIDString = 58B5115D1A9E6B3D00147676;
			remoteInfo = RCTCameraRoll;
		};
		98132EE853BA466889CAFC92 /* PBXContainerItemProxy */ = {
			isa = PBXContainerItemProxy;
			containerPortal = 557EC41769974758BBF159F1 /* ART.xcodeproj */;
			proxyType = 1;
			remoteGlobalIDString = 7E90EAA0A29D499AA1087CD9;
			remoteInfo = ART;
		};
		F7ADFD410206496BB28E0282 /* PBXContainerItemProxy */ = {
			isa = PBXContainerItemProxy;
			containerPortal = 557EC41769974758BBF159F1 /* ART.xcodeproj */;
			proxyType = 2;
			remoteGlobalIDString = 0CF68AC11AF0540F00FF9E5C;
			remoteInfo = ART;
		};
/* End PBXContainerItemProxy section */

/* Begin PBXFileReference section */
		2265A4A11EB26943007D6C3D /* Info.plist */ = {isa = PBXFileReference; fileEncoding = 4; lastKnownFileType = text.plist.xml; path = Info.plist; sourceTree = "<group>"; };
		30B77DD51E66518E00EF3A78 /* ElectrodeBridgeDelegateTests.m */ = {isa = PBXFileReference; fileEncoding = 4; lastKnownFileType = sourcecode.c.objc; path = ElectrodeBridgeDelegateTests.m; sourceTree = "<group>"; };
		30F8CDE31E677D7C00413247 /* ElectrodeReactNativeTests.m */ = {isa = PBXFileReference; fileEncoding = 4; lastKnownFileType = sourcecode.c.objc; path = ElectrodeReactNativeTests.m; sourceTree = "<group>"; };
		30F8CDED1E67946E00413247 /* ElectrodeReactNative_Internal.h */ = {isa = PBXFileReference; fileEncoding = 4; lastKnownFileType = sourcecode.c.h; path = ElectrodeReactNative_Internal.h; sourceTree = "<group>"; };
		485009E31E2FF23B009B6610 /* ElectrodeApiImpl.framework */ = {isa = PBXFileReference; explicitFileType = wrapper.framework; includeInIndex = 0; path = ElectrodeApiImpl.framework; sourceTree = BUILT_PRODUCTS_DIR; };
		485009E61E2FF23B009B6610 /* ElectrodeApiImpl.h */ = {isa = PBXFileReference; lastKnownFileType = sourcecode.c.h; path = ElectrodeApiImpl.h; sourceTree = "<group>"; };
		485009EC1E2FF23C009B6610 /* ElectrodeApiImplTests.xctest */ = {isa = PBXFileReference; explicitFileType = wrapper.cfbundle; includeInIndex = 0; path = ElectrodeApiImplTests.xctest; sourceTree = BUILT_PRODUCTS_DIR; };
		485009F11E2FF23C009B6610 /* ElectrodeApiImplTests.m */ = {isa = PBXFileReference; lastKnownFileType = sourcecode.c.objc; path = ElectrodeApiImplTests.m; sourceTree = "<group>"; };
		485009F31E2FF23C009B6610 /* Info.plist */ = {isa = PBXFileReference; lastKnownFileType = text.plist.xml; path = Info.plist; sourceTree = "<group>"; };
		48500A961E2FF55B009B6610 /* ElectrodeReactNative.h */ = {isa = PBXFileReference; fileEncoding = 4; lastKnownFileType = sourcecode.c.h; path = ElectrodeReactNative.h; sourceTree = "<group>"; };
		48500A971E2FF55B009B6610 /* ElectrodeReactNative.m */ = {isa = PBXFileReference; fileEncoding = 4; lastKnownFileType = sourcecode.c.objc; path = ElectrodeReactNative.m; sourceTree = "<group>"; };
		968333D51E54E3470031C565 /* ElectrodeBridgeDelegate.h */ = {isa = PBXFileReference; fileEncoding = 4; lastKnownFileType = sourcecode.c.h; path = ElectrodeBridgeDelegate.h; sourceTree = "<group>"; };
		968333D61E54E3470031C565 /* ElectrodeBridgeDelegate.m */ = {isa = PBXFileReference; fileEncoding = 4; lastKnownFileType = sourcecode.c.objc; path = ElectrodeBridgeDelegate.m; sourceTree = "<group>"; };
		9B9CDF302A6F402BAA1C64B8 /* ElectrodeObject.swift */ = {isa = PBXFileReference; name = "ElectrodeObject.swift"; path = "ElectrodeReactNativeBridge/ElectrodeObject.swift"; sourceTree = "<group>"; fileEncoding = 4; lastKnownFileType = sourcecode.swift; explicitFileType = undefined; includeInIndex = 0; };
		B7B521BC338C4A718A78D2CD /* Bridgeable.swift */ = {isa = PBXFileReference; name = "Bridgeable.swift"; path = "ElectrodeReactNativeBridge/Bridgeable.swift"; sourceTree = "<group>"; fileEncoding = 4; lastKnownFileType = sourcecode.swift; explicitFileType = undefined; includeInIndex = 0; };
		E45A102400304E44878826B0 /* ElectrodeRequestHandlerProcessor.swift */ = {isa = PBXFileReference; name = "ElectrodeRequestHandlerProcessor.swift"; path = "ElectrodeReactNativeBridge/ElectrodeRequestHandlerProcessor.swift"; sourceTree = "<group>"; fileEncoding = 4; lastKnownFileType = sourcecode.swift; explicitFileType = undefined; includeInIndex = 0; };
		AD22F041FE514EA795BC4F41 /* ElectrodeRequestProcessor.swift */ = {isa = PBXFileReference; name = "ElectrodeRequestProcessor.swift"; path = "ElectrodeReactNativeBridge/ElectrodeRequestProcessor.swift"; sourceTree = "<group>"; fileEncoding = 4; lastKnownFileType = sourcecode.swift; explicitFileType = undefined; includeInIndex = 0; };
		429312E62A614E91947153B8 /* ElectrodeUtilities.swift */ = {isa = PBXFileReference; name = "ElectrodeUtilities.swift"; path = "ElectrodeReactNativeBridge/ElectrodeUtilities.swift"; sourceTree = "<group>"; fileEncoding = 4; lastKnownFileType = sourcecode.swift; explicitFileType = undefined; includeInIndex = 0; };
		9D1E07F22585484A90ABA5DF /* EventListenerProcessor.swift */ = {isa = PBXFileReference; name = "EventListenerProcessor.swift"; path = "ElectrodeReactNativeBridge/EventListenerProcessor.swift"; sourceTree = "<group>"; fileEncoding = 4; lastKnownFileType = sourcecode.swift; explicitFileType = undefined; includeInIndex = 0; };
		A9BDF6434BD54464B115BDB0 /* EventProcessor.swift */ = {isa = PBXFileReference; name = "EventProcessor.swift"; path = "ElectrodeReactNativeBridge/EventProcessor.swift"; sourceTree = "<group>"; fileEncoding = 4; lastKnownFileType = sourcecode.swift; explicitFileType = undefined; includeInIndex = 0; };
		0BF9698C5300415AB6DC4C1A /* Processor.swift */ = {isa = PBXFileReference; name = "Processor.swift"; path = "ElectrodeReactNativeBridge/Processor.swift"; sourceTree = "<group>"; fileEncoding = 4; lastKnownFileType = sourcecode.swift; explicitFileType = undefined; includeInIndex = 0; };
		B43743A2FDAF4E3FBE10FC85 /* None.swift */ = {isa = PBXFileReference; name = "None.swift"; path = "ElectrodeReactNativeBridge/None.swift"; sourceTree = "<group>"; fileEncoding = 4; lastKnownFileType = sourcecode.swift; explicitFileType = undefined; includeInIndex = 0; };
		29D3261F09C547F6BD9D4396 /* ElectrodeBridgeEvent.m */ = {isa = PBXFileReference; name = "ElectrodeBridgeEvent.m"; path = "ElectrodeReactNativeBridge/ElectrodeBridgeEvent.m"; sourceTree = "<group>"; fileEncoding = 4; lastKnownFileType = sourcecode.c.objc; explicitFileType = undefined; includeInIndex = 0; };
		587E06927BD94C62B27DDF87 /* ElectrodeBridgeFailureMessage.m */ = {isa = PBXFileReference; name = "ElectrodeBridgeFailureMessage.m"; path = "ElectrodeReactNativeBridge/ElectrodeBridgeFailureMessage.m"; sourceTree = "<group>"; fileEncoding = 4; lastKnownFileType = sourcecode.c.objc; explicitFileType = undefined; includeInIndex = 0; };
		476BC8707028478AA16BF6BB /* ElectrodeBridgeHolder.m */ = {isa = PBXFileReference; name = "ElectrodeBridgeHolder.m"; path = "ElectrodeReactNativeBridge/ElectrodeBridgeHolder.m"; sourceTree = "<group>"; fileEncoding = 4; lastKnownFileType = sourcecode.c.objc; explicitFileType = undefined; includeInIndex = 0; };
		70E0CB5ABF4F4C46812B4AF6 /* ElectrodeBridgeMessage.m */ = {isa = PBXFileReference; name = "ElectrodeBridgeMessage.m"; path = "ElectrodeReactNativeBridge/ElectrodeBridgeMessage.m"; sourceTree = "<group>"; fileEncoding = 4; lastKnownFileType = sourcecode.c.objc; explicitFileType = undefined; includeInIndex = 0; };
		D96C31FB926646DB99C1532F /* ElectrodeBridgeProtocols.m */ = {isa = PBXFileReference; name = "ElectrodeBridgeProtocols.m"; path = "ElectrodeReactNativeBridge/ElectrodeBridgeProtocols.m"; sourceTree = "<group>"; fileEncoding = 4; lastKnownFileType = sourcecode.c.objc; explicitFileType = undefined; includeInIndex = 0; };
		0B1D54B8C4D84F1E903D4149 /* ElectrodeBridgeRequest.m */ = {isa = PBXFileReference; name = "ElectrodeBridgeRequest.m"; path = "ElectrodeReactNativeBridge/ElectrodeBridgeRequest.m"; sourceTree = "<group>"; fileEncoding = 4; lastKnownFileType = sourcecode.c.objc; explicitFileType = undefined; includeInIndex = 0; };
		2A9B82C974FC4769922D6176 /* ElectrodeBridgeResponse.m */ = {isa = PBXFileReference; name = "ElectrodeBridgeResponse.m"; path = "ElectrodeReactNativeBridge/ElectrodeBridgeResponse.m"; sourceTree = "<group>"; fileEncoding = 4; lastKnownFileType = sourcecode.c.objc; explicitFileType = undefined; includeInIndex = 0; };
		C728B905F4AE46A0A4AF6BA8 /* ElectrodeBridgeTransaction.m */ = {isa = PBXFileReference; name = "ElectrodeBridgeTransaction.m"; path = "ElectrodeReactNativeBridge/ElectrodeBridgeTransaction.m"; sourceTree = "<group>"; fileEncoding = 4; lastKnownFileType = sourcecode.c.objc; explicitFileType = undefined; includeInIndex = 0; };
		6205CB3C80444400969D7235 /* ElectrodeBridgeTransceiver.m */ = {isa = PBXFileReference; name = "ElectrodeBridgeTransceiver.m"; path = "ElectrodeReactNativeBridge/ElectrodeBridgeTransceiver.m"; sourceTree = "<group>"; fileEncoding = 4; lastKnownFileType = sourcecode.c.objc; explicitFileType = undefined; includeInIndex = 0; };
		A42C3BAE516F4161973E1430 /* ElectrodeEventDispatcher.m */ = {isa = PBXFileReference; name = "ElectrodeEventDispatcher.m"; path = "ElectrodeReactNativeBridge/ElectrodeEventDispatcher.m"; sourceTree = "<group>"; fileEncoding = 4; lastKnownFileType = sourcecode.c.objc; explicitFileType = undefined; includeInIndex = 0; };
		58AA342E4189473C9BEDC7E4 /* ElectrodeEventRegistrar.m */ = {isa = PBXFileReference; name = "ElectrodeEventRegistrar.m"; path = "ElectrodeReactNativeBridge/ElectrodeEventRegistrar.m"; sourceTree = "<group>"; fileEncoding = 4; lastKnownFileType = sourcecode.c.objc; explicitFileType = undefined; includeInIndex = 0; };
		9260CDC874A7448A8402E5A5 /* ElectrodeRequestDispatcher.m */ = {isa = PBXFileReference; name = "ElectrodeRequestDispatcher.m"; path = "ElectrodeReactNativeBridge/ElectrodeRequestDispatcher.m"; sourceTree = "<group>"; fileEncoding = 4; lastKnownFileType = sourcecode.c.objc; explicitFileType = undefined; includeInIndex = 0; };
		7B494D5E25CB4A7ABD67CA80 /* ElectrodeRequestRegistrar.m */ = {isa = PBXFileReference; name = "ElectrodeRequestRegistrar.m"; path = "ElectrodeReactNativeBridge/ElectrodeRequestRegistrar.m"; sourceTree = "<group>"; fileEncoding = 4; lastKnownFileType = sourcecode.c.objc; explicitFileType = undefined; includeInIndex = 0; };
		44426E72964F44E29B3D51F2 /* ElectrodeLogger.m */ = {isa = PBXFileReference; name = "ElectrodeLogger.m"; path = "ElectrodeReactNativeBridge/ElectrodeLogger.m"; sourceTree = "<group>"; fileEncoding = 4; lastKnownFileType = sourcecode.c.objc; explicitFileType = undefined; includeInIndex = 0; };
		B283C2C2541F44AAB339DC1E /* ElectrodeBridgeEvent.h */ = {isa = PBXFileReference; name = "ElectrodeBridgeEvent.h"; path = "ElectrodeReactNativeBridge/ElectrodeBridgeEvent.h"; sourceTree = "<group>"; fileEncoding = 4; lastKnownFileType = sourcecode.c.h; explicitFileType = undefined; includeInIndex = 0; };
		80610BCF60A2462DA9C767CC /* ElectrodeBridgeFailureMessage.h */ = {isa = PBXFileReference; name = "ElectrodeBridgeFailureMessage.h"; path = "ElectrodeReactNativeBridge/ElectrodeBridgeFailureMessage.h"; sourceTree = "<group>"; fileEncoding = 4; lastKnownFileType = sourcecode.c.h; explicitFileType = undefined; includeInIndex = 0; };
		C89B217CD7E1415EA423E7FE /* ElectrodeBridgeHolder.h */ = {isa = PBXFileReference; name = "ElectrodeBridgeHolder.h"; path = "ElectrodeReactNativeBridge/ElectrodeBridgeHolder.h"; sourceTree = "<group>"; fileEncoding = 4; lastKnownFileType = sourcecode.c.h; explicitFileType = undefined; includeInIndex = 0; };
		8ADEF28A1F884237AEB0FB6B /* ElectrodeBridgeMessage.h */ = {isa = PBXFileReference; name = "ElectrodeBridgeMessage.h"; path = "ElectrodeReactNativeBridge/ElectrodeBridgeMessage.h"; sourceTree = "<group>"; fileEncoding = 4; lastKnownFileType = sourcecode.c.h; explicitFileType = undefined; includeInIndex = 0; };
		FBDA29FF99334856B1A8B646 /* ElectrodeBridgeProtocols.h */ = {isa = PBXFileReference; name = "ElectrodeBridgeProtocols.h"; path = "ElectrodeReactNativeBridge/ElectrodeBridgeProtocols.h"; sourceTree = "<group>"; fileEncoding = 4; lastKnownFileType = sourcecode.c.h; explicitFileType = undefined; includeInIndex = 0; };
		EDFCB023E5754FA083F0BF91 /* ElectrodeBridgeRequest.h */ = {isa = PBXFileReference; name = "ElectrodeBridgeRequest.h"; path = "ElectrodeReactNativeBridge/ElectrodeBridgeRequest.h"; sourceTree = "<group>"; fileEncoding = 4; lastKnownFileType = sourcecode.c.h; explicitFileType = undefined; includeInIndex = 0; };
		74D47731680049F883EA24B5 /* ElectrodeBridgeTransaction.h */ = {isa = PBXFileReference; name = "ElectrodeBridgeTransaction.h"; path = "ElectrodeReactNativeBridge/ElectrodeBridgeTransaction.h"; sourceTree = "<group>"; fileEncoding = 4; lastKnownFileType = sourcecode.c.h; explicitFileType = undefined; includeInIndex = 0; };
		CF3FD68FABB44816A76F7019 /* ElectrodeBridgeTransceiver.h */ = {isa = PBXFileReference; name = "ElectrodeBridgeTransceiver.h"; path = "ElectrodeReactNativeBridge/ElectrodeBridgeTransceiver.h"; sourceTree = "<group>"; fileEncoding = 4; lastKnownFileType = sourcecode.c.h; explicitFileType = undefined; includeInIndex = 0; };
		8F2C2511CA664237AF8290E3 /* ElectrodeBridgeTransceiver_Internal.h */ = {isa = PBXFileReference; name = "ElectrodeBridgeTransceiver_Internal.h"; path = "ElectrodeReactNativeBridge/ElectrodeBridgeTransceiver_Internal.h"; sourceTree = "<group>"; fileEncoding = 4; lastKnownFileType = sourcecode.c.h; explicitFileType = undefined; includeInIndex = 0; };
		73F694A96C97411EA284BDB8 /* ElectrodeEventDispatcher.h */ = {isa = PBXFileReference; name = "ElectrodeEventDispatcher.h"; path = "ElectrodeReactNativeBridge/ElectrodeEventDispatcher.h"; sourceTree = "<group>"; fileEncoding = 4; lastKnownFileType = sourcecode.c.h; explicitFileType = undefined; includeInIndex = 0; };
		B15C2BCF18F64BD295C3547A /* ElectrodeEventRegistrar.h */ = {isa = PBXFileReference; name = "ElectrodeEventRegistrar.h"; path = "ElectrodeReactNativeBridge/ElectrodeEventRegistrar.h"; sourceTree = "<group>"; fileEncoding = 4; lastKnownFileType = sourcecode.c.h; explicitFileType = undefined; includeInIndex = 0; };
		8628867FDC2E46F8A0853A50 /* ElectrodeRequestDispatcher.h */ = {isa = PBXFileReference; name = "ElectrodeRequestDispatcher.h"; path = "ElectrodeReactNativeBridge/ElectrodeRequestDispatcher.h"; sourceTree = "<group>"; fileEncoding = 4; lastKnownFileType = sourcecode.c.h; explicitFileType = undefined; includeInIndex = 0; };
		D6C39D1774274C83ABD9066A /* ElectrodeRequestRegistrar.h */ = {isa = PBXFileReference; name = "ElectrodeRequestRegistrar.h"; path = "ElectrodeReactNativeBridge/ElectrodeRequestRegistrar.h"; sourceTree = "<group>"; fileEncoding = 4; lastKnownFileType = sourcecode.c.h; explicitFileType = undefined; includeInIndex = 0; };
		6D8EFE42F68A43359F037637 /* ElectrodeReactNativeBridge.h */ = {isa = PBXFileReference; name = "ElectrodeReactNativeBridge.h"; path = "ElectrodeReactNativeBridge/ElectrodeReactNativeBridge.h"; sourceTree = "<group>"; fileEncoding = 4; lastKnownFileType = sourcecode.c.h; explicitFileType = undefined; includeInIndex = 0; };
		97A42CC309DC46C9AC7FE0D8 /* ElectrodeBridgeResponse.h */ = {isa = PBXFileReference; name = "ElectrodeBridgeResponse.h"; path = "ElectrodeReactNativeBridge/ElectrodeBridgeResponse.h"; sourceTree = "<group>"; fileEncoding = 4; lastKnownFileType = sourcecode.c.h; explicitFileType = undefined; includeInIndex = 0; };
		3CC7472B406944F9BC7A1D68 /* ElectrodeLogger.h */ = {isa = PBXFileReference; name = "ElectrodeLogger.h"; path = "ElectrodeReactNativeBridge/ElectrodeLogger.h"; sourceTree = "<group>"; fileEncoding = 4; lastKnownFileType = sourcecode.c.h; explicitFileType = undefined; includeInIndex = 0; };
		6A308E5646A048709BCFFF1C /* EnNavigationAPI.swift */ = {isa = PBXFileReference; name = "EnNavigationAPI.swift"; path = "APIs/EnNavigationAPI.swift"; sourceTree = "<group>"; fileEncoding = 4; lastKnownFileType = sourcecode.swift; explicitFileType = undefined; includeInIndex = 0; fileRef = 6A308E5646A048709BCFFF1C; basename = EnNavigationAPI.swift; target = undefined; uuid = 5B0CEE5D3C9A4062811B499D; settings = {ATTRIBUTES = (Public, ); }; };
		8D037FFD9A1745DE80EDA6BA /* EnNavigationEvents.swift */ = {isa = PBXFileReference; name = "EnNavigationEvents.swift"; path = "APIs/EnNavigationEvents.swift"; sourceTree = "<group>"; fileEncoding = 4; lastKnownFileType = sourcecode.swift; explicitFileType = undefined; includeInIndex = 0; fileRef = 8D037FFD9A1745DE80EDA6BA; basename = EnNavigationEvents.swift; target = undefined; uuid = 3502E9A81A8F470C804ABBE1; settings = {ATTRIBUTES = (Public, ); }; };
		55CED0A3715E4B0ABDE0E638 /* EnNavigationRequests.swift */ = {isa = PBXFileReference; name = "EnNavigationRequests.swift"; path = "APIs/EnNavigationRequests.swift"; sourceTree = "<group>"; fileEncoding = 4; lastKnownFileType = sourcecode.swift; explicitFileType = undefined; includeInIndex = 0; fileRef = 55CED0A3715E4B0ABDE0E638; basename = EnNavigationRequests.swift; target = undefined; uuid = A8C9BE1EE369436A9E10C28C; settings = {ATTRIBUTES = (Public, ); }; };
		E39697F3BCBC4F96AB010024 /* ErnRoute.swift */ = {isa = PBXFileReference; name = "ErnRoute.swift"; path = "APIs/ErnRoute.swift"; sourceTree = "<group>"; fileEncoding = 4; lastKnownFileType = sourcecode.swift; explicitFileType = undefined; includeInIndex = 0; fileRef = E39697F3BCBC4F96AB010024; basename = ErnRoute.swift; target = undefined; uuid = 2402A5C9D58A433191C62375; settings = {ATTRIBUTES = (Public, ); }; };
		768D5061DB09414BB0D9907D /* NavigationBar.swift */ = {isa = PBXFileReference; name = "NavigationBar.swift"; path = "APIs/NavigationBar.swift"; sourceTree = "<group>"; fileEncoding = 4; lastKnownFileType = sourcecode.swift; explicitFileType = undefined; includeInIndex = 0; fileRef = 768D5061DB09414BB0D9907D; basename = NavigationBar.swift; target = undefined; uuid = 45EE6FFEC039456D8FB608A4; settings = {ATTRIBUTES = (Public, ); }; };
		E9AC10D0764248FBA3CA54B8 /* NavigationBarButton.swift */ = {isa = PBXFileReference; name = "NavigationBarButton.swift"; path = "APIs/NavigationBarButton.swift"; sourceTree = "<group>"; fileEncoding = 4; lastKnownFileType = sourcecode.swift; explicitFileType = undefined; includeInIndex = 0; fileRef = E9AC10D0764248FBA3CA54B8; basename = NavigationBarButton.swift; target = undefined; uuid = F772B01C73944C40A9B2AA85; settings = {ATTRIBUTES = (Public, ); }; };
		D6DFD4C4C1BE43EF91BE2794 /* React.xcodeproj */ = {isa = PBXFileReference; name = "React.xcodeproj"; path = "ReactNative/React/React.xcodeproj"; sourceTree = "<group>"; fileEncoding = undefined; lastKnownFileType = wrapper.pb-project; explicitFileType = undefined; includeInIndex = 0; };
		DDF77449FB9E47208DD4D5E1 /* libReact.a */ = {isa = PBXFileReference; name = "libReact.a"; path = "libReact.a"; sourceTree = "<group>"; fileEncoding = undefined; lastKnownFileType = archive.ar; explicitFileType = undefined; includeInIndex = 0; };
		E76F105E0F364ADAB1289B81 /* RCTActionSheet.xcodeproj */ = {isa = PBXFileReference; name = "RCTActionSheet.xcodeproj"; path = "ReactNative/ActionSheetIOS/RCTActionSheet.xcodeproj"; sourceTree = "<group>"; fileEncoding = undefined; lastKnownFileType = wrapper.pb-project; explicitFileType = undefined; includeInIndex = 0; };
		F3E874E126B2460EA7CEF283 /* libRCTActionSheet.a */ = {isa = PBXFileReference; name = "libRCTActionSheet.a"; path = "libRCTActionSheet.a"; sourceTree = "<group>"; fileEncoding = undefined; lastKnownFileType = archive.ar; explicitFileType = undefined; includeInIndex = 0; };
		4B398C5EBF134C42BD6D4464 /* RCTImage.xcodeproj */ = {isa = PBXFileReference; name = "RCTImage.xcodeproj"; path = "ReactNative/Image/RCTImage.xcodeproj"; sourceTree = "<group>"; fileEncoding = undefined; lastKnownFileType = wrapper.pb-project; explicitFileType = undefined; includeInIndex = 0; };
		A001387F2E5C4F87844F2656 /* libRCTImage.a */ = {isa = PBXFileReference; name = "libRCTImage.a"; path = "libRCTImage.a"; sourceTree = "<group>"; fileEncoding = undefined; lastKnownFileType = archive.ar; explicitFileType = undefined; includeInIndex = 0; };
		1A3463155D32491FBB2D2368 /* RCTAnimation.xcodeproj */ = {isa = PBXFileReference; name = "RCTAnimation.xcodeproj"; path = "ReactNative/NativeAnimation/RCTAnimation.xcodeproj"; sourceTree = "<group>"; fileEncoding = undefined; lastKnownFileType = wrapper.pb-project; explicitFileType = undefined; includeInIndex = 0; };
		1AF7988E2ED041EBA836FF71 /* libRCTAnimation.a */ = {isa = PBXFileReference; name = "libRCTAnimation.a"; path = "libRCTAnimation.a"; sourceTree = "<group>"; fileEncoding = undefined; lastKnownFileType = archive.ar; explicitFileType = undefined; includeInIndex = 0; };
		4DB123D304664570804D4BB0 /* RCTText.xcodeproj */ = {isa = PBXFileReference; name = "RCTText.xcodeproj"; path = "ReactNative/Text/RCTText.xcodeproj"; sourceTree = "<group>"; fileEncoding = undefined; lastKnownFileType = wrapper.pb-project; explicitFileType = undefined; includeInIndex = 0; };
		97E645886E1441EF98AFE2EB /* libRCTText.a */ = {isa = PBXFileReference; name = "libRCTText.a"; path = "libRCTText.a"; sourceTree = "<group>"; fileEncoding = undefined; lastKnownFileType = archive.ar; explicitFileType = undefined; includeInIndex = 0; };
		A45F7FD967BA467888224381 /* RCTWebSocket.xcodeproj */ = {isa = PBXFileReference; name = "RCTWebSocket.xcodeproj"; path = "ReactNative/WebSocket/RCTWebSocket.xcodeproj"; sourceTree = "<group>"; fileEncoding = undefined; lastKnownFileType = wrapper.pb-project; explicitFileType = undefined; includeInIndex = 0; };
		CCFD9D6DCE5D4CECBB7931A6 /* libRCTWebSocket.a */ = {isa = PBXFileReference; name = "libRCTWebSocket.a"; path = "libRCTWebSocket.a"; sourceTree = "<group>"; fileEncoding = undefined; lastKnownFileType = archive.ar; explicitFileType = undefined; includeInIndex = 0; };
		5800753F8F334933A745F4E7 /* RCTGeolocation.xcodeproj */ = {isa = PBXFileReference; name = "RCTGeolocation.xcodeproj"; path = "ReactNative/Geolocation/RCTGeolocation.xcodeproj"; sourceTree = "<group>"; fileEncoding = undefined; lastKnownFileType = wrapper.pb-project; explicitFileType = undefined; includeInIndex = 0; };
		B3A4324E42B74D7299394A60 /* libRCTGeolocation.a */ = {isa = PBXFileReference; name = "libRCTGeolocation.a"; path = "libRCTGeolocation.a"; sourceTree = "<group>"; fileEncoding = undefined; lastKnownFileType = archive.ar; explicitFileType = undefined; includeInIndex = 0; };
		64B8E0F266164E01B749365A /* RCTLinking.xcodeproj */ = {isa = PBXFileReference; name = "RCTLinking.xcodeproj"; path = "ReactNative/LinkingIOS/RCTLinking.xcodeproj"; sourceTree = "<group>"; fileEncoding = undefined; lastKnownFileType = wrapper.pb-project; explicitFileType = undefined; includeInIndex = 0; };
		403C6791A45D4A62849CFD63 /* libRCTLinking.a */ = {isa = PBXFileReference; name = "libRCTLinking.a"; path = "libRCTLinking.a"; sourceTree = "<group>"; fileEncoding = undefined; lastKnownFileType = archive.ar; explicitFileType = undefined; includeInIndex = 0; };
		9FA6A419CAE24164B6A95DBF /* RCTNetwork.xcodeproj */ = {isa = PBXFileReference; name = "RCTNetwork.xcodeproj"; path = "ReactNative/Network/RCTNetwork.xcodeproj"; sourceTree = "<group>"; fileEncoding = undefined; lastKnownFileType = wrapper.pb-project; explicitFileType = undefined; includeInIndex = 0; };
		1E28BE6655524F9DB4D3A2A6 /* libRCTNetwork.a */ = {isa = PBXFileReference; name = "libRCTNetwork.a"; path = "libRCTNetwork.a"; sourceTree = "<group>"; fileEncoding = undefined; lastKnownFileType = archive.ar; explicitFileType = undefined; includeInIndex = 0; };
		A8AF839BB9BE4C2895FF160C /* RCTSettings.xcodeproj */ = {isa = PBXFileReference; name = "RCTSettings.xcodeproj"; path = "ReactNative/Settings/RCTSettings.xcodeproj"; sourceTree = "<group>"; fileEncoding = undefined; lastKnownFileType = wrapper.pb-project; explicitFileType = undefined; includeInIndex = 0; };
		2DBC04D0AF2B44B395C5694D /* libRCTSettings.a */ = {isa = PBXFileReference; name = "libRCTSettings.a"; path = "libRCTSettings.a"; sourceTree = "<group>"; fileEncoding = undefined; lastKnownFileType = archive.ar; explicitFileType = undefined; includeInIndex = 0; };
		B73341D42A7D479C821332C6 /* RCTVibration.xcodeproj */ = {isa = PBXFileReference; name = "RCTVibration.xcodeproj"; path = "ReactNative/Vibration/RCTVibration.xcodeproj"; sourceTree = "<group>"; fileEncoding = undefined; lastKnownFileType = wrapper.pb-project; explicitFileType = undefined; includeInIndex = 0; };
		24345EA1CF9C4208B877F68C /* libRCTVibration.a */ = {isa = PBXFileReference; name = "libRCTVibration.a"; path = "libRCTVibration.a"; sourceTree = "<group>"; fileEncoding = undefined; lastKnownFileType = archive.ar; explicitFileType = undefined; includeInIndex = 0; };
		8846461107FE425EAA991D82 /* RCTCameraRoll.xcodeproj */ = {isa = PBXFileReference; name = "RCTCameraRoll.xcodeproj"; path = "ReactNative/CameraRoll/RCTCameraRoll.xcodeproj"; sourceTree = "<group>"; fileEncoding = undefined; lastKnownFileType = wrapper.pb-project; explicitFileType = undefined; includeInIndex = 0; };
		9A6363F7D7314F089C23F19E /* libRCTCameraRoll.a */ = {isa = PBXFileReference; name = "libRCTCameraRoll.a"; path = "libRCTCameraRoll.a"; sourceTree = "<group>"; fileEncoding = undefined; lastKnownFileType = archive.ar; explicitFileType = undefined; includeInIndex = 0; };
		557EC41769974758BBF159F1 /* ART.xcodeproj */ = {isa = PBXFileReference; name = "ART.xcodeproj"; path = "ReactNative/ART/ART.xcodeproj"; sourceTree = "<group>"; fileEncoding = undefined; lastKnownFileType = wrapper.pb-project; explicitFileType = undefined; includeInIndex = 0; };
		C03B177714D44DB194969F68 /* libART.a */ = {isa = PBXFileReference; name = "libART.a"; path = "libART.a"; sourceTree = "<group>"; fileEncoding = undefined; lastKnownFileType = archive.ar; explicitFileType = undefined; includeInIndex = 0; };
		03C44F5D8BCC4C55831DF944 /* JavaScriptCore.framework */ = {isa = PBXFileReference; name = "JavaScriptCore.framework"; path = "/System/Library/Frameworks/JavaScriptCore.framework"; sourceTree = "<group>"; fileEncoding = undefined; lastKnownFileType = wrapper.framework; explicitFileType = undefined; includeInIndex = 0; };
		BC9E0BE8382B4D0185DA6062 /* RequestHandlerConfig.swift */ = {isa = PBXFileReference; name = "RequestHandlerConfig.swift"; path = "APIImpls/RequestHandlerConfig.swift"; sourceTree = "<group>"; fileEncoding = 4; lastKnownFileType = sourcecode.swift; explicitFileType = undefined; includeInIndex = 0; };
		7A07A298E30C41E4BB11DF0B /* RequestHandlerProvider.swift */ = {isa = PBXFileReference; name = "RequestHandlerProvider.swift"; path = "APIImpls/RequestHandlerProvider.swift"; sourceTree = "<group>"; fileEncoding = 4; lastKnownFileType = sourcecode.swift; explicitFileType = undefined; includeInIndex = 0; };
		5B09B8A922134B309568EEDC /* EnNavigationApiController.swift */ = {isa = PBXFileReference; name = "EnNavigationApiController.swift"; path = "APIImpls/EnNavigationApiController.swift"; sourceTree = "<group>"; fileEncoding = 4; lastKnownFileType = sourcecode.swift; explicitFileType = undefined; includeInIndex = 0; };
		7E33527FD1734F2698B18F9B /* EnNavigationApiRequestHandlerDelegate.swift */ = {isa = PBXFileReference; name = "EnNavigationApiRequestHandlerDelegate.swift"; path = "APIImpls/EnNavigationApiRequestHandlerDelegate.swift"; sourceTree = "<group>"; fileEncoding = 4; lastKnownFileType = sourcecode.swift; explicitFileType = undefined; includeInIndex = 0; };
/* End PBXFileReference section */

/* Begin PBXFrameworksBuildPhase section */
		485009DF1E2FF23B009B6610 /* Frameworks */ = {
			isa = PBXFrameworksBuildPhase;
			buildActionMask = 2147483647;
			files = (
				AC13F81E1B514ADD9008CF90 /* libReact.a in Frameworks */,
				BDFA015DD7094E6389BCE716 /* libRCTActionSheet.a in Frameworks */,
				871E55295A104F35B5D096CE /* libRCTImage.a in Frameworks */,
				EAE1DD7F8A65480AABB98BBF /* libRCTAnimation.a in Frameworks */,
				02B553C942E84CC2A8560B04 /* libRCTText.a in Frameworks */,
				8363B5AE3AD74E189AFDE51C /* libRCTWebSocket.a in Frameworks */,
				12630916984444BD91371DF1 /* libRCTGeolocation.a in Frameworks */,
				F6C341F0CA1844DBA5E6025C /* libRCTLinking.a in Frameworks */,
				FCC123A3B53C4C71915BDC06 /* libRCTNetwork.a in Frameworks */,
				EF5F0875CC0747DE85EF378A /* libRCTSettings.a in Frameworks */,
				354FC775B58D45F2BA22CAD1 /* libRCTVibration.a in Frameworks */,
				5ECD5A5793E144C5A58B8357 /* libRCTCameraRoll.a in Frameworks */,
				7E90EAA0A29D499AA1087CD9 /* libART.a in Frameworks */,
				84C4883DD1A64AC2B6EFB718 /* JavaScriptCore.framework in Frameworks */,
			);
			runOnlyForDeploymentPostprocessing = 0;
		};
		485009E91E2FF23C009B6610 /* Frameworks */ = {
			isa = PBXFrameworksBuildPhase;
			buildActionMask = 2147483647;
			files = (
				485009ED1E2FF23C009B6610 /* ElectrodeApiImpl.framework in Frameworks */,
			);
			runOnlyForDeploymentPostprocessing = 0;
		};
/* End PBXFrameworksBuildPhase section */

/* Begin PBXGroup section */
		226325CE1E80594F00CD0B10 /* ReactNative */ = {
			isa = PBXGroup;
			children = (
				D6DFD4C4C1BE43EF91BE2794 /* React.xcodeproj */,
				E76F105E0F364ADAB1289B81 /* RCTActionSheet.xcodeproj */,
				4B398C5EBF134C42BD6D4464 /* RCTImage.xcodeproj */,
				1A3463155D32491FBB2D2368 /* RCTAnimation.xcodeproj */,
				4DB123D304664570804D4BB0 /* RCTText.xcodeproj */,
				A45F7FD967BA467888224381 /* RCTWebSocket.xcodeproj */,
				5800753F8F334933A745F4E7 /* RCTGeolocation.xcodeproj */,
				64B8E0F266164E01B749365A /* RCTLinking.xcodeproj */,
				9FA6A419CAE24164B6A95DBF /* RCTNetwork.xcodeproj */,
				A8AF839BB9BE4C2895FF160C /* RCTSettings.xcodeproj */,
				B73341D42A7D479C821332C6 /* RCTVibration.xcodeproj */,
				8846461107FE425EAA991D82 /* RCTCameraRoll.xcodeproj */,
				557EC41769974758BBF159F1 /* ART.xcodeproj */,
			);
			name = ReactNative;
			sourceTree = "<group>";
		};
		22C096A91EA0893F00E1486A /* APIs */ = {
			isa = PBXGroup;
			children = (
				6A308E5646A048709BCFFF1C /* EnNavigationAPI.swift */,
				8D037FFD9A1745DE80EDA6BA /* EnNavigationEvents.swift */,
				55CED0A3715E4B0ABDE0E638 /* EnNavigationRequests.swift */,
				E39697F3BCBC4F96AB010024 /* ErnRoute.swift */,
				768D5061DB09414BB0D9907D /* NavigationBar.swift */,
				E9AC10D0764248FBA3CA54B8 /* NavigationBarButton.swift */,
			);
			name = APIs;
			sourceTree = "<group>";
		};
		22FD4D1E1E96ECBB00FC81DB /* ElectrodeReactNativeBridge */ = {
			isa = PBXGroup;
			children = (
				9B9CDF302A6F402BAA1C64B8 /* ElectrodeObject.swift */,
				B7B521BC338C4A718A78D2CD /* Bridgeable.swift */,
				E45A102400304E44878826B0 /* ElectrodeRequestHandlerProcessor.swift */,
				AD22F041FE514EA795BC4F41 /* ElectrodeRequestProcessor.swift */,
				429312E62A614E91947153B8 /* ElectrodeUtilities.swift */,
				9D1E07F22585484A90ABA5DF /* EventListenerProcessor.swift */,
				A9BDF6434BD54464B115BDB0 /* EventProcessor.swift */,
				0BF9698C5300415AB6DC4C1A /* Processor.swift */,
				B43743A2FDAF4E3FBE10FC85 /* None.swift */,
				29D3261F09C547F6BD9D4396 /* ElectrodeBridgeEvent.m */,
				587E06927BD94C62B27DDF87 /* ElectrodeBridgeFailureMessage.m */,
				476BC8707028478AA16BF6BB /* ElectrodeBridgeHolder.m */,
				70E0CB5ABF4F4C46812B4AF6 /* ElectrodeBridgeMessage.m */,
				D96C31FB926646DB99C1532F /* ElectrodeBridgeProtocols.m */,
				0B1D54B8C4D84F1E903D4149 /* ElectrodeBridgeRequest.m */,
				2A9B82C974FC4769922D6176 /* ElectrodeBridgeResponse.m */,
				C728B905F4AE46A0A4AF6BA8 /* ElectrodeBridgeTransaction.m */,
				6205CB3C80444400969D7235 /* ElectrodeBridgeTransceiver.m */,
				A42C3BAE516F4161973E1430 /* ElectrodeEventDispatcher.m */,
				58AA342E4189473C9BEDC7E4 /* ElectrodeEventRegistrar.m */,
				9260CDC874A7448A8402E5A5 /* ElectrodeRequestDispatcher.m */,
				7B494D5E25CB4A7ABD67CA80 /* ElectrodeRequestRegistrar.m */,
				44426E72964F44E29B3D51F2 /* ElectrodeLogger.m */,
				B283C2C2541F44AAB339DC1E /* ElectrodeBridgeEvent.h */,
				80610BCF60A2462DA9C767CC /* ElectrodeBridgeFailureMessage.h */,
				C89B217CD7E1415EA423E7FE /* ElectrodeBridgeHolder.h */,
				8ADEF28A1F884237AEB0FB6B /* ElectrodeBridgeMessage.h */,
				FBDA29FF99334856B1A8B646 /* ElectrodeBridgeProtocols.h */,
				EDFCB023E5754FA083F0BF91 /* ElectrodeBridgeRequest.h */,
				74D47731680049F883EA24B5 /* ElectrodeBridgeTransaction.h */,
				CF3FD68FABB44816A76F7019 /* ElectrodeBridgeTransceiver.h */,
				8F2C2511CA664237AF8290E3 /* ElectrodeBridgeTransceiver_Internal.h */,
				73F694A96C97411EA284BDB8 /* ElectrodeEventDispatcher.h */,
				B15C2BCF18F64BD295C3547A /* ElectrodeEventRegistrar.h */,
				8628867FDC2E46F8A0853A50 /* ElectrodeRequestDispatcher.h */,
				D6C39D1774274C83ABD9066A /* ElectrodeRequestRegistrar.h */,
				6D8EFE42F68A43359F037637 /* ElectrodeReactNativeBridge.h */,
				97A42CC309DC46C9AC7FE0D8 /* ElectrodeBridgeResponse.h */,
				3CC7472B406944F9BC7A1D68 /* ElectrodeLogger.h */,
			);
			name = ElectrodeReactNativeBridge;
			sourceTree = "<group>";
		};
		485009D91E2FF23B009B6610 = {
			isa = PBXGroup;
			children = (
				485009E51E2FF23B009B6610 /* ElectrodeApiImpl */,
				485009F01E2FF23C009B6610 /* ElectrodeApiImplTests */,
				485009E41E2FF23B009B6610 /* Products */,
				485009FD1E2FF25D009B6610 /* Libraries */,
				48500AA71E2FFA14009B6610 /* Frameworks */,
			);
			sourceTree = "<group>";
		};
		485009E41E2FF23B009B6610 /* Products */ = {
			isa = PBXGroup;
			children = (
				485009E31E2FF23B009B6610 /* ElectrodeApiImpl.framework */,
				485009EC1E2FF23C009B6610 /* ElectrodeApiImplTests.xctest */,
			);
			name = Products;
			sourceTree = "<group>";
		};
		485009E51E2FF23B009B6610 /* ElectrodeApiImpl */ = {
			isa = PBXGroup;
			children = (
				7F1C6B771FAD343A00F68360 /* APIImpls */,
				2265A4A11EB26943007D6C3D /* Info.plist */,
				22C096A91EA0893F00E1486A /* APIs */,
				22FD4D1E1E96ECBB00FC81DB /* ElectrodeReactNativeBridge */,
				968333D51E54E3470031C565 /* ElectrodeBridgeDelegate.h */,
				968333D61E54E3470031C565 /* ElectrodeBridgeDelegate.m */,
				485009E61E2FF23B009B6610 /* ElectrodeApiImpl.h */,
				48500A961E2FF55B009B6610 /* ElectrodeReactNative.h */,
				30F8CDED1E67946E00413247 /* ElectrodeReactNative_Internal.h */,
				48500A971E2FF55B009B6610 /* ElectrodeReactNative.m */,
			);
			path = ElectrodeApiImpl;
			sourceTree = "<group>";
		};
		485009F01E2FF23C009B6610 /* ElectrodeApiImplTests */ = {
			isa = PBXGroup;
			children = (
				485009F11E2FF23C009B6610 /* ElectrodeApiImplTests.m */,
				485009F31E2FF23C009B6610 /* Info.plist */,
				30B77DD51E66518E00EF3A78 /* ElectrodeBridgeDelegateTests.m */,
				30F8CDE31E677D7C00413247 /* ElectrodeReactNativeTests.m */,
			);
			path = ElectrodeApiImplTests;
			sourceTree = "<group>";
		};
		485009FD1E2FF25D009B6610 /* Libraries */ = {
			isa = PBXGroup;
			children = (
				226325CE1E80594F00CD0B10 /* ReactNative */,
				9654B8921E5CCA1D00AFF607 /* MiniApp */,
			);
			name = Libraries;
			path = ElectrodeApiImpl/Libraries;
			sourceTree = "<group>";
		};
		48500AA71E2FFA14009B6610 /* Frameworks */ = {
			isa = PBXGroup;
			children = (
				03C44F5D8BCC4C55831DF944 /* JavaScriptCore.framework */,
			);
			name = Frameworks;
			sourceTree = "<group>";
		};
		7F1C6B771FAD343A00F68360 /* APIImpls */ = {
			isa = PBXGroup;
			children = (
				BC9E0BE8382B4D0185DA6062 /* RequestHandlerConfig.swift */,
				7A07A298E30C41E4BB11DF0B /* RequestHandlerProvider.swift */,
				5B09B8A922134B309568EEDC /* EnNavigationApiController.swift */,
				7E33527FD1734F2698B18F9B /* EnNavigationApiRequestHandlerDelegate.swift */,
			);
			name = APIImpls;
			sourceTree = "<group>";
		};
		9654B8921E5CCA1D00AFF607 /* MiniApp */ = {
			isa = PBXGroup;
			children = (
			);
			path = MiniApp;
			sourceTree = "<group>";
		};
		F374D3FF777C48CB92F2C588 /* Products */ = {
			isa = PBXGroup;
			children = (
				DDF77449FB9E47208DD4D5E1 /* libReact.a */,
			);
			name = Products;
			path = undefined;
			sourceTree = "<group>";
		};
		AD9083BDCD0046AE931866D5 /* Products */ = {
			isa = PBXGroup;
			children = (
				F3E874E126B2460EA7CEF283 /* libRCTActionSheet.a */,
			);
			name = Products;
			path = undefined;
			sourceTree = "<group>";
		};
		F6618ACB5B534CA5B6EB7E69 /* Products */ = {
			isa = PBXGroup;
			children = (
				A001387F2E5C4F87844F2656 /* libRCTImage.a */,
			);
			name = Products;
			path = undefined;
			sourceTree = "<group>";
		};
		B9DC5B9E7EEE49AEA4A6C5CE /* Products */ = {
			isa = PBXGroup;
			children = (
				1AF7988E2ED041EBA836FF71 /* libRCTAnimation.a */,
			);
			name = Products;
			path = undefined;
			sourceTree = "<group>";
		};
		82043B72C6184A279FD3F255 /* Products */ = {
			isa = PBXGroup;
			children = (
				97E645886E1441EF98AFE2EB /* libRCTText.a */,
			);
			name = Products;
			path = undefined;
			sourceTree = "<group>";
		};
		E8A805972E6E4795BA3B5863 /* Products */ = {
			isa = PBXGroup;
			children = (
				CCFD9D6DCE5D4CECBB7931A6 /* libRCTWebSocket.a */,
			);
			name = Products;
			path = undefined;
			sourceTree = "<group>";
		};
		8A9E07C646C343DCAB6DA2AC /* Products */ = {
			isa = PBXGroup;
			children = (
				B3A4324E42B74D7299394A60 /* libRCTGeolocation.a */,
			);
			name = Products;
			path = undefined;
			sourceTree = "<group>";
		};
		E049A00B6CA04C2781957777 /* Products */ = {
			isa = PBXGroup;
			children = (
				403C6791A45D4A62849CFD63 /* libRCTLinking.a */,
			);
			name = Products;
			path = undefined;
			sourceTree = "<group>";
		};
		6F99A2C5597E49B3867CC865 /* Products */ = {
			isa = PBXGroup;
			children = (
				1E28BE6655524F9DB4D3A2A6 /* libRCTNetwork.a */,
			);
			name = Products;
			path = undefined;
			sourceTree = "<group>";
		};
		7FB527DE09C54F19B300ABAD /* Products */ = {
			isa = PBXGroup;
			children = (
				2DBC04D0AF2B44B395C5694D /* libRCTSettings.a */,
			);
			name = Products;
			path = undefined;
			sourceTree = "<group>";
		};
		E60BA55F12D04FB9B305B23C /* Products */ = {
			isa = PBXGroup;
			children = (
				24345EA1CF9C4208B877F68C /* libRCTVibration.a */,
			);
			name = Products;
			path = undefined;
			sourceTree = "<group>";
		};
		921E1710F09F4391858990C3 /* Products */ = {
			isa = PBXGroup;
			children = (
				9A6363F7D7314F089C23F19E /* libRCTCameraRoll.a */,
			);
			name = Products;
			path = undefined;
			sourceTree = "<group>";
		};
		58E6BD4A628D48A9B6ADA90A /* Products */ = {
			isa = PBXGroup;
			children = (
				C03B177714D44DB194969F68 /* libART.a */,
			);
			name = Products;
			path = undefined;
			sourceTree = "<group>";
		};
/* End PBXGroup section */

/* Begin PBXHeadersBuildPhase section */
		485009E01E2FF23B009B6610 /* Headers */ = {
			isa = PBXHeadersBuildPhase;
			buildActionMask = 2147483647;
			files = (
				485009F41E2FF23C009B6610 /* ElectrodeApiImpl.h in Headers */,
				968333D71E54E3470031C565 /* ElectrodeBridgeDelegate.h in Headers */,
				30F8CDEE1E67946E00413247 /* ElectrodeReactNative_Internal.h in Headers */,
				48500A981E2FF55B009B6610 /* ElectrodeReactNative.h in Headers */,
				EE1CB07447C24FDE93A6BA19 /* ElectrodeBridgeEvent.h in Headers */,
				672467578A794FECA4B3859D /* ElectrodeBridgeFailureMessage.h in Headers */,
				CDCDFD7AE896459492E33852 /* ElectrodeBridgeHolder.h in Headers */,
				608EB536E1B449CD86A426F7 /* ElectrodeBridgeMessage.h in Headers */,
				ADDE5B7E15A3431787627DAA /* ElectrodeBridgeProtocols.h in Headers */,
				002F1B034F184853AF3433FD /* ElectrodeBridgeRequest.h in Headers */,
				D47BFD543C1F4D589F2CFF93 /* ElectrodeBridgeTransaction.h in Headers */,
				CE70B057DD6C4D9A947E1C80 /* ElectrodeBridgeTransceiver.h in Headers */,
				09FBB8CDBF29476287761321 /* ElectrodeBridgeTransceiver_Internal.h in Headers */,
				29AD1099AF644C739D76A6EA /* ElectrodeEventDispatcher.h in Headers */,
				4F333A4DD04A4990AEA5A8A3 /* ElectrodeEventRegistrar.h in Headers */,
				F323F118AE3041A1B29F0DAE /* ElectrodeRequestDispatcher.h in Headers */,
				C57A543E851A4FFE986560CC /* ElectrodeRequestRegistrar.h in Headers */,
				25211685C4864C8989B8D79B /* ElectrodeReactNativeBridge.h in Headers */,
				F71B68579EC74D6DBE9816AA /* ElectrodeBridgeResponse.h in Headers */,
				9466B073746C4D04AB6E5B78 /* ElectrodeLogger.h in Headers */,
				5B0CEE5D3C9A4062811B499D /* EnNavigationAPI.swift in Headers */,
				3502E9A81A8F470C804ABBE1 /* EnNavigationEvents.swift in Headers */,
				A8C9BE1EE369436A9E10C28C /* EnNavigationRequests.swift in Headers */,
				2402A5C9D58A433191C62375 /* ErnRoute.swift in Headers */,
				45EE6FFEC039456D8FB608A4 /* NavigationBar.swift in Headers */,
				F772B01C73944C40A9B2AA85 /* NavigationBarButton.swift in Headers */,
			);
			runOnlyForDeploymentPostprocessing = 0;
		};
/* End PBXHeadersBuildPhase section */

/* Begin PBXNativeTarget section */
		485009E21E2FF23B009B6610 /* ElectrodeApiImpl */ = {
			isa = PBXNativeTarget;
			buildConfigurationList = 485009F71E2FF23C009B6610 /* Build configuration list for PBXNativeTarget "ElectrodeApiImpl" */;
			buildPhases = (
				485009DE1E2FF23B009B6610 /* Sources */,
				485009DF1E2FF23B009B6610 /* Frameworks */,
				485009E01E2FF23B009B6610 /* Headers */,
				485009E11E2FF23B009B6610 /* Resources */,
			);
			buildRules = (
			);
			dependencies = (
				40DE77E63418477FAA062742 /* PBXTargetDependency */,
				29F2662A59E84F5DBA4A09ED /* PBXTargetDependency */,
				81FC94A16F9C463E9A285A9D /* PBXTargetDependency */,
				926AFCEB434443F4B76D407A /* PBXTargetDependency */,
				322D93C1CA3B4FF78EEF0DC0 /* PBXTargetDependency */,
				263932A0D4C84C45AF7C5B80 /* PBXTargetDependency */,
				E08FCDFB372A413BA30B944B /* PBXTargetDependency */,
				C81982FA4E9943D986A9EFFD /* PBXTargetDependency */,
				CDED9D3BF5E0489BACF45186 /* PBXTargetDependency */,
				92B557688795447095061707 /* PBXTargetDependency */,
				956012A7998E4F379EE4501B /* PBXTargetDependency */,
				0BC1047E9F594A298339A317 /* PBXTargetDependency */,
				9C5535AA1F8148F7A9762429 /* PBXTargetDependency */,
			);
			name = ElectrodeApiImpl;
			productName = ElectrodeApiImpl;
			productReference = 485009E31E2FF23B009B6610 /* ElectrodeApiImpl.framework */;
			productType = "com.apple.product-type.framework";
		};
		485009EB1E2FF23C009B6610 /* ElectrodeApiImplTests */ = {
			isa = PBXNativeTarget;
			buildConfigurationList = 485009FA1E2FF23C009B6610 /* Build configuration list for PBXNativeTarget "ElectrodeApiImplTests" */;
			buildPhases = (
				485009E81E2FF23C009B6610 /* Sources */,
				485009E91E2FF23C009B6610 /* Frameworks */,
				485009EA1E2FF23C009B6610 /* Resources */,
			);
			buildRules = (
			);
			dependencies = (
				485009EF1E2FF23C009B6610 /* PBXTargetDependency */,
			);
			name = ElectrodeApiImplTests;
			productName = ElectrodeApiImplTests;
			productReference = 485009EC1E2FF23C009B6610 /* ElectrodeApiImplTests.xctest */;
			productType = "com.apple.product-type.bundle.unit-test";
		};
/* End PBXNativeTarget section */

/* Begin PBXProject section */
		485009DA1E2FF23B009B6610 /* Project object */ = {
			isa = PBXProject;
			attributes = {
				LastUpgradeCheck = 820;
				ORGANIZATIONNAME = Walmart;
				TargetAttributes = {
					485009E21E2FF23B009B6610 = {
						CreatedOnToolsVersion = 8.2.1;
						ProvisioningStyle = Automatic;
					};
					485009EB1E2FF23C009B6610 = {
						CreatedOnToolsVersion = 8.2.1;
						DevelopmentTeam = DXZ5VF8836;
						ProvisioningStyle = Automatic;
					};
				};
			};
			buildConfigurationList = 485009DD1E2FF23B009B6610 /* Build configuration list for PBXProject "ElectrodeApiImpl" */;
			compatibilityVersion = "Xcode 3.2";
			developmentRegion = English;
			hasScannedForEncodings = 0;
			knownRegions = (
				en,
			);
			mainGroup = 485009D91E2FF23B009B6610;
			productRefGroup = 485009E41E2FF23B009B6610 /* Products */;
			projectDirPath = "";
			projectRoot = "";
			targets = (
				485009E21E2FF23B009B6610 /* ElectrodeApiImpl */,
				485009EB1E2FF23C009B6610 /* ElectrodeApiImplTests */,
			);
			projectReferences = (
				{
					ProjectRef = D6DFD4C4C1BE43EF91BE2794 /* React.xcodeproj */;
					ProductGroup = F374D3FF777C48CB92F2C588 /* Products */;
				},
				{
					ProjectRef = E76F105E0F364ADAB1289B81 /* RCTActionSheet.xcodeproj */;
					ProductGroup = AD9083BDCD0046AE931866D5 /* Products */;
				},
				{
					ProjectRef = 4B398C5EBF134C42BD6D4464 /* RCTImage.xcodeproj */;
					ProductGroup = F6618ACB5B534CA5B6EB7E69 /* Products */;
				},
				{
					ProjectRef = 1A3463155D32491FBB2D2368 /* RCTAnimation.xcodeproj */;
					ProductGroup = B9DC5B9E7EEE49AEA4A6C5CE /* Products */;
				},
				{
					ProjectRef = 4DB123D304664570804D4BB0 /* RCTText.xcodeproj */;
					ProductGroup = 82043B72C6184A279FD3F255 /* Products */;
				},
				{
					ProjectRef = A45F7FD967BA467888224381 /* RCTWebSocket.xcodeproj */;
					ProductGroup = E8A805972E6E4795BA3B5863 /* Products */;
				},
				{
					ProjectRef = 5800753F8F334933A745F4E7 /* RCTGeolocation.xcodeproj */;
					ProductGroup = 8A9E07C646C343DCAB6DA2AC /* Products */;
				},
				{
					ProjectRef = 64B8E0F266164E01B749365A /* RCTLinking.xcodeproj */;
					ProductGroup = E049A00B6CA04C2781957777 /* Products */;
				},
				{
					ProjectRef = 9FA6A419CAE24164B6A95DBF /* RCTNetwork.xcodeproj */;
					ProductGroup = 6F99A2C5597E49B3867CC865 /* Products */;
				},
				{
					ProjectRef = A8AF839BB9BE4C2895FF160C /* RCTSettings.xcodeproj */;
					ProductGroup = 7FB527DE09C54F19B300ABAD /* Products */;
				},
				{
					ProjectRef = B73341D42A7D479C821332C6 /* RCTVibration.xcodeproj */;
					ProductGroup = E60BA55F12D04FB9B305B23C /* Products */;
				},
				{
					ProjectRef = 8846461107FE425EAA991D82 /* RCTCameraRoll.xcodeproj */;
					ProductGroup = 921E1710F09F4391858990C3 /* Products */;
				},
				{
					ProjectRef = 557EC41769974758BBF159F1 /* ART.xcodeproj */;
					ProductGroup = 58E6BD4A628D48A9B6ADA90A /* Products */;
				},
			);
		};
/* End PBXProject section */

/* Begin PBXReferenceProxy section */
		DDF77449FB9E47208DD4D5E1 /* libReact.a */ = {
			isa = PBXReferenceProxy;
			fileType = archive.ar;
			path = libReact.a;
			remoteRef = F42B2824A6894382A0706C86 /* PBXContainerItemProxy */;
			sourceTree = BUILT_PRODUCTS_DIR;
		};
		F3E874E126B2460EA7CEF283 /* libRCTActionSheet.a */ = {
			isa = PBXReferenceProxy;
			fileType = archive.ar;
			path = libRCTActionSheet.a;
			remoteRef = 16612BEBEFAD4964BF149D1C /* PBXContainerItemProxy */;
			sourceTree = BUILT_PRODUCTS_DIR;
		};
		A001387F2E5C4F87844F2656 /* libRCTImage.a */ = {
			isa = PBXReferenceProxy;
			fileType = archive.ar;
			path = libRCTImage.a;
			remoteRef = 211DADD5A7034F46B2AEBD4F /* PBXContainerItemProxy */;
			sourceTree = BUILT_PRODUCTS_DIR;
		};
		1AF7988E2ED041EBA836FF71 /* libRCTAnimation.a */ = {
			isa = PBXReferenceProxy;
			fileType = archive.ar;
			path = libRCTAnimation.a;
			remoteRef = 22FC1C0BABEE43B7AC6CA322 /* PBXContainerItemProxy */;
			sourceTree = BUILT_PRODUCTS_DIR;
		};
		97E645886E1441EF98AFE2EB /* libRCTText.a */ = {
			isa = PBXReferenceProxy;
			fileType = archive.ar;
			path = libRCTText.a;
			remoteRef = 608D34BB99264191ACDA99B6 /* PBXContainerItemProxy */;
			sourceTree = BUILT_PRODUCTS_DIR;
		};
		CCFD9D6DCE5D4CECBB7931A6 /* libRCTWebSocket.a */ = {
			isa = PBXReferenceProxy;
			fileType = archive.ar;
			path = libRCTWebSocket.a;
			remoteRef = 274C0A11DCBE48E3B61DD839 /* PBXContainerItemProxy */;
			sourceTree = BUILT_PRODUCTS_DIR;
		};
		B3A4324E42B74D7299394A60 /* libRCTGeolocation.a */ = {
			isa = PBXReferenceProxy;
			fileType = archive.ar;
			path = libRCTGeolocation.a;
			remoteRef = 11A5163B47FC403CAFFF3AE5 /* PBXContainerItemProxy */;
			sourceTree = BUILT_PRODUCTS_DIR;
		};
		403C6791A45D4A62849CFD63 /* libRCTLinking.a */ = {
			isa = PBXReferenceProxy;
			fileType = archive.ar;
			path = libRCTLinking.a;
			remoteRef = 80AFD372C02647C1A87550BA /* PBXContainerItemProxy */;
			sourceTree = BUILT_PRODUCTS_DIR;
		};
		1E28BE6655524F9DB4D3A2A6 /* libRCTNetwork.a */ = {
			isa = PBXReferenceProxy;
			fileType = archive.ar;
			path = libRCTNetwork.a;
			remoteRef = F749EF1BAF19476DB6A6EFBC /* PBXContainerItemProxy */;
			sourceTree = BUILT_PRODUCTS_DIR;
		};
		2DBC04D0AF2B44B395C5694D /* libRCTSettings.a */ = {
			isa = PBXReferenceProxy;
			fileType = archive.ar;
			path = libRCTSettings.a;
			remoteRef = 8216BF6882314224807EEDAF /* PBXContainerItemProxy */;
			sourceTree = BUILT_PRODUCTS_DIR;
		};
		24345EA1CF9C4208B877F68C /* libRCTVibration.a */ = {
			isa = PBXReferenceProxy;
			fileType = archive.ar;
			path = libRCTVibration.a;
			remoteRef = FF12947A9AD740ED8CD35568 /* PBXContainerItemProxy */;
			sourceTree = BUILT_PRODUCTS_DIR;
		};
		9A6363F7D7314F089C23F19E /* libRCTCameraRoll.a */ = {
			isa = PBXReferenceProxy;
			fileType = archive.ar;
			path = libRCTCameraRoll.a;
			remoteRef = F236AF40C1FE4936BFABE8A1 /* PBXContainerItemProxy */;
			sourceTree = BUILT_PRODUCTS_DIR;
		};
		C03B177714D44DB194969F68 /* libART.a */ = {
			isa = PBXReferenceProxy;
			fileType = archive.ar;
			path = libART.a;
			remoteRef = F7ADFD410206496BB28E0282 /* PBXContainerItemProxy */;
			sourceTree = BUILT_PRODUCTS_DIR;
		};
/* End PBXReferenceProxy section */

/* Begin PBXResourcesBuildPhase section */
		485009E11E2FF23B009B6610 /* Resources */ = {
			isa = PBXResourcesBuildPhase;
			buildActionMask = 2147483647;
			files = (
				2265A4A21EB26943007D6C3D /* Info.plist in Resources */,
			);
			runOnlyForDeploymentPostprocessing = 0;
		};
		485009EA1E2FF23C009B6610 /* Resources */ = {
			isa = PBXResourcesBuildPhase;
			buildActionMask = 2147483647;
			files = (
			);
			runOnlyForDeploymentPostprocessing = 0;
		};
/* End PBXResourcesBuildPhase section */

/* Begin PBXSourcesBuildPhase section */
		485009DE1E2FF23B009B6610 /* Sources */ = {
			isa = PBXSourcesBuildPhase;
			buildActionMask = 2147483647;
			files = (
				48500A991E2FF55B009B6610 /* ElectrodeReactNative.m in Sources */,
				968333D81E54E3470031C565 /* ElectrodeBridgeDelegate.m in Sources */,
				282B6DE7BA6F46BEAC077A3F /* ElectrodeObject.swift in Sources */,
				19D5B253E15845F0A6E5C488 /* Bridgeable.swift in Sources */,
				DE003AAB53EF4D17A484F758 /* ElectrodeRequestHandlerProcessor.swift in Sources */,
				176E96F1646E48C39B1F88E8 /* ElectrodeRequestProcessor.swift in Sources */,
				04DC8CB9932B4BA19315174E /* ElectrodeUtilities.swift in Sources */,
				73E0ECE294984EB4AEA54BE6 /* EventListenerProcessor.swift in Sources */,
				942016D7779F4C89A4322981 /* EventProcessor.swift in Sources */,
				49398F13519C493BAB5B79AF /* Processor.swift in Sources */,
				82CBA81827F6428C840A8210 /* None.swift in Sources */,
				96984CA17C8F4B5B962D5E78 /* ElectrodeBridgeEvent.m in Sources */,
				A19374775C014A0F8683C6CA /* ElectrodeBridgeFailureMessage.m in Sources */,
				BF52814728494B9E98C29C91 /* ElectrodeBridgeHolder.m in Sources */,
				9F4AC1E541174C50ADCEFCEB /* ElectrodeBridgeMessage.m in Sources */,
				0FB5E87D2DB147EBB7E0983E /* ElectrodeBridgeProtocols.m in Sources */,
				B2258421ED2444539E556FF0 /* ElectrodeBridgeRequest.m in Sources */,
				90B43D950CE4449F8D5EBCC0 /* ElectrodeBridgeResponse.m in Sources */,
				EBB0028E49894B3FB02477F5 /* ElectrodeBridgeTransaction.m in Sources */,
				ECDE16A287D54A1084F18C6D /* ElectrodeBridgeTransceiver.m in Sources */,
				9BFAAF0D806E4673A258C0B9 /* ElectrodeEventDispatcher.m in Sources */,
				2F9F84860374403FAA55B2B8 /* ElectrodeEventRegistrar.m in Sources */,
				FE12A775F7414BD89A4C7D6A /* ElectrodeRequestDispatcher.m in Sources */,
				DAE29EB0AD5741A3A792C070 /* ElectrodeRequestRegistrar.m in Sources */,
				83F82BD6AE7A4F00A4B81174 /* ElectrodeLogger.m in Sources */,
				4B1373DBF0754021B0AC2EBF /* EnNavigationAPI.swift in Sources */,
				3FCAA3A9AF1C472FBAE80E12 /* EnNavigationEvents.swift in Sources */,
				1C4FA7F05F2C4A3B906D0C18 /* EnNavigationRequests.swift in Sources */,
				A0C79EEFD18C4F4A8B10B15D /* ErnRoute.swift in Sources */,
				F6F4AE66C6434F38A14186A5 /* NavigationBar.swift in Sources */,
				EF9CA10D4BF84B9AB46ADC28 /* NavigationBarButton.swift in Sources */,
				1A4E09BFED0644DAA0BE7C64 /* RequestHandlerConfig.swift in Sources */,
				6D10D5630CE745A19EF4003B /* RequestHandlerProvider.swift in Sources */,
				EEB16C45456548D38737A487 /* EnNavigationApiController.swift in Sources */,
				67F0ED6E9A604CDCAD6ED2C1 /* EnNavigationApiRequestHandlerDelegate.swift in Sources */,
			);
			runOnlyForDeploymentPostprocessing = 0;
		};
		485009E81E2FF23C009B6610 /* Sources */ = {
			isa = PBXSourcesBuildPhase;
			buildActionMask = 2147483647;
			files = (
				485009F21E2FF23C009B6610 /* ElectrodeApiImplTests.m in Sources */,
				30B77DD61E66518E00EF3A78 /* ElectrodeBridgeDelegateTests.m in Sources */,
				30F8CDE41E677D7C00413247 /* ElectrodeReactNativeTests.m in Sources */,
			);
			runOnlyForDeploymentPostprocessing = 0;
		};
/* End PBXSourcesBuildPhase section */

/* Begin PBXTargetDependency section */
		485009EF1E2FF23C009B6610 /* PBXTargetDependency */ = {
			isa = PBXTargetDependency;
			target = 485009E21E2FF23B009B6610 /* ElectrodeApiImpl */;
			targetProxy = 485009EE1E2FF23C009B6610 /* PBXContainerItemProxy */;
		};
		40DE77E63418477FAA062742 /* PBXTargetDependency */ = {
			isa = PBXTargetDependency;
			name = React;
			targetProxy = 4C3FCF88B0634F4F9E6A22E3 /* PBXContainerItemProxy */;
		};
		29F2662A59E84F5DBA4A09ED /* PBXTargetDependency */ = {
			isa = PBXTargetDependency;
			name = RCTActionSheet;
			targetProxy = C3309B10D67F4E63BCB51C53 /* PBXContainerItemProxy */;
		};
		81FC94A16F9C463E9A285A9D /* PBXTargetDependency */ = {
			isa = PBXTargetDependency;
			name = RCTImage;
			targetProxy = C160CD2D8F704A40AC267BE1 /* PBXContainerItemProxy */;
		};
		926AFCEB434443F4B76D407A /* PBXTargetDependency */ = {
			isa = PBXTargetDependency;
			name = RCTAnimation;
			targetProxy = 959838D6640A4C2CA57AA0CA /* PBXContainerItemProxy */;
		};
		322D93C1CA3B4FF78EEF0DC0 /* PBXTargetDependency */ = {
			isa = PBXTargetDependency;
			name = RCTText;
			targetProxy = E4478DA1FFBA4FBEA791E512 /* PBXContainerItemProxy */;
		};
		263932A0D4C84C45AF7C5B80 /* PBXTargetDependency */ = {
			isa = PBXTargetDependency;
			name = RCTWebSocket;
			targetProxy = 637BA2D783F047FC89892284 /* PBXContainerItemProxy */;
		};
		E08FCDFB372A413BA30B944B /* PBXTargetDependency */ = {
			isa = PBXTargetDependency;
			name = RCTGeolocation;
			targetProxy = 15628E64F0E64B6CB4E5E9E6 /* PBXContainerItemProxy */;
		};
		C81982FA4E9943D986A9EFFD /* PBXTargetDependency */ = {
			isa = PBXTargetDependency;
			name = RCTLinking;
			targetProxy = 298EC61486DF48888DF12D10 /* PBXContainerItemProxy */;
		};
		CDED9D3BF5E0489BACF45186 /* PBXTargetDependency */ = {
			isa = PBXTargetDependency;
			name = RCTNetwork;
			targetProxy = 171F758740254DA08606BE15 /* PBXContainerItemProxy */;
		};
		92B557688795447095061707 /* PBXTargetDependency */ = {
			isa = PBXTargetDependency;
			name = RCTSettings;
			targetProxy = 7642841F91CE4DA08CFA5FBF /* PBXContainerItemProxy */;
		};
		956012A7998E4F379EE4501B /* PBXTargetDependency */ = {
			isa = PBXTargetDependency;
			name = RCTVibration;
			targetProxy = 57DA716558A5450CB0C8E3D4 /* PBXContainerItemProxy */;
		};
		0BC1047E9F594A298339A317 /* PBXTargetDependency */ = {
			isa = PBXTargetDependency;
			name = RCTCameraRoll;
			targetProxy = 79443CBCA2EA4313962CAF3B /* PBXContainerItemProxy */;
		};
		9C5535AA1F8148F7A9762429 /* PBXTargetDependency */ = {
			isa = PBXTargetDependency;
			name = ART;
			targetProxy = 98132EE853BA466889CAFC92 /* PBXContainerItemProxy */;
		};
/* End PBXTargetDependency section */

/* Begin XCBuildConfiguration section */
		303268E41EA8139700A41A8F /* QADeployment */ = {
			isa = XCBuildConfiguration;
			buildSettings = {
				ALWAYS_SEARCH_USER_PATHS = NO;
				CLANG_ANALYZER_NONNULL = YES;
				CLANG_CXX_LANGUAGE_STANDARD = "gnu++0x";
				CLANG_CXX_LIBRARY = "libc++";
				CLANG_ENABLE_MODULES = YES;
				CLANG_ENABLE_OBJC_ARC = YES;
				CLANG_WARN_BOOL_CONVERSION = YES;
				CLANG_WARN_CONSTANT_CONVERSION = YES;
				CLANG_WARN_DIRECT_OBJC_ISA_USAGE = YES_ERROR;
				CLANG_WARN_DOCUMENTATION_COMMENTS = YES;
				CLANG_WARN_EMPTY_BODY = YES;
				CLANG_WARN_ENUM_CONVERSION = YES;
				CLANG_WARN_INFINITE_RECURSION = YES;
				CLANG_WARN_INT_CONVERSION = YES;
				CLANG_WARN_OBJC_ROOT_CLASS = YES_ERROR;
				CLANG_WARN_SUSPICIOUS_MOVE = YES;
				CLANG_WARN_UNREACHABLE_CODE = YES;
				CLANG_WARN__DUPLICATE_METHOD_MATCH = YES;
				"CODE_SIGN_IDENTITY[sdk=iphoneos*]" = "iPhone Developer";
				COPY_PHASE_STRIP = NO;
				CURRENT_PROJECT_VERSION = 1;
				DEBUG_INFORMATION_FORMAT = "dwarf-with-dsym";
				ENABLE_STRICT_OBJC_MSGSEND = YES;
				ENABLE_TESTABILITY = YES;
				GCC_C_LANGUAGE_STANDARD = gnu99;
				GCC_DYNAMIC_NO_PIC = NO;
				GCC_NO_COMMON_BLOCKS = YES;
				GCC_OPTIMIZATION_LEVEL = 0;
				GCC_PREPROCESSOR_DEFINITIONS = (
					"DEBUG=1",
					"$(inherited)",
				);
				GCC_WARN_64_TO_32_BIT_CONVERSION = YES;
				GCC_WARN_ABOUT_RETURN_TYPE = YES_ERROR;
				GCC_WARN_UNDECLARED_SELECTOR = YES;
				GCC_WARN_UNINITIALIZED_AUTOS = YES_AGGRESSIVE;
				GCC_WARN_UNUSED_FUNCTION = YES;
				GCC_WARN_UNUSED_VARIABLE = YES;
				IPHONEOS_DEPLOYMENT_TARGET = 9.0;
				MTL_ENABLE_DEBUG_INFO = YES;
				ONLY_ACTIVE_ARCH = YES;
				SDKROOT = iphoneos;
				TARGETED_DEVICE_FAMILY = "1,2";
				VERSIONING_SYSTEM = "apple-generic";
				VERSION_INFO_PREFIX = "";
			};
			name = QADeployment;
		};
		303268E51EA8139700A41A8F /* QADeployment */ = {
			isa = XCBuildConfiguration;
			buildSettings = {
				ALWAYS_EMBED_SWIFT_STANDARD_LIBRARIES = YES;
				CLANG_ENABLE_MODULES = YES;
				CLANG_WARN_DOCUMENTATION_COMMENTS = NO;
				CODE_SIGN_IDENTITY = "";
				DEFINES_MODULE = YES;
				DYLIB_COMPATIBILITY_VERSION = 1;
				DYLIB_CURRENT_VERSION = 1;
				DYLIB_INSTALL_NAME_BASE = "@rpath";
				ENABLE_BITCODE = NO;
				ENABLE_ON_DEMAND_RESOURCES = NO;
				ENABLE_TESTABILITY = YES;
				FRAMEWORK_SEARCH_PATHS = "";
				HEADER_SEARCH_PATHS = (
					"$(inherited)/**",
					"$(SRCROOT)/ElectrodeApiImpl/Libraries/ReactNative/**",
					"$(SRCROOT)/ElectrodeApiImpl/Libraries/CodePush/**",
				);
				INFOPLIST_FILE = ElectrodeApiImpl/Info.plist;
				INSTALL_PATH = "$(LOCAL_LIBRARY_DIR)/Frameworks";
				LD_RUNPATH_SEARCH_PATHS = "$(inherited) @executable_path/Frameworks @loader_path/Frameworks";
				LIBRARY_SEARCH_PATHS = (
					"$(inherited)",
					"$(SRCROOT)/ElectrodeApiImpl/Libraries/ReactNative/**",
					"$(SRCROOT)/ElectrodeApiImpl/Libraries/CodePush/**",
				);
				ONLY_ACTIVE_ARCH = NO;
				OTHER_LDFLAGS = (
					"-ObjC",
					"-lc++",
					"-lz",
				);
				PRODUCT_BUNDLE_IDENTIFIER = com.walmartlabs.ern.ElectrodeApiImpl;
				PRODUCT_NAME = "$(TARGET_NAME)";
				SKIP_INSTALL = YES;
				STRIP_STYLE = debugging;
				SWIFT_ACTIVE_COMPILATION_CONDITIONS = DEBUG;
				SWIFT_OPTIMIZATION_LEVEL = "-Owholemodule";
				SWIFT_VERSION = 3.0;
			};
			name = QADeployment;
		};
		303268E61EA8139700A41A8F /* QADeployment */ = {
			isa = XCBuildConfiguration;
			buildSettings = {
				HEADER_SEARCH_PATHS = (
					"$(inherited)",
					"$(SRCROOT)/ElectrodeApiImpl/Libraries/CodePush/**",
				);
				INFOPLIST_FILE = ElectrodeApiImplTests/Info.plist;
				LD_RUNPATH_SEARCH_PATHS = "$(inherited) @executable_path/Frameworks @loader_path/Frameworks";
				LIBRARY_SEARCH_PATHS = (
					"$(inherited)",
					"$(SRCROOT)/ElectrodeApiImpl/Libraries/ReactNative/**",
					"$(SRCROOT)/ElectrodeApiImpl/Libraries/CodePush/**",
				);
				PRODUCT_BUNDLE_IDENTIFIER = com.walmartlabs.ern.ElectrodeApiImplTests;
				PRODUCT_NAME = "$(TARGET_NAME)";
				TEST_HOST = "";
			};
			name = QADeployment;
		};
		485009F51E2FF23C009B6610 /* Debug */ = {
			isa = XCBuildConfiguration;
			buildSettings = {
				ALWAYS_SEARCH_USER_PATHS = NO;
				CLANG_ANALYZER_NONNULL = YES;
				CLANG_CXX_LANGUAGE_STANDARD = "gnu++0x";
				CLANG_CXX_LIBRARY = "libc++";
				CLANG_ENABLE_MODULES = YES;
				CLANG_ENABLE_OBJC_ARC = YES;
				CLANG_WARN_BOOL_CONVERSION = YES;
				CLANG_WARN_CONSTANT_CONVERSION = YES;
				CLANG_WARN_DIRECT_OBJC_ISA_USAGE = YES_ERROR;
				CLANG_WARN_DOCUMENTATION_COMMENTS = YES;
				CLANG_WARN_EMPTY_BODY = YES;
				CLANG_WARN_ENUM_CONVERSION = YES;
				CLANG_WARN_INFINITE_RECURSION = YES;
				CLANG_WARN_INT_CONVERSION = YES;
				CLANG_WARN_OBJC_ROOT_CLASS = YES_ERROR;
				CLANG_WARN_SUSPICIOUS_MOVE = YES;
				CLANG_WARN_UNREACHABLE_CODE = YES;
				CLANG_WARN__DUPLICATE_METHOD_MATCH = YES;
				"CODE_SIGN_IDENTITY[sdk=iphoneos*]" = "iPhone Developer";
				COPY_PHASE_STRIP = NO;
				CURRENT_PROJECT_VERSION = 1;
				DEBUG_INFORMATION_FORMAT = dwarf;
				ENABLE_STRICT_OBJC_MSGSEND = YES;
				ENABLE_TESTABILITY = YES;
				GCC_C_LANGUAGE_STANDARD = gnu99;
				GCC_DYNAMIC_NO_PIC = NO;
				GCC_NO_COMMON_BLOCKS = YES;
				GCC_OPTIMIZATION_LEVEL = 0;
				GCC_PREPROCESSOR_DEFINITIONS = (
					"DEBUG=1",
					"$(inherited)",
				);
				GCC_WARN_64_TO_32_BIT_CONVERSION = YES;
				GCC_WARN_ABOUT_RETURN_TYPE = YES_ERROR;
				GCC_WARN_UNDECLARED_SELECTOR = YES;
				GCC_WARN_UNINITIALIZED_AUTOS = YES_AGGRESSIVE;
				GCC_WARN_UNUSED_FUNCTION = YES;
				GCC_WARN_UNUSED_VARIABLE = YES;
				IPHONEOS_DEPLOYMENT_TARGET = 9.0;
				MTL_ENABLE_DEBUG_INFO = YES;
				ONLY_ACTIVE_ARCH = YES;
				SDKROOT = iphoneos;
				TARGETED_DEVICE_FAMILY = "1,2";
				VERSIONING_SYSTEM = "apple-generic";
				VERSION_INFO_PREFIX = "";
			};
			name = Debug;
		};
		485009F61E2FF23C009B6610 /* Release */ = {
			isa = XCBuildConfiguration;
			buildSettings = {
				ALWAYS_SEARCH_USER_PATHS = NO;
				CLANG_ANALYZER_NONNULL = YES;
				CLANG_CXX_LANGUAGE_STANDARD = "gnu++0x";
				CLANG_CXX_LIBRARY = "libc++";
				CLANG_ENABLE_MODULES = YES;
				CLANG_ENABLE_OBJC_ARC = YES;
				CLANG_WARN_BOOL_CONVERSION = YES;
				CLANG_WARN_CONSTANT_CONVERSION = YES;
				CLANG_WARN_DIRECT_OBJC_ISA_USAGE = YES_ERROR;
				CLANG_WARN_DOCUMENTATION_COMMENTS = YES;
				CLANG_WARN_EMPTY_BODY = YES;
				CLANG_WARN_ENUM_CONVERSION = YES;
				CLANG_WARN_INFINITE_RECURSION = YES;
				CLANG_WARN_INT_CONVERSION = YES;
				CLANG_WARN_OBJC_ROOT_CLASS = YES_ERROR;
				CLANG_WARN_SUSPICIOUS_MOVE = YES;
				CLANG_WARN_UNREACHABLE_CODE = YES;
				CLANG_WARN__DUPLICATE_METHOD_MATCH = YES;
				"CODE_SIGN_IDENTITY[sdk=iphoneos*]" = "iPhone Developer";
				COPY_PHASE_STRIP = NO;
				CURRENT_PROJECT_VERSION = 1;
				DEBUG_INFORMATION_FORMAT = "dwarf-with-dsym";
				ENABLE_NS_ASSERTIONS = NO;
				ENABLE_STRICT_OBJC_MSGSEND = YES;
				GCC_C_LANGUAGE_STANDARD = gnu99;
				GCC_NO_COMMON_BLOCKS = YES;
				GCC_WARN_64_TO_32_BIT_CONVERSION = YES;
				GCC_WARN_ABOUT_RETURN_TYPE = YES_ERROR;
				GCC_WARN_UNDECLARED_SELECTOR = YES;
				GCC_WARN_UNINITIALIZED_AUTOS = YES_AGGRESSIVE;
				GCC_WARN_UNUSED_FUNCTION = YES;
				GCC_WARN_UNUSED_VARIABLE = YES;
				IPHONEOS_DEPLOYMENT_TARGET = 9.0;
				MTL_ENABLE_DEBUG_INFO = NO;
				SDKROOT = iphoneos;
				TARGETED_DEVICE_FAMILY = "1,2";
				VALIDATE_PRODUCT = YES;
				VERSIONING_SYSTEM = "apple-generic";
				VERSION_INFO_PREFIX = "";
			};
			name = Release;
		};
		485009F81E2FF23C009B6610 /* Debug */ = {
			isa = XCBuildConfiguration;
			buildSettings = {
				ALWAYS_EMBED_SWIFT_STANDARD_LIBRARIES = YES;
				CLANG_ENABLE_MODULES = YES;
				CLANG_WARN_DOCUMENTATION_COMMENTS = NO;
				CODE_SIGN_IDENTITY = "";
				DEFINES_MODULE = YES;
				DYLIB_COMPATIBILITY_VERSION = 1;
				DYLIB_CURRENT_VERSION = 1;
				DYLIB_INSTALL_NAME_BASE = "@rpath";
				ENABLE_BITCODE = NO;
				FRAMEWORK_SEARCH_PATHS = "";
				HEADER_SEARCH_PATHS = (
					"$(inherited)",
					"$(SRCROOT)/ElectrodeApiImpl/Libraries/ReactNative/**",
				);
				INFOPLIST_FILE = ElectrodeApiImpl/Info.plist;
				INSTALL_PATH = "$(LOCAL_LIBRARY_DIR)/Frameworks";
				IPHONEOS_DEPLOYMENT_TARGET = 9.0;
				LD_RUNPATH_SEARCH_PATHS = "$(inherited) @executable_path/Frameworks @loader_path/Frameworks";
				LIBRARY_SEARCH_PATHS = (
					"$(inherited)",
					"$(SRCROOT)/ElectrodeApiImpl/Libraries/ReactNative/**",
					"$(SRCROOT)/ElectrodeApiImpl/Libraries/CodePush/**",
				);
				OTHER_LDFLAGS = (
					"-ObjC",
					"-lc++",
					"-lz",
				);
				PRODUCT_BUNDLE_IDENTIFIER = com.walmartlabs.ern.ElectrodeApiImpl;
				PRODUCT_NAME = "$(TARGET_NAME)";
				SKIP_INSTALL = YES;
				SWIFT_ACTIVE_COMPILATION_CONDITIONS = DEBUG;
				SWIFT_OPTIMIZATION_LEVEL = "-Onone";
				SWIFT_VERSION = 3.0;
			};
			name = Debug;
		};
		485009F91E2FF23C009B6610 /* Release */ = {
			isa = XCBuildConfiguration;
			buildSettings = {
				CODE_SIGN_IDENTITY = "";
				DEFINES_MODULE = YES;
				DYLIB_COMPATIBILITY_VERSION = 1;
				DYLIB_CURRENT_VERSION = 1;
				DYLIB_INSTALL_NAME_BASE = "@rpath";
				ENABLE_BITCODE = NO;
				FRAMEWORK_SEARCH_PATHS = "";
				HEADER_SEARCH_PATHS = (
					"$(inherited)",
					"$(SRCROOT)/ElectrodeApiImpl/Libraries/ReactNative/**",
					"$(SRCROOT)/ElectrodeApiImpl/Libraries/CodePush/**",
				);
				INFOPLIST_FILE = ElectrodeApiImpl/Info.plist;
				INSTALL_PATH = "$(LOCAL_LIBRARY_DIR)/Frameworks";
				IPHONEOS_DEPLOYMENT_TARGET = 9.0;
				LD_RUNPATH_SEARCH_PATHS = "$(inherited) @executable_path/Frameworks @loader_path/Frameworks";
				LIBRARY_SEARCH_PATHS = (
					"$(inherited)",
					"$(SRCROOT)/ElectrodeApiImpl/Libraries/ReactNative/**",
					"$(SRCROOT)/ElectrodeApiImpl/Libraries/CodePush/**",
				);
				OTHER_LDFLAGS = (
					"-ObjC",
					"-lc++",
					"-lz",
				);
				PRODUCT_BUNDLE_IDENTIFIER = com.walmartlabs.ern.ElectrodeApiImpl;
				PRODUCT_NAME = "$(TARGET_NAME)";
				SKIP_INSTALL = YES;
				SWIFT_VERSION = 3.0;
			};
			name = Release;
		};
		485009FB1E2FF23C009B6610 /* Debug */ = {
			isa = XCBuildConfiguration;
			buildSettings = {
				INFOPLIST_FILE = ElectrodeApiImplTests/Info.plist;
				LD_RUNPATH_SEARCH_PATHS = "$(inherited) @executable_path/Frameworks @loader_path/Frameworks";
				LIBRARY_SEARCH_PATHS = (
					"$(inherited)",
					"$(SRCROOT)/ElectrodeApiImpl/Libraries/ReactNative/**",
					"$(SRCROOT)/ElectrodeApiImpl/Libraries/CodePush/**",
				);
				PRODUCT_BUNDLE_IDENTIFIER = com.walmartlabs.ern.ElectrodeApiImplTests;
				PRODUCT_NAME = "$(TARGET_NAME)";
				TEST_HOST = "";
			};
			name = Debug;
		};
		485009FC1E2FF23C009B6610 /* Release */ = {
			isa = XCBuildConfiguration;
			buildSettings = {
				DEVELOPMENT_TEAM = DXZ5VF8836;
				HEADER_SEARCH_PATHS = (
					"$(inherited)",
					"\"$(SRCROOT)/ElectrodeApiImpl/Libraries/CodePush\"",
				);
				INFOPLIST_FILE = ElectrodeApiImplTests/Info.plist;
				LD_RUNPATH_SEARCH_PATHS = "$(inherited) @executable_path/Frameworks @loader_path/Frameworks";
				LIBRARY_SEARCH_PATHS = (
					"$(inherited)",
					"$(SRCROOT)/ElectrodeApiImpl/Libraries/ReactNative/**",
					"$(SRCROOT)/ElectrodeApiImpl/Libraries/CodePush/**",
				);
				PRODUCT_BUNDLE_IDENTIFIER = com.walmartlabs.ern.ElectrodeApiImplTests;
				PRODUCT_NAME = "$(TARGET_NAME)";
				TEST_HOST = "";
			};
			name = Release;
		};
/* End XCBuildConfiguration section */

/* Begin XCConfigurationList section */
		485009DD1E2FF23B009B6610 /* Build configuration list for PBXProject "ElectrodeApiImpl" */ = {
			isa = XCConfigurationList;
			buildConfigurations = (
				485009F51E2FF23C009B6610 /* Debug */,
				303268E41EA8139700A41A8F /* QADeployment */,
				485009F61E2FF23C009B6610 /* Release */,
			);
			defaultConfigurationIsVisible = 0;
			defaultConfigurationName = Release;
		};
		485009F71E2FF23C009B6610 /* Build configuration list for PBXNativeTarget "ElectrodeApiImpl" */ = {
			isa = XCConfigurationList;
			buildConfigurations = (
				485009F81E2FF23C009B6610 /* Debug */,
				303268E51EA8139700A41A8F /* QADeployment */,
				485009F91E2FF23C009B6610 /* Release */,
			);
			defaultConfigurationIsVisible = 0;
			defaultConfigurationName = Release;
		};
		485009FA1E2FF23C009B6610 /* Build configuration list for PBXNativeTarget "ElectrodeApiImplTests" */ = {
			isa = XCConfigurationList;
			buildConfigurations = (
				485009FB1E2FF23C009B6610 /* Debug */,
				303268E61EA8139700A41A8F /* QADeployment */,
				485009FC1E2FF23C009B6610 /* Release */,
			);
			defaultConfigurationIsVisible = 0;
			defaultConfigurationName = Release;
		};
/* End XCConfigurationList section */
	};
	rootObject = 485009DA1E2FF23B009B6610 /* Project object */;
}
